// !$*UTF8*$!
{
	archiveVersion = 1;
	classes = {
	};
	objectVersion = 56;
	objects = {

/* Begin PBXBuildFile section */
		2A293C3F2B920B85001474AA /* Contig_WalkerApp.swift in Sources */ = {isa = PBXBuildFile; fileRef = 2A293C3E2B920B85001474AA /* Contig_WalkerApp.swift */; };
		2A293C412B920B85001474AA /* ContentView.swift in Sources */ = {isa = PBXBuildFile; fileRef = 2A293C402B920B85001474AA /* ContentView.swift */; };
		2A293C432B920B85001474AA /* Graph.swift in Sources */ = {isa = PBXBuildFile; fileRef = 2A293C422B920B85001474AA /* Graph.swift */; };
		2A293C452B920B86001474AA /* Assets.xcassets in Resources */ = {isa = PBXBuildFile; fileRef = 2A293C442B920B86001474AA /* Assets.xcassets */; };
		2A293C492B920B86001474AA /* Preview Assets.xcassets in Resources */ = {isa = PBXBuildFile; fileRef = 2A293C482B920B86001474AA /* Preview Assets.xcassets */; };
		2A293C532B920B86001474AA /* Contig_WalkerTests.swift in Sources */ = {isa = PBXBuildFile; fileRef = 2A293C522B920B86001474AA /* Contig_WalkerTests.swift */; };
		2A293C5D2B920B86001474AA /* Contig_WalkerUITests.swift in Sources */ = {isa = PBXBuildFile; fileRef = 2A293C5C2B920B86001474AA /* Contig_WalkerUITests.swift */; };
		2AE2D8302B920C190063DBF9 /* LICENSE in Resources */ = {isa = PBXBuildFile; fileRef = 2AE2D82E2B920C190063DBF9 /* LICENSE */; };
		2AE2D8312B920C190063DBF9 /* README.md in Resources */ = {isa = PBXBuildFile; fileRef = 2AE2D82F2B920C190063DBF9 /* README.md */; };
/* End PBXBuildFile section */

/* Begin PBXContainerItemProxy section */
		2A293C4F2B920B86001474AA /* PBXContainerItemProxy */ = {
			isa = PBXContainerItemProxy;
			containerPortal = 2A293C332B920B85001474AA /* Project object */;
			proxyType = 1;
			remoteGlobalIDString = 2A293C3A2B920B85001474AA;
			remoteInfo = "Contig Walker";
		};
		2A293C592B920B86001474AA /* PBXContainerItemProxy */ = {
			isa = PBXContainerItemProxy;
			containerPortal = 2A293C332B920B85001474AA /* Project object */;
			proxyType = 1;
			remoteGlobalIDString = 2A293C3A2B920B85001474AA;
			remoteInfo = "Contig Walker";
		};
/* End PBXContainerItemProxy section */

/* Begin PBXFileReference section */
		2A293C3B2B920B85001474AA /* Contig Walker.app */ = {isa = PBXFileReference; explicitFileType = wrapper.application; includeInIndex = 0; path = "Contig Walker.app"; sourceTree = BUILT_PRODUCTS_DIR; };
		2A293C3E2B920B85001474AA /* Contig_WalkerApp.swift */ = {isa = PBXFileReference; lastKnownFileType = sourcecode.swift; path = Contig_WalkerApp.swift; sourceTree = "<group>"; };
		2A293C402B920B85001474AA /* ContentView.swift */ = {isa = PBXFileReference; lastKnownFileType = sourcecode.swift; path = ContentView.swift; sourceTree = "<group>"; };
		2A293C422B920B85001474AA /* Graph.swift */ = {isa = PBXFileReference; lastKnownFileType = sourcecode.swift; path = Graph.swift; sourceTree = "<group>"; };
		2A293C442B920B86001474AA /* Assets.xcassets */ = {isa = PBXFileReference; lastKnownFileType = folder.assetcatalog; path = Assets.xcassets; sourceTree = "<group>"; };
		2A293C462B920B86001474AA /* Contig_Walker.entitlements */ = {isa = PBXFileReference; lastKnownFileType = text.plist.entitlements; path = Contig_Walker.entitlements; sourceTree = "<group>"; };
		2A293C482B920B86001474AA /* Preview Assets.xcassets */ = {isa = PBXFileReference; lastKnownFileType = folder.assetcatalog; path = "Preview Assets.xcassets"; sourceTree = "<group>"; };
		2A293C4E2B920B86001474AA /* Contig WalkerTests.xctest */ = {isa = PBXFileReference; explicitFileType = wrapper.cfbundle; includeInIndex = 0; path = "Contig WalkerTests.xctest"; sourceTree = BUILT_PRODUCTS_DIR; };
		2A293C522B920B86001474AA /* Contig_WalkerTests.swift */ = {isa = PBXFileReference; lastKnownFileType = sourcecode.swift; path = Contig_WalkerTests.swift; sourceTree = "<group>"; };
		2A293C582B920B86001474AA /* Contig WalkerUITests.xctest */ = {isa = PBXFileReference; explicitFileType = wrapper.cfbundle; includeInIndex = 0; path = "Contig WalkerUITests.xctest"; sourceTree = BUILT_PRODUCTS_DIR; };
		2A293C5C2B920B86001474AA /* Contig_WalkerUITests.swift */ = {isa = PBXFileReference; lastKnownFileType = sourcecode.swift; path = Contig_WalkerUITests.swift; sourceTree = "<group>"; };
		2AE2D82E2B920C190063DBF9 /* LICENSE */ = {isa = PBXFileReference; fileEncoding = 4; lastKnownFileType = text; path = LICENSE; sourceTree = "<group>"; };
		2AE2D82F2B920C190063DBF9 /* README.md */ = {isa = PBXFileReference; fileEncoding = 4; lastKnownFileType = net.daringfireball.markdown; path = README.md; sourceTree = "<group>"; };
/* End PBXFileReference section */

/* Begin PBXFrameworksBuildPhase section */
		2A293C382B920B85001474AA /* Frameworks */ = {
			isa = PBXFrameworksBuildPhase;
			buildActionMask = 2147483647;
			files = (
			);
			runOnlyForDeploymentPostprocessing = 0;
		};
		2A293C4B2B920B86001474AA /* Frameworks */ = {
			isa = PBXFrameworksBuildPhase;
			buildActionMask = 2147483647;
			files = (
			);
			runOnlyForDeploymentPostprocessing = 0;
		};
		2A293C552B920B86001474AA /* Frameworks */ = {
			isa = PBXFrameworksBuildPhase;
			buildActionMask = 2147483647;
			files = (
			);
			runOnlyForDeploymentPostprocessing = 0;
		};
/* End PBXFrameworksBuildPhase section */

/* Begin PBXGroup section */
		2A293C322B920B85001474AA = {
			isa = PBXGroup;
			children = (
				2AE2D82E2B920C190063DBF9 /* LICENSE */,
				2AE2D82F2B920C190063DBF9 /* README.md */,
				2A293C3D2B920B85001474AA /* Contig Walker */,
				2A293C512B920B86001474AA /* Contig WalkerTests */,
				2A293C5B2B920B86001474AA /* Contig WalkerUITests */,
				2A293C3C2B920B85001474AA /* Products */,
			);
			sourceTree = "<group>";
		};
		2A293C3C2B920B85001474AA /* Products */ = {
			isa = PBXGroup;
			children = (
				2A293C3B2B920B85001474AA /* Contig Walker.app */,
				2A293C4E2B920B86001474AA /* Contig WalkerTests.xctest */,
				2A293C582B920B86001474AA /* Contig WalkerUITests.xctest */,
			);
			name = Products;
			sourceTree = "<group>";
		};
		2A293C3D2B920B85001474AA /* Contig Walker */ = {
			isa = PBXGroup;
			children = (
				2A293C3E2B920B85001474AA /* Contig_WalkerApp.swift */,
				2A293C402B920B85001474AA /* ContentView.swift */,
				2A293C422B920B85001474AA /* Graph.swift */,
				2A293C442B920B86001474AA /* Assets.xcassets */,
				2A293C462B920B86001474AA /* Contig_Walker.entitlements */,
				2A293C472B920B86001474AA /* Preview Content */,
			);
			path = "Contig Walker";
			sourceTree = "<group>";
		};
		2A293C472B920B86001474AA /* Preview Content */ = {
			isa = PBXGroup;
			children = (
				2A293C482B920B86001474AA /* Preview Assets.xcassets */,
			);
			path = "Preview Content";
			sourceTree = "<group>";
		};
		2A293C512B920B86001474AA /* Contig WalkerTests */ = {
			isa = PBXGroup;
			children = (
				2A293C522B920B86001474AA /* Contig_WalkerTests.swift */,
			);
			path = "Contig WalkerTests";
			sourceTree = "<group>";
		};
		2A293C5B2B920B86001474AA /* Contig WalkerUITests */ = {
			isa = PBXGroup;
			children = (
				2A293C5C2B920B86001474AA /* Contig_WalkerUITests.swift */,
			);
			path = "Contig WalkerUITests";
			sourceTree = "<group>";
		};
/* End PBXGroup section */

/* Begin PBXNativeTarget section */
		2A293C3A2B920B85001474AA /* Contig Walker */ = {
			isa = PBXNativeTarget;
			buildConfigurationList = 2A293C622B920B86001474AA /* Build configuration list for PBXNativeTarget "Contig Walker" */;
			buildPhases = (
				2A293C372B920B85001474AA /* Sources */,
				2A293C382B920B85001474AA /* Frameworks */,
				2A293C392B920B85001474AA /* Resources */,
			);
			buildRules = (
			);
			dependencies = (
			);
			name = "Contig Walker";
			productName = "Contig Walker";
			productReference = 2A293C3B2B920B85001474AA /* Contig Walker.app */;
			productType = "com.apple.product-type.application";
		};
		2A293C4D2B920B86001474AA /* Contig WalkerTests */ = {
			isa = PBXNativeTarget;
			buildConfigurationList = 2A293C652B920B86001474AA /* Build configuration list for PBXNativeTarget "Contig WalkerTests" */;
			buildPhases = (
				2A293C4A2B920B86001474AA /* Sources */,
				2A293C4B2B920B86001474AA /* Frameworks */,
				2A293C4C2B920B86001474AA /* Resources */,
			);
			buildRules = (
			);
			dependencies = (
				2A293C502B920B86001474AA /* PBXTargetDependency */,
			);
			name = "Contig WalkerTests";
			productName = "Contig WalkerTests";
			productReference = 2A293C4E2B920B86001474AA /* Contig WalkerTests.xctest */;
			productType = "com.apple.product-type.bundle.unit-test";
		};
		2A293C572B920B86001474AA /* Contig WalkerUITests */ = {
			isa = PBXNativeTarget;
			buildConfigurationList = 2A293C682B920B86001474AA /* Build configuration list for PBXNativeTarget "Contig WalkerUITests" */;
			buildPhases = (
				2A293C542B920B86001474AA /* Sources */,
				2A293C552B920B86001474AA /* Frameworks */,
				2A293C562B920B86001474AA /* Resources */,
			);
			buildRules = (
			);
			dependencies = (
				2A293C5A2B920B86001474AA /* PBXTargetDependency */,
			);
			name = "Contig WalkerUITests";
			productName = "Contig WalkerUITests";
			productReference = 2A293C582B920B86001474AA /* Contig WalkerUITests.xctest */;
			productType = "com.apple.product-type.bundle.ui-testing";
		};
/* End PBXNativeTarget section */

/* Begin PBXProject section */
		2A293C332B920B85001474AA /* Project object */ = {
			isa = PBXProject;
			attributes = {
				BuildIndependentTargetsInParallel = 1;
				LastSwiftUpdateCheck = 1520;
				LastUpgradeCheck = 1520;
				TargetAttributes = {
					2A293C3A2B920B85001474AA = {
						CreatedOnToolsVersion = 15.2;
					};
					2A293C4D2B920B86001474AA = {
						CreatedOnToolsVersion = 15.2;
						TestTargetID = 2A293C3A2B920B85001474AA;
					};
					2A293C572B920B86001474AA = {
						CreatedOnToolsVersion = 15.2;
						TestTargetID = 2A293C3A2B920B85001474AA;
					};
				};
			};
			buildConfigurationList = 2A293C362B920B85001474AA /* Build configuration list for PBXProject "Contig Walker" */;
			compatibilityVersion = "Xcode 14.0";
			developmentRegion = en;
			hasScannedForEncodings = 0;
			knownRegions = (
				en,
				Base,
			);
			mainGroup = 2A293C322B920B85001474AA;
			productRefGroup = 2A293C3C2B920B85001474AA /* Products */;
			projectDirPath = "";
			projectRoot = "";
			targets = (
				2A293C3A2B920B85001474AA /* Contig Walker */,
				2A293C4D2B920B86001474AA /* Contig WalkerTests */,
				2A293C572B920B86001474AA /* Contig WalkerUITests */,
			);
		};
/* End PBXProject section */

/* Begin PBXResourcesBuildPhase section */
		2A293C392B920B85001474AA /* Resources */ = {
			isa = PBXResourcesBuildPhase;
			buildActionMask = 2147483647;
			files = (
				2AE2D8302B920C190063DBF9 /* LICENSE in Resources */,
				2A293C492B920B86001474AA /* Preview Assets.xcassets in Resources */,
				2AE2D8312B920C190063DBF9 /* README.md in Resources */,
				2A293C452B920B86001474AA /* Assets.xcassets in Resources */,
			);
			runOnlyForDeploymentPostprocessing = 0;
		};
		2A293C4C2B920B86001474AA /* Resources */ = {
			isa = PBXResourcesBuildPhase;
			buildActionMask = 2147483647;
			files = (
			);
			runOnlyForDeploymentPostprocessing = 0;
		};
		2A293C562B920B86001474AA /* Resources */ = {
			isa = PBXResourcesBuildPhase;
			buildActionMask = 2147483647;
			files = (
			);
			runOnlyForDeploymentPostprocessing = 0;
		};
/* End PBXResourcesBuildPhase section */

/* Begin PBXSourcesBuildPhase section */
		2A293C372B920B85001474AA /* Sources */ = {
			isa = PBXSourcesBuildPhase;
			buildActionMask = 2147483647;
			files = (
				2A293C412B920B85001474AA /* ContentView.swift in Sources */,
				2A293C432B920B85001474AA /* Graph.swift in Sources */,
				2A293C3F2B920B85001474AA /* Contig_WalkerApp.swift in Sources */,
			);
			runOnlyForDeploymentPostprocessing = 0;
		};
		2A293C4A2B920B86001474AA /* Sources */ = {
			isa = PBXSourcesBuildPhase;
			buildActionMask = 2147483647;
			files = (
				2A293C532B920B86001474AA /* Contig_WalkerTests.swift in Sources */,
			);
			runOnlyForDeploymentPostprocessing = 0;
		};
		2A293C542B920B86001474AA /* Sources */ = {
			isa = PBXSourcesBuildPhase;
			buildActionMask = 2147483647;
			files = (
				2A293C5D2B920B86001474AA /* Contig_WalkerUITests.swift in Sources */,
			);
			runOnlyForDeploymentPostprocessing = 0;
		};
/* End PBXSourcesBuildPhase section */

/* Begin PBXTargetDependency section */
		2A293C502B920B86001474AA /* PBXTargetDependency */ = {
			isa = PBXTargetDependency;
			target = 2A293C3A2B920B85001474AA /* Contig Walker */;
			targetProxy = 2A293C4F2B920B86001474AA /* PBXContainerItemProxy */;
		};
		2A293C5A2B920B86001474AA /* PBXTargetDependency */ = {
			isa = PBXTargetDependency;
			target = 2A293C3A2B920B85001474AA /* Contig Walker */;
			targetProxy = 2A293C592B920B86001474AA /* PBXContainerItemProxy */;
		};
/* End PBXTargetDependency section */

/* Begin XCBuildConfiguration section */
		2A293C602B920B86001474AA /* Debug */ = {
			isa = XCBuildConfiguration;
			buildSettings = {
				ALWAYS_SEARCH_USER_PATHS = NO;
				ASSETCATALOG_COMPILER_GENERATE_SWIFT_ASSET_SYMBOL_EXTENSIONS = YES;
				CLANG_ANALYZER_NONNULL = YES;
				CLANG_ANALYZER_NUMBER_OBJECT_CONVERSION = YES_AGGRESSIVE;
				CLANG_CXX_LANGUAGE_STANDARD = "gnu++20";
				CLANG_ENABLE_MODULES = YES;
				CLANG_ENABLE_OBJC_ARC = YES;
				CLANG_ENABLE_OBJC_WEAK = YES;
				CLANG_WARN_BLOCK_CAPTURE_AUTORELEASING = YES;
				CLANG_WARN_BOOL_CONVERSION = YES;
				CLANG_WARN_COMMA = YES;
				CLANG_WARN_CONSTANT_CONVERSION = YES;
				CLANG_WARN_DEPRECATED_OBJC_IMPLEMENTATIONS = YES;
				CLANG_WARN_DIRECT_OBJC_ISA_USAGE = YES_ERROR;
				CLANG_WARN_DOCUMENTATION_COMMENTS = YES;
				CLANG_WARN_EMPTY_BODY = YES;
				CLANG_WARN_ENUM_CONVERSION = YES;
				CLANG_WARN_INFINITE_RECURSION = YES;
				CLANG_WARN_INT_CONVERSION = YES;
				CLANG_WARN_NON_LITERAL_NULL_CONVERSION = YES;
				CLANG_WARN_OBJC_IMPLICIT_RETAIN_SELF = YES;
				CLANG_WARN_OBJC_LITERAL_CONVERSION = YES;
				CLANG_WARN_OBJC_ROOT_CLASS = YES_ERROR;
				CLANG_WARN_QUOTED_INCLUDE_IN_FRAMEWORK_HEADER = YES;
				CLANG_WARN_RANGE_LOOP_ANALYSIS = YES;
				CLANG_WARN_STRICT_PROTOTYPES = YES;
				CLANG_WARN_SUSPICIOUS_MOVE = YES;
				CLANG_WARN_UNGUARDED_AVAILABILITY = YES_AGGRESSIVE;
				CLANG_WARN_UNREACHABLE_CODE = YES;
				CLANG_WARN__DUPLICATE_METHOD_MATCH = YES;
				COPY_PHASE_STRIP = NO;
				DEBUG_INFORMATION_FORMAT = dwarf;
				ENABLE_STRICT_OBJC_MSGSEND = YES;
				ENABLE_TESTABILITY = YES;
				ENABLE_USER_SCRIPT_SANDBOXING = YES;
				GCC_C_LANGUAGE_STANDARD = gnu17;
				GCC_DYNAMIC_NO_PIC = NO;
				GCC_NO_COMMON_BLOCKS = YES;
				GCC_OPTIMIZATION_LEVEL = 0;
				GCC_PREPROCESSOR_DEFINITIONS = (
					"DEBUG=1",
					"$(inherited)",
				);
				GCC_WARN_64_TO_32_BIT_CONVERSION = YES;
				GCC_WARN_ABOUT_RETURN_TYPE = YES_ERROR;
				GCC_WARN_UNDECLARED_SELECTOR = YES;
				GCC_WARN_UNINITIALIZED_AUTOS = YES_AGGRESSIVE;
				GCC_WARN_UNUSED_FUNCTION = YES;
				GCC_WARN_UNUSED_VARIABLE = YES;
				LOCALIZATION_PREFERS_STRING_CATALOGS = YES;
				MTL_ENABLE_DEBUG_INFO = INCLUDE_SOURCE;
				MTL_FAST_MATH = YES;
				ONLY_ACTIVE_ARCH = YES;
				SWIFT_ACTIVE_COMPILATION_CONDITIONS = "DEBUG $(inherited)";
				SWIFT_OPTIMIZATION_LEVEL = "-Onone";
			};
			name = Debug;
		};
		2A293C612B920B86001474AA /* Release */ = {
			isa = XCBuildConfiguration;
			buildSettings = {
				ALWAYS_SEARCH_USER_PATHS = NO;
				ASSETCATALOG_COMPILER_GENERATE_SWIFT_ASSET_SYMBOL_EXTENSIONS = YES;
				CLANG_ANALYZER_NONNULL = YES;
				CLANG_ANALYZER_NUMBER_OBJECT_CONVERSION = YES_AGGRESSIVE;
				CLANG_CXX_LANGUAGE_STANDARD = "gnu++20";
				CLANG_ENABLE_MODULES = YES;
				CLANG_ENABLE_OBJC_ARC = YES;
				CLANG_ENABLE_OBJC_WEAK = YES;
				CLANG_WARN_BLOCK_CAPTURE_AUTORELEASING = YES;
				CLANG_WARN_BOOL_CONVERSION = YES;
				CLANG_WARN_COMMA = YES;
				CLANG_WARN_CONSTANT_CONVERSION = YES;
				CLANG_WARN_DEPRECATED_OBJC_IMPLEMENTATIONS = YES;
				CLANG_WARN_DIRECT_OBJC_ISA_USAGE = YES_ERROR;
				CLANG_WARN_DOCUMENTATION_COMMENTS = YES;
				CLANG_WARN_EMPTY_BODY = YES;
				CLANG_WARN_ENUM_CONVERSION = YES;
				CLANG_WARN_INFINITE_RECURSION = YES;
				CLANG_WARN_INT_CONVERSION = YES;
				CLANG_WARN_NON_LITERAL_NULL_CONVERSION = YES;
				CLANG_WARN_OBJC_IMPLICIT_RETAIN_SELF = YES;
				CLANG_WARN_OBJC_LITERAL_CONVERSION = YES;
				CLANG_WARN_OBJC_ROOT_CLASS = YES_ERROR;
				CLANG_WARN_QUOTED_INCLUDE_IN_FRAMEWORK_HEADER = YES;
				CLANG_WARN_RANGE_LOOP_ANALYSIS = YES;
				CLANG_WARN_STRICT_PROTOTYPES = YES;
				CLANG_WARN_SUSPICIOUS_MOVE = YES;
				CLANG_WARN_UNGUARDED_AVAILABILITY = YES_AGGRESSIVE;
				CLANG_WARN_UNREACHABLE_CODE = YES;
				CLANG_WARN__DUPLICATE_METHOD_MATCH = YES;
				COPY_PHASE_STRIP = NO;
				DEBUG_INFORMATION_FORMAT = "dwarf-with-dsym";
				ENABLE_NS_ASSERTIONS = NO;
				ENABLE_STRICT_OBJC_MSGSEND = YES;
				ENABLE_USER_SCRIPT_SANDBOXING = YES;
				GCC_C_LANGUAGE_STANDARD = gnu17;
				GCC_NO_COMMON_BLOCKS = YES;
				GCC_WARN_64_TO_32_BIT_CONVERSION = YES;
				GCC_WARN_ABOUT_RETURN_TYPE = YES_ERROR;
				GCC_WARN_UNDECLARED_SELECTOR = YES;
				GCC_WARN_UNINITIALIZED_AUTOS = YES_AGGRESSIVE;
				GCC_WARN_UNUSED_FUNCTION = YES;
				GCC_WARN_UNUSED_VARIABLE = YES;
				LOCALIZATION_PREFERS_STRING_CATALOGS = YES;
				MTL_ENABLE_DEBUG_INFO = NO;
				MTL_FAST_MATH = YES;
				SWIFT_COMPILATION_MODE = wholemodule;
			};
			name = Release;
		};
		2A293C632B920B86001474AA /* Debug */ = {
			isa = XCBuildConfiguration;
			buildSettings = {
				ASSETCATALOG_COMPILER_APPICON_NAME = AppIcon;
				ASSETCATALOG_COMPILER_GLOBAL_ACCENT_COLOR_NAME = AccentColor;
				CODE_SIGN_ENTITLEMENTS = "Contig Walker/Contig_Walker.entitlements";
				CODE_SIGN_STYLE = Automatic;
				CURRENT_PROJECT_VERSION = 1;
				DEVELOPMENT_ASSET_PATHS = "\"Contig Walker/Preview Content\"";
				DEVELOPMENT_TEAM = 3L9D67FVN7;
				ENABLE_HARDENED_RUNTIME = YES;
				ENABLE_PREVIEWS = YES;
				GENERATE_INFOPLIST_FILE = YES;
				"INFOPLIST_KEY_UIApplicationSceneManifest_Generation[sdk=iphoneos*]" = YES;
				"INFOPLIST_KEY_UIApplicationSceneManifest_Generation[sdk=iphonesimulator*]" = YES;
				"INFOPLIST_KEY_UIApplicationSupportsIndirectInputEvents[sdk=iphoneos*]" = YES;
				"INFOPLIST_KEY_UIApplicationSupportsIndirectInputEvents[sdk=iphonesimulator*]" = YES;
				"INFOPLIST_KEY_UILaunchScreen_Generation[sdk=iphoneos*]" = YES;
				"INFOPLIST_KEY_UILaunchScreen_Generation[sdk=iphonesimulator*]" = YES;
				"INFOPLIST_KEY_UIStatusBarStyle[sdk=iphoneos*]" = UIStatusBarStyleDefault;
				"INFOPLIST_KEY_UIStatusBarStyle[sdk=iphonesimulator*]" = UIStatusBarStyleDefault;
				INFOPLIST_KEY_UISupportedInterfaceOrientations_iPad = "UIInterfaceOrientationPortrait UIInterfaceOrientationPortraitUpsideDown UIInterfaceOrientationLandscapeLeft UIInterfaceOrientationLandscapeRight";
				INFOPLIST_KEY_UISupportedInterfaceOrientations_iPhone = "UIInterfaceOrientationPortrait UIInterfaceOrientationLandscapeLeft UIInterfaceOrientationLandscapeRight";
				IPHONEOS_DEPLOYMENT_TARGET = 17.2;
				LD_RUNPATH_SEARCH_PATHS = "@executable_path/Frameworks";
				"LD_RUNPATH_SEARCH_PATHS[sdk=macosx*]" = "@executable_path/../Frameworks";
				MACOSX_DEPLOYMENT_TARGET = 14.0;
				MARKETING_VERSION = 1.0;
				PRODUCT_BUNDLE_IDENTIFIER = "com.dyerlab.popgraphs.Contig-Walker";
				PRODUCT_NAME = "$(TARGET_NAME)";
				SDKROOT = auto;
				SUPPORTED_PLATFORMS = "iphoneos iphonesimulator macosx";
				SWIFT_EMIT_LOC_STRINGS = YES;
				SWIFT_VERSION = 5.0;
				TARGETED_DEVICE_FAMILY = "1,2";
			};
			name = Debug;
		};
		2A293C642B920B86001474AA /* Release */ = {
			isa = XCBuildConfiguration;
			buildSettings = {
				ASSETCATALOG_COMPILER_APPICON_NAME = AppIcon;
				ASSETCATALOG_COMPILER_GLOBAL_ACCENT_COLOR_NAME = AccentColor;
				CODE_SIGN_ENTITLEMENTS = "Contig Walker/Contig_Walker.entitlements";
				CODE_SIGN_STYLE = Automatic;
				CURRENT_PROJECT_VERSION = 1;
				DEVELOPMENT_ASSET_PATHS = "\"Contig Walker/Preview Content\"";
				DEVELOPMENT_TEAM = 3L9D67FVN7;
				ENABLE_HARDENED_RUNTIME = YES;
				ENABLE_PREVIEWS = YES;
				GENERATE_INFOPLIST_FILE = YES;
				"INFOPLIST_KEY_UIApplicationSceneManifest_Generation[sdk=iphoneos*]" = YES;
				"INFOPLIST_KEY_UIApplicationSceneManifest_Generation[sdk=iphonesimulator*]" = YES;
				"INFOPLIST_KEY_UIApplicationSupportsIndirectInputEvents[sdk=iphoneos*]" = YES;
				"INFOPLIST_KEY_UIApplicationSupportsIndirectInputEvents[sdk=iphonesimulator*]" = YES;
				"INFOPLIST_KEY_UILaunchScreen_Generation[sdk=iphoneos*]" = YES;
				"INFOPLIST_KEY_UILaunchScreen_Generation[sdk=iphonesimulator*]" = YES;
				"INFOPLIST_KEY_UIStatusBarStyle[sdk=iphoneos*]" = UIStatusBarStyleDefault;
				"INFOPLIST_KEY_UIStatusBarStyle[sdk=iphonesimulator*]" = UIStatusBarStyleDefault;
				INFOPLIST_KEY_UISupportedInterfaceOrientations_iPad = "UIInterfaceOrientationPortrait UIInterfaceOrientationPortraitUpsideDown UIInterfaceOrientationLandscapeLeft UIInterfaceOrientationLandscapeRight";
				INFOPLIST_KEY_UISupportedInterfaceOrientations_iPhone = "UIInterfaceOrientationPortrait UIInterfaceOrientationLandscapeLeft UIInterfaceOrientationLandscapeRight";
				IPHONEOS_DEPLOYMENT_TARGET = 17.2;
				LD_RUNPATH_SEARCH_PATHS = "@executable_path/Frameworks";
				"LD_RUNPATH_SEARCH_PATHS[sdk=macosx*]" = "@executable_path/../Frameworks";
				MACOSX_DEPLOYMENT_TARGET = 14.0;
				MARKETING_VERSION = 1.0;
				PRODUCT_BUNDLE_IDENTIFIER = "com.dyerlab.popgraphs.Contig-Walker";
				PRODUCT_NAME = "$(TARGET_NAME)";
				SDKROOT = auto;
				SUPPORTED_PLATFORMS = "iphoneos iphonesimulator macosx";
				SWIFT_EMIT_LOC_STRINGS = YES;
				SWIFT_VERSION = 5.0;
				TARGETED_DEVICE_FAMILY = "1,2";
			};
			name = Release;
		};
		2A293C662B920B86001474AA /* Debug */ = {
			isa = XCBuildConfiguration;
			buildSettings = {
				ALWAYS_EMBED_SWIFT_STANDARD_LIBRARIES = YES;
				BUNDLE_LOADER = "$(TEST_HOST)";
				CODE_SIGN_STYLE = Automatic;
				CURRENT_PROJECT_VERSION = 1;
				DEVELOPMENT_TEAM = 3L9D67FVN7;
				GENERATE_INFOPLIST_FILE = YES;
				IPHONEOS_DEPLOYMENT_TARGET = 17.2;
				MACOSX_DEPLOYMENT_TARGET = 14.2;
				MARKETING_VERSION = 1.0;
				PRODUCT_BUNDLE_IDENTIFIER = "com.dyerlab.popgraphs.Contig-WalkerTests";
				PRODUCT_NAME = "$(TARGET_NAME)";
				SDKROOT = auto;
				SUPPORTED_PLATFORMS = "iphoneos iphonesimulator macosx";
				SWIFT_EMIT_LOC_STRINGS = NO;
				SWIFT_VERSION = 5.0;
				TARGETED_DEVICE_FAMILY = "1,2";
				TEST_HOST = "$(BUILT_PRODUCTS_DIR)/Contig Walker.app/$(BUNDLE_EXECUTABLE_FOLDER_PATH)/Contig Walker";
			};
			name = Debug;
		};
		2A293C672B920B86001474AA /* Release */ = {
			isa = XCBuildConfiguration;
			buildSettings = {
				ALWAYS_EMBED_SWIFT_STANDARD_LIBRARIES = YES;
				BUNDLE_LOADER = "$(TEST_HOST)";
				CODE_SIGN_STYLE = Automatic;
				CURRENT_PROJECT_VERSION = 1;
				DEVELOPMENT_TEAM = 3L9D67FVN7;
				GENERATE_INFOPLIST_FILE = YES;
				IPHONEOS_DEPLOYMENT_TARGET = 17.2;
				MACOSX_DEPLOYMENT_TARGET = 14.2;
				MARKETING_VERSION = 1.0;
				PRODUCT_BUNDLE_IDENTIFIER = "com.dyerlab.popgraphs.Contig-WalkerTests";
				PRODUCT_NAME = "$(TARGET_NAME)";
				SDKROOT = auto;
				SUPPORTED_PLATFORMS = "iphoneos iphonesimulator macosx";
				SWIFT_EMIT_LOC_STRINGS = NO;
				SWIFT_VERSION = 5.0;
				TARGETED_DEVICE_FAMILY = "1,2";
				TEST_HOST = "$(BUILT_PRODUCTS_DIR)/Contig Walker.app/$(BUNDLE_EXECUTABLE_FOLDER_PATH)/Contig Walker";
			};
			name = Release;
		};
		2A293C692B920B86001474AA /* Debug */ = {
			isa = XCBuildConfiguration;
			buildSettings = {
				ALWAYS_EMBED_SWIFT_STANDARD_LIBRARIES = YES;
				CODE_SIGN_STYLE = Automatic;
				CURRENT_PROJECT_VERSION = 1;
				DEVELOPMENT_TEAM = 3L9D67FVN7;
				GENERATE_INFOPLIST_FILE = YES;
				IPHONEOS_DEPLOYMENT_TARGET = 17.2;
				MACOSX_DEPLOYMENT_TARGET = 14.2;
				MARKETING_VERSION = 1.0;
				PRODUCT_BUNDLE_IDENTIFIER = "com.dyerlab.popgraphs.Contig-WalkerUITests";
				PRODUCT_NAME = "$(TARGET_NAME)";
				SDKROOT = auto;
				SUPPORTED_PLATFORMS = "iphoneos iphonesimulator macosx";
				SWIFT_EMIT_LOC_STRINGS = NO;
				SWIFT_VERSION = 5.0;
				TARGETED_DEVICE_FAMILY = "1,2";
				TEST_TARGET_NAME = "Contig Walker";
			};
			name = Debug;
		};
		2A293C6A2B920B86001474AA /* Release */ = {
			isa = XCBuildConfiguration;
			buildSettings = {
				ALWAYS_EMBED_SWIFT_STANDARD_LIBRARIES = YES;
				CODE_SIGN_STYLE = Automatic;
				CURRENT_PROJECT_VERSION = 1;
				DEVELOPMENT_TEAM = 3L9D67FVN7;
				GENERATE_INFOPLIST_FILE = YES;
				IPHONEOS_DEPLOYMENT_TARGET = 17.2;
				MACOSX_DEPLOYMENT_TARGET = 14.2;
				MARKETING_VERSION = 1.0;
				PRODUCT_BUNDLE_IDENTIFIER = "com.dyerlab.popgraphs.Contig-WalkerUITests";
				PRODUCT_NAME = "$(TARGET_NAME)";
				SDKROOT = auto;
				SUPPORTED_PLATFORMS = "iphoneos iphonesimulator macosx";
				SWIFT_EMIT_LOC_STRINGS = NO;
				SWIFT_VERSION = 5.0;
				TARGETED_DEVICE_FAMILY = "1,2";
				TEST_TARGET_NAME = "Contig Walker";
			};
			name = Release;
		};
/* End XCBuildConfiguration section */

/* Begin XCConfigurationList section */
		2A293C362B920B85001474AA /* Build configuration list for PBXProject "Contig Walker" */ = {
			isa = XCConfigurationList;
			buildConfigurations = (
				2A293C602B920B86001474AA /* Debug */,
				2A293C612B920B86001474AA /* Release */,
			);
			defaultConfigurationIsVisible = 0;
			defaultConfigurationName = Release;
		};
		2A293C622B920B86001474AA /* Build configuration list for PBXNativeTarget "Contig Walker" */ = {
			isa = XCConfigurationList;
			buildConfigurations = (
				2A293C632B920B86001474AA /* Debug */,
				2A293C642B920B86001474AA /* Release */,
			);
			defaultConfigurationIsVisible = 0;
			defaultConfigurationName = Release;
		};
		2A293C652B920B86001474AA /* Build configuration list for PBXNativeTarget "Contig WalkerTests" */ = {
			isa = XCConfigurationList;
			buildConfigurations = (
				2A293C662B920B86001474AA /* Debug */,
				2A293C672B920B86001474AA /* Release */,
			);
			defaultConfigurationIsVisible = 0;
			defaultConfigurationName = Release;
		};
		2A293C682B920B86001474AA /* Build configuration list for PBXNativeTarget "Contig WalkerUITests" */ = {
			isa = XCConfigurationList;
			buildConfigurations = (
				2A293C692B920B86001474AA /* Debug */,
				2A293C6A2B920B86001474AA /* Release */,
			);
			defaultConfigurationIsVisible = 0;
			defaultConfigurationName = Release;
		};
/* End XCConfigurationList section */
	};
	rootObject = 2A293C332B920B85001474AA /* Project object */;
}
