// !$*UTF8*$!
{
	archiveVersion = 1;
	classes = {
	};
	objectVersion = 56;
	objects = {

/* Begin PBXBuildFile section */
		2A05D7092B94C2F7002E1DF1 /* GraphLineView.swift in Sources */ = {isa = PBXBuildFile; fileRef = 2A05D7082B94C2F7002E1DF1 /* GraphLineView.swift */; };
		2A293C3F2B920B85001474AA /* Contig_WalkerApp.swift in Sources */ = {isa = PBXBuildFile; fileRef = 2A293C3E2B920B85001474AA /* Contig_WalkerApp.swift */; };
		2A293C412B920B85001474AA /* ContentView.swift in Sources */ = {isa = PBXBuildFile; fileRef = 2A293C402B920B85001474AA /* ContentView.swift */; };
		2A293C432B920B85001474AA /* Graph.swift in Sources */ = {isa = PBXBuildFile; fileRef = 2A293C422B920B85001474AA /* Graph.swift */; };
		2A293C452B920B86001474AA /* Assets.xcassets in Resources */ = {isa = PBXBuildFile; fileRef = 2A293C442B920B86001474AA /* Assets.xcassets */; };
		2A293C492B920B86001474AA /* Preview Assets.xcassets in Resources */ = {isa = PBXBuildFile; fileRef = 2A293C482B920B86001474AA /* Preview Assets.xcassets */; };
		2A293C532B920B86001474AA /* Contig_WalkerTests.swift in Sources */ = {isa = PBXBuildFile; fileRef = 2A293C522B920B86001474AA /* Contig_WalkerTests.swift */; };
		2A2DD3272B93280800FD6B4C /* GraphInfoView.swift in Sources */ = {isa = PBXBuildFile; fileRef = 2A2DD3262B93280800FD6B4C /* GraphInfoView.swift */; };
		2A2DD3312B932AAA00FD6B4C /* PresentationZen in Frameworks */ = {isa = PBXBuildFile; productRef = 2A2DD3302B932AAA00FD6B4C /* PresentationZen */; };
		2A2DD3332B932AD700FD6B4C /* NodeSetSummarizer.swift in Sources */ = {isa = PBXBuildFile; fileRef = 2A2DD3322B932AD700FD6B4C /* NodeSetSummarizer.swift */; };
		2A2DD3372B932D6F00FD6B4C /* NodesSummaryView.swift in Sources */ = {isa = PBXBuildFile; fileRef = 2A2DD3362B932D6F00FD6B4C /* NodesSummaryView.swift */; };
		2A2DD3392B9332EC00FD6B4C /* EdgeSetSummarizer.swift in Sources */ = {isa = PBXBuildFile; fileRef = 2A2DD3382B9332EC00FD6B4C /* EdgeSetSummarizer.swift */; };
		2A2DD33B2B93335900FD6B4C /* EdgesSummaryView.swift in Sources */ = {isa = PBXBuildFile; fileRef = 2A2DD33A2B93335900FD6B4C /* EdgesSummaryView.swift */; };
		2A2DD33D2B9333DC00FD6B4C /* GraphSummarizer.swift in Sources */ = {isa = PBXBuildFile; fileRef = 2A2DD33C2B9333DC00FD6B4C /* GraphSummarizer.swift */; };
		2A2DD33F2B93858700FD6B4C /* GraphSummaryView.swift in Sources */ = {isa = PBXBuildFile; fileRef = 2A2DD33E2B93858700FD6B4C /* GraphSummaryView.swift */; };
		2A5844E02BA0DA150011BDC6 /* GraphMetaDataPlots.swift in Sources */ = {isa = PBXBuildFile; fileRef = 2A5844DF2BA0DA150011BDC6 /* GraphMetaDataPlots.swift */; };
		2A5844E22BA0DA630011BDC6 /* Array+GraphMetaData.swift in Sources */ = {isa = PBXBuildFile; fileRef = 2A5844E12BA0DA630011BDC6 /* Array+GraphMetaData.swift */; };
		2A5844E42BA0E67F0011BDC6 /* GraphMetaDataType.swift in Sources */ = {isa = PBXBuildFile; fileRef = 2A5844E32BA0E67F0011BDC6 /* GraphMetaDataType.swift */; };
		2A5844E62BA0EB4A0011BDC6 /* DataStoreTests.swift in Sources */ = {isa = PBXBuildFile; fileRef = 2A5844E52BA0EB4A0011BDC6 /* DataStoreTests.swift */; };
		2AA75C602B9268EF00F39EB6 /* NodeTests.swift in Sources */ = {isa = PBXBuildFile; fileRef = 2AA75C5F2B9268EF00F39EB6 /* NodeTests.swift */; };
		2AA9C44E2B9B583C0095FBF1 /* GraphView.swift in Sources */ = {isa = PBXBuildFile; fileRef = 2AA9C44D2B9B583C0095FBF1 /* GraphView.swift */; };
		2AA9C4502B9B5BAF0095FBF1 /* LocusSideView.swift in Sources */ = {isa = PBXBuildFile; fileRef = 2AA9C44F2B9B5BAF0095FBF1 /* LocusSideView.swift */; };
		2AA9C4522B9BA5470095FBF1 /* GraphDisplayView.swift in Sources */ = {isa = PBXBuildFile; fileRef = 2AA9C4512B9BA5470095FBF1 /* GraphDisplayView.swift */; };
		2AA9C4552B9BA5EF0095FBF1 /* ForceSimulation in Frameworks */ = {isa = PBXBuildFile; productRef = 2AA9C4542B9BA5EF0095FBF1 /* ForceSimulation */; };
		2AA9C4572B9BA5EF0095FBF1 /* Grape in Frameworks */ = {isa = PBXBuildFile; productRef = 2AA9C4562B9BA5EF0095FBF1 /* Grape */; };
		2AA9C4592B9BA6CD0095FBF1 /* GroupColors.swift in Sources */ = {isa = PBXBuildFile; fileRef = 2AA9C4582B9BA6CD0095FBF1 /* GroupColors.swift */; };
		2AA9C45C2B9BA9730095FBF1 /* Color.swift in Sources */ = {isa = PBXBuildFile; fileRef = 2AA9C45B2B9BA9730095FBF1 /* Color.swift */; };
		2AA9C45E2B9BB3480095FBF1 /* FlatlandGraphView.swift in Sources */ = {isa = PBXBuildFile; fileRef = 2AA9C45D2B9BB3480095FBF1 /* FlatlandGraphView.swift */; };
		2AA9C4602B9BB3D60095FBF1 /* VolumetricGraphView.swift in Sources */ = {isa = PBXBuildFile; fileRef = 2AA9C45F2B9BB3D60095FBF1 /* VolumetricGraphView.swift */; };
		2AA9C4622B9BB4D20095FBF1 /* VolumetricForce.swift in Sources */ = {isa = PBXBuildFile; fileRef = 2AA9C4612B9BB4D20095FBF1 /* VolumetricForce.swift */; };
		2AA9C4672B9BBC2C0095FBF1 /* HomeView.swift in Sources */ = {isa = PBXBuildFile; fileRef = 2AA9C4662B9BBC2C0095FBF1 /* HomeView.swift */; };
		2AB0E21A2B9B3E66003FF91E /* Locus.swift in Sources */ = {isa = PBXBuildFile; fileRef = 2AB0E2192B9B3E66003FF91E /* Locus.swift */; };
		2AB0E21D2B9B3F5C003FF91E /* GraphJSONLoader.swift in Sources */ = {isa = PBXBuildFile; fileRef = 2AB0E21C2B9B3F5C003FF91E /* GraphJSONLoader.swift */; };
		2AB0E2202B9B3FE7003FF91E /* Array+Locus.swift in Sources */ = {isa = PBXBuildFile; fileRef = 2AB0E21F2B9B3FE7003FF91E /* Array+Locus.swift */; };
		2AB0E2222B9B4650003FF91E /* GraphTest.swift in Sources */ = {isa = PBXBuildFile; fileRef = 2AB0E2212B9B4650003FF91E /* GraphTest.swift */; };
		2AB0E2242B9B4B81003FF91E /* DataStore.swift in Sources */ = {isa = PBXBuildFile; fileRef = 2AB0E2232B9B4B81003FF91E /* DataStore.swift */; };
		2AB704602BA0747300B19918 /* ContigView.swift in Sources */ = {isa = PBXBuildFile; fileRef = 2AB7045F2BA0747300B19918 /* ContigView.swift */; };
		2AC30E292B9DEAF0008B135C /* GraphMetaData.swift in Sources */ = {isa = PBXBuildFile; fileRef = 2AC30E282B9DEAF0008B135C /* GraphMetaData.swift */; };
		2AC30E2B2B9DEBF5008B135C /* GraphsMetaDataView.swift in Sources */ = {isa = PBXBuildFile; fileRef = 2AC30E2A2B9DEBF5008B135C /* GraphsMetaDataView.swift */; };
		2AC3DA242B9F678500E38088 /* CardBackground.swift in Sources */ = {isa = PBXBuildFile; fileRef = 2AC3DA232B9F678500E38088 /* CardBackground.swift */; };
		2AC3DA262B9F68C600E38088 /* View.swift in Sources */ = {isa = PBXBuildFile; fileRef = 2AC3DA252B9F68C600E38088 /* View.swift */; };
		2ADBA98F2B9FA64B005E9A5F /* Logo.swift in Sources */ = {isa = PBXBuildFile; fileRef = 2ADBA98E2B9FA64B005E9A5F /* Logo.swift */; };
		2AE2D8312B920C190063DBF9 /* README.md in Resources */ = {isa = PBXBuildFile; fileRef = 2AE2D82F2B920C190063DBF9 /* README.md */; };
		2AE2D9012B9212040063DBF9 /* Node.swift in Sources */ = {isa = PBXBuildFile; fileRef = 2AE2D9002B9212040063DBF9 /* Node.swift */; };
		2AE2D9032B9212A10063DBF9 /* Edge.swift in Sources */ = {isa = PBXBuildFile; fileRef = 2AE2D9022B9212A10063DBF9 /* Edge.swift */; };
		2AF348F62B9F8ECD001D87D1 /* Vector.swift in Sources */ = {isa = PBXBuildFile; fileRef = 2AF348F52B9F8ECD001D87D1 /* Vector.swift */; };
		2AF348F82B9F9550001D87D1 /* Notification.swift in Sources */ = {isa = PBXBuildFile; fileRef = 2AF348F72B9F9550001D87D1 /* Notification.swift */; };
		2AF5E3902B925DDE004A5769 /* GraphJSONLoaderTests.swift in Sources */ = {isa = PBXBuildFile; fileRef = 2AF5E38F2B925DDE004A5769 /* GraphJSONLoaderTests.swift */; };
		2AF7AF392B9F89B400E72540 /* DLMatrix in Frameworks */ = {isa = PBXBuildFile; productRef = 2AF7AF382B9F89B400E72540 /* DLMatrix */; };
/* End PBXBuildFile section */

/* Begin PBXContainerItemProxy section */
		2A293C4F2B920B86001474AA /* PBXContainerItemProxy */ = {
			isa = PBXContainerItemProxy;
			containerPortal = 2A293C332B920B85001474AA /* Project object */;
			proxyType = 1;
			remoteGlobalIDString = 2A293C3A2B920B85001474AA;
			remoteInfo = "Contig Walker";
		};
/* End PBXContainerItemProxy section */

/* Begin PBXFileReference section */
		2A05D7082B94C2F7002E1DF1 /* GraphLineView.swift */ = {isa = PBXFileReference; lastKnownFileType = sourcecode.swift; path = GraphLineView.swift; sourceTree = "<group>"; };
		2A293C3B2B920B85001474AA /* Contig Walker.app */ = {isa = PBXFileReference; explicitFileType = wrapper.application; includeInIndex = 0; path = "Contig Walker.app"; sourceTree = BUILT_PRODUCTS_DIR; };
		2A293C3E2B920B85001474AA /* Contig_WalkerApp.swift */ = {isa = PBXFileReference; lastKnownFileType = sourcecode.swift; path = Contig_WalkerApp.swift; sourceTree = "<group>"; };
		2A293C402B920B85001474AA /* ContentView.swift */ = {isa = PBXFileReference; lastKnownFileType = sourcecode.swift; path = ContentView.swift; sourceTree = "<group>"; };
		2A293C422B920B85001474AA /* Graph.swift */ = {isa = PBXFileReference; lastKnownFileType = sourcecode.swift; path = Graph.swift; sourceTree = "<group>"; };
		2A293C442B920B86001474AA /* Assets.xcassets */ = {isa = PBXFileReference; lastKnownFileType = folder.assetcatalog; path = Assets.xcassets; sourceTree = "<group>"; };
		2A293C462B920B86001474AA /* Contig_Walker.entitlements */ = {isa = PBXFileReference; lastKnownFileType = text.plist.entitlements; path = Contig_Walker.entitlements; sourceTree = "<group>"; };
		2A293C482B920B86001474AA /* Preview Assets.xcassets */ = {isa = PBXFileReference; lastKnownFileType = folder.assetcatalog; path = "Preview Assets.xcassets"; sourceTree = "<group>"; };
		2A293C4E2B920B86001474AA /* Contig WalkerTests.xctest */ = {isa = PBXFileReference; explicitFileType = wrapper.cfbundle; includeInIndex = 0; path = "Contig WalkerTests.xctest"; sourceTree = BUILT_PRODUCTS_DIR; };
		2A293C522B920B86001474AA /* Contig_WalkerTests.swift */ = {isa = PBXFileReference; lastKnownFileType = sourcecode.swift; path = Contig_WalkerTests.swift; sourceTree = "<group>"; };
		2A2DD3262B93280800FD6B4C /* GraphInfoView.swift */ = {isa = PBXFileReference; lastKnownFileType = sourcecode.swift; path = GraphInfoView.swift; sourceTree = "<group>"; };
		2A2DD3322B932AD700FD6B4C /* NodeSetSummarizer.swift */ = {isa = PBXFileReference; lastKnownFileType = sourcecode.swift; path = NodeSetSummarizer.swift; sourceTree = "<group>"; };
		2A2DD3362B932D6F00FD6B4C /* NodesSummaryView.swift */ = {isa = PBXFileReference; lastKnownFileType = sourcecode.swift; path = NodesSummaryView.swift; sourceTree = "<group>"; };
		2A2DD3382B9332EC00FD6B4C /* EdgeSetSummarizer.swift */ = {isa = PBXFileReference; lastKnownFileType = sourcecode.swift; path = EdgeSetSummarizer.swift; sourceTree = "<group>"; };
		2A2DD33A2B93335900FD6B4C /* EdgesSummaryView.swift */ = {isa = PBXFileReference; lastKnownFileType = sourcecode.swift; path = EdgesSummaryView.swift; sourceTree = "<group>"; };
		2A2DD33C2B9333DC00FD6B4C /* GraphSummarizer.swift */ = {isa = PBXFileReference; lastKnownFileType = sourcecode.swift; path = GraphSummarizer.swift; sourceTree = "<group>"; };
		2A2DD33E2B93858700FD6B4C /* GraphSummaryView.swift */ = {isa = PBXFileReference; lastKnownFileType = sourcecode.swift; path = GraphSummaryView.swift; sourceTree = "<group>"; };
		2A5844DF2BA0DA150011BDC6 /* GraphMetaDataPlots.swift */ = {isa = PBXFileReference; lastKnownFileType = sourcecode.swift; path = GraphMetaDataPlots.swift; sourceTree = "<group>"; };
		2A5844E12BA0DA630011BDC6 /* Array+GraphMetaData.swift */ = {isa = PBXFileReference; lastKnownFileType = sourcecode.swift; path = "Array+GraphMetaData.swift"; sourceTree = "<group>"; };
		2A5844E32BA0E67F0011BDC6 /* GraphMetaDataType.swift */ = {isa = PBXFileReference; lastKnownFileType = sourcecode.swift; path = GraphMetaDataType.swift; sourceTree = "<group>"; };
		2A5844E52BA0EB4A0011BDC6 /* DataStoreTests.swift */ = {isa = PBXFileReference; lastKnownFileType = sourcecode.swift; path = DataStoreTests.swift; sourceTree = "<group>"; };
		2AA75C5F2B9268EF00F39EB6 /* NodeTests.swift */ = {isa = PBXFileReference; lastKnownFileType = sourcecode.swift; path = NodeTests.swift; sourceTree = "<group>"; };
		2AA9C44D2B9B583C0095FBF1 /* GraphView.swift */ = {isa = PBXFileReference; lastKnownFileType = sourcecode.swift; path = GraphView.swift; sourceTree = "<group>"; };
		2AA9C44F2B9B5BAF0095FBF1 /* LocusSideView.swift */ = {isa = PBXFileReference; lastKnownFileType = sourcecode.swift; path = LocusSideView.swift; sourceTree = "<group>"; };
		2AA9C4512B9BA5470095FBF1 /* GraphDisplayView.swift */ = {isa = PBXFileReference; lastKnownFileType = sourcecode.swift; path = GraphDisplayView.swift; sourceTree = "<group>"; };
		2AA9C4582B9BA6CD0095FBF1 /* GroupColors.swift */ = {isa = PBXFileReference; lastKnownFileType = sourcecode.swift; path = GroupColors.swift; sourceTree = "<group>"; };
		2AA9C45B2B9BA9730095FBF1 /* Color.swift */ = {isa = PBXFileReference; lastKnownFileType = sourcecode.swift; path = Color.swift; sourceTree = "<group>"; };
		2AA9C45D2B9BB3480095FBF1 /* FlatlandGraphView.swift */ = {isa = PBXFileReference; lastKnownFileType = sourcecode.swift; path = FlatlandGraphView.swift; sourceTree = "<group>"; };
		2AA9C45F2B9BB3D60095FBF1 /* VolumetricGraphView.swift */ = {isa = PBXFileReference; lastKnownFileType = sourcecode.swift; path = VolumetricGraphView.swift; sourceTree = "<group>"; };
		2AA9C4612B9BB4D20095FBF1 /* VolumetricForce.swift */ = {isa = PBXFileReference; lastKnownFileType = sourcecode.swift; path = VolumetricForce.swift; sourceTree = "<group>"; };
		2AA9C4662B9BBC2C0095FBF1 /* HomeView.swift */ = {isa = PBXFileReference; lastKnownFileType = sourcecode.swift; path = HomeView.swift; sourceTree = "<group>"; };
		2AB0E2192B9B3E66003FF91E /* Locus.swift */ = {isa = PBXFileReference; lastKnownFileType = sourcecode.swift; path = Locus.swift; sourceTree = "<group>"; };
		2AB0E21C2B9B3F5C003FF91E /* GraphJSONLoader.swift */ = {isa = PBXFileReference; lastKnownFileType = sourcecode.swift; path = GraphJSONLoader.swift; sourceTree = "<group>"; };
		2AB0E21F2B9B3FE7003FF91E /* Array+Locus.swift */ = {isa = PBXFileReference; lastKnownFileType = sourcecode.swift; path = "Array+Locus.swift"; sourceTree = "<group>"; };
		2AB0E2212B9B4650003FF91E /* GraphTest.swift */ = {isa = PBXFileReference; lastKnownFileType = sourcecode.swift; path = GraphTest.swift; sourceTree = "<group>"; };
		2AB0E2232B9B4B81003FF91E /* DataStore.swift */ = {isa = PBXFileReference; lastKnownFileType = sourcecode.swift; path = DataStore.swift; sourceTree = "<group>"; };
		2AB7045F2BA0747300B19918 /* ContigView.swift */ = {isa = PBXFileReference; lastKnownFileType = sourcecode.swift; path = ContigView.swift; sourceTree = "<group>"; };
		2AC30E282B9DEAF0008B135C /* GraphMetaData.swift */ = {isa = PBXFileReference; lastKnownFileType = sourcecode.swift; path = GraphMetaData.swift; sourceTree = "<group>"; };
		2AC30E2A2B9DEBF5008B135C /* GraphsMetaDataView.swift */ = {isa = PBXFileReference; lastKnownFileType = sourcecode.swift; path = GraphsMetaDataView.swift; sourceTree = "<group>"; };
		2AC3DA232B9F678500E38088 /* CardBackground.swift */ = {isa = PBXFileReference; lastKnownFileType = sourcecode.swift; path = CardBackground.swift; sourceTree = "<group>"; };
		2AC3DA252B9F68C600E38088 /* View.swift */ = {isa = PBXFileReference; lastKnownFileType = sourcecode.swift; path = View.swift; sourceTree = "<group>"; };
		2ADBA98E2B9FA64B005E9A5F /* Logo.swift */ = {isa = PBXFileReference; lastKnownFileType = sourcecode.swift; path = Logo.swift; sourceTree = "<group>"; };
		2AE2D82F2B920C190063DBF9 /* README.md */ = {isa = PBXFileReference; fileEncoding = 4; lastKnownFileType = net.daringfireball.markdown; path = README.md; sourceTree = "<group>"; };
		2AE2D9002B9212040063DBF9 /* Node.swift */ = {isa = PBXFileReference; lastKnownFileType = sourcecode.swift; path = Node.swift; sourceTree = "<group>"; };
		2AE2D9022B9212A10063DBF9 /* Edge.swift */ = {isa = PBXFileReference; lastKnownFileType = sourcecode.swift; path = Edge.swift; sourceTree = "<group>"; };
		2AF348F52B9F8ECD001D87D1 /* Vector.swift */ = {isa = PBXFileReference; lastKnownFileType = sourcecode.swift; path = Vector.swift; sourceTree = "<group>"; };
		2AF348F72B9F9550001D87D1 /* Notification.swift */ = {isa = PBXFileReference; lastKnownFileType = sourcecode.swift; path = Notification.swift; sourceTree = "<group>"; };
		2AF5E38F2B925DDE004A5769 /* GraphJSONLoaderTests.swift */ = {isa = PBXFileReference; lastKnownFileType = sourcecode.swift; path = GraphJSONLoaderTests.swift; sourceTree = "<group>"; };
/* End PBXFileReference section */

/* Begin PBXFrameworksBuildPhase section */
		2A293C382B920B85001474AA /* Frameworks */ = {
			isa = PBXFrameworksBuildPhase;
			buildActionMask = 2147483647;
			files = (
				2AA9C4572B9BA5EF0095FBF1 /* Grape in Frameworks */,
				2AF7AF392B9F89B400E72540 /* DLMatrix in Frameworks */,
				2A2DD3312B932AAA00FD6B4C /* PresentationZen in Frameworks */,
				2AA9C4552B9BA5EF0095FBF1 /* ForceSimulation in Frameworks */,
			);
			runOnlyForDeploymentPostprocessing = 0;
		};
		2A293C4B2B920B86001474AA /* Frameworks */ = {
			isa = PBXFrameworksBuildPhase;
			buildActionMask = 2147483647;
			files = (
			);
			runOnlyForDeploymentPostprocessing = 0;
		};
/* End PBXFrameworksBuildPhase section */

/* Begin PBXGroup section */
		2A293C322B920B85001474AA = {
			isa = PBXGroup;
			children = (
				2AE2D82F2B920C190063DBF9 /* README.md */,
				2A293C3D2B920B85001474AA /* Contig Walker */,
				2A293C512B920B86001474AA /* Contig WalkerTests */,
				2A293C3C2B920B85001474AA /* Products */,
			);
			sourceTree = "<group>";
		};
		2A293C3C2B920B85001474AA /* Products */ = {
			isa = PBXGroup;
			children = (
				2A293C3B2B920B85001474AA /* Contig Walker.app */,
				2A293C4E2B920B86001474AA /* Contig WalkerTests.xctest */,
			);
			name = Products;
			sourceTree = "<group>";
		};
		2A293C3D2B920B85001474AA /* Contig Walker */ = {
			isa = PBXGroup;
			children = (
				2A293C3E2B920B85001474AA /* Contig_WalkerApp.swift */,
				2A293C402B920B85001474AA /* ContentView.swift */,
				2AB0E21E2B9B3FCA003FF91E /* Extensions */,
				2AE2D8FD2B9211E50063DBF9 /* Models */,
				2A2DD3282B93280D00FD6B4C /* Views */,
				2A293C442B920B86001474AA /* Assets.xcassets */,
				2A293C462B920B86001474AA /* Contig_Walker.entitlements */,
				2A293C472B920B86001474AA /* Preview Content */,
			);
			path = "Contig Walker";
			sourceTree = "<group>";
		};
		2A293C472B920B86001474AA /* Preview Content */ = {
			isa = PBXGroup;
			children = (
				2A293C482B920B86001474AA /* Preview Assets.xcassets */,
			);
			path = "Preview Content";
			sourceTree = "<group>";
		};
		2A293C512B920B86001474AA /* Contig WalkerTests */ = {
			isa = PBXGroup;
			children = (
				2A293C522B920B86001474AA /* Contig_WalkerTests.swift */,
				2AF5E38F2B925DDE004A5769 /* GraphJSONLoaderTests.swift */,
				2AA75C5F2B9268EF00F39EB6 /* NodeTests.swift */,
				2AB0E2212B9B4650003FF91E /* GraphTest.swift */,
				2A5844E52BA0EB4A0011BDC6 /* DataStoreTests.swift */,
			);
			path = "Contig WalkerTests";
			sourceTree = "<group>";
		};
		2A2DD3282B93280D00FD6B4C /* Views */ = {
			isa = PBXGroup;
			children = (
				2AB7045F2BA0747300B19918 /* ContigView.swift */,
				2AEE650B2BA1BA75001D39D1 /* Home */,
				2A5844152BA0D5360011BDC6 /* LocusViews */,
				2AA9C44D2B9B583C0095FBF1 /* GraphView.swift */,
				2AA9C4652B9BB50A0095FBF1 /* GraphViews */,
				2AA9C45A2B9BA8150095FBF1 /* SummaryViews */,
				2A5844142BA0D48B0011BDC6 /* GraphMetaData */,
				2AC3DA232B9F678500E38088 /* CardBackground.swift */,
			);
			path = Views;
			sourceTree = "<group>";
		};
		2A2DD3342B932B4300FD6B4C /* Node */ = {
			isa = PBXGroup;
			children = (
				2AE2D9002B9212040063DBF9 /* Node.swift */,
				2A2DD3322B932AD700FD6B4C /* NodeSetSummarizer.swift */,
			);
			path = Node;
			sourceTree = "<group>";
		};
		2A2DD3352B932B5300FD6B4C /* Edge */ = {
			isa = PBXGroup;
			children = (
				2AE2D9022B9212A10063DBF9 /* Edge.swift */,
				2A2DD3382B9332EC00FD6B4C /* EdgeSetSummarizer.swift */,
			);
			path = Edge;
			sourceTree = "<group>";
		};
		2A5844142BA0D48B0011BDC6 /* GraphMetaData */ = {
			isa = PBXGroup;
			children = (
				2AC30E2A2B9DEBF5008B135C /* GraphsMetaDataView.swift */,
				2A5844DF2BA0DA150011BDC6 /* GraphMetaDataPlots.swift */,
			);
			path = GraphMetaData;
			sourceTree = "<group>";
		};
		2A5844152BA0D5360011BDC6 /* LocusViews */ = {
			isa = PBXGroup;
			children = (
				2AA9C44F2B9B5BAF0095FBF1 /* LocusSideView.swift */,
			);
			path = LocusViews;
			sourceTree = "<group>";
		};
		2AA9C45A2B9BA8150095FBF1 /* SummaryViews */ = {
			isa = PBXGroup;
			children = (
				2A2DD3262B93280800FD6B4C /* GraphInfoView.swift */,
				2A2DD33E2B93858700FD6B4C /* GraphSummaryView.swift */,
				2A2DD3362B932D6F00FD6B4C /* NodesSummaryView.swift */,
				2A2DD33A2B93335900FD6B4C /* EdgesSummaryView.swift */,
			);
			path = SummaryViews;
			sourceTree = "<group>";
		};
		2AA9C4632B9BB4EF0095FBF1 /* Volumetric */ = {
			isa = PBXGroup;
			children = (
				2AA9C45F2B9BB3D60095FBF1 /* VolumetricGraphView.swift */,
				2AA9C4612B9BB4D20095FBF1 /* VolumetricForce.swift */,
			);
			path = Volumetric;
			sourceTree = "<group>";
		};
		2AA9C4642B9BB4FA0095FBF1 /* Flat */ = {
			isa = PBXGroup;
			children = (
				2AA9C45D2B9BB3480095FBF1 /* FlatlandGraphView.swift */,
			);
			path = Flat;
			sourceTree = "<group>";
		};
		2AA9C4652B9BB50A0095FBF1 /* GraphViews */ = {
			isa = PBXGroup;
			children = (
				2AA9C4512B9BA5470095FBF1 /* GraphDisplayView.swift */,
				2A05D7082B94C2F7002E1DF1 /* GraphLineView.swift */,
				2AA9C4642B9BB4FA0095FBF1 /* Flat */,
				2AA9C4632B9BB4EF0095FBF1 /* Volumetric */,
			);
			path = GraphViews;
			sourceTree = "<group>";
		};
		2AB0E21B2B9B3E6D003FF91E /* Locus */ = {
			isa = PBXGroup;
			children = (
				2AB0E2192B9B3E66003FF91E /* Locus.swift */,
			);
			path = Locus;
			sourceTree = "<group>";
		};
		2AB0E21E2B9B3FCA003FF91E /* Extensions */ = {
			isa = PBXGroup;
			children = (
				2AB0E21F2B9B3FE7003FF91E /* Array+Locus.swift */,
				2AA9C45B2B9BA9730095FBF1 /* Color.swift */,
				2AC3DA252B9F68C600E38088 /* View.swift */,
				2AF348F52B9F8ECD001D87D1 /* Vector.swift */,
				2AF348F72B9F9550001D87D1 /* Notification.swift */,
				2A5844E12BA0DA630011BDC6 /* Array+GraphMetaData.swift */,
			);
			path = Extensions;
			sourceTree = "<group>";
		};
		2AE2D8FD2B9211E50063DBF9 /* Models */ = {
			isa = PBXGroup;
			children = (
				2AE2D8FF2B9211F80063DBF9 /* Data */,
				2A2DD3352B932B5300FD6B4C /* Edge */,
				2AE2D8FE2B9211EF0063DBF9 /* Graph */,
				2A2DD3342B932B4300FD6B4C /* Node */,
				2AB0E21B2B9B3E6D003FF91E /* Locus */,
				2AA9C4582B9BA6CD0095FBF1 /* GroupColors.swift */,
			);
			path = Models;
			sourceTree = "<group>";
		};
		2AE2D8FE2B9211EF0063DBF9 /* Graph */ = {
			isa = PBXGroup;
			children = (
				2A293C422B920B85001474AA /* Graph.swift */,
				2A2DD33C2B9333DC00FD6B4C /* GraphSummarizer.swift */,
				2AC30E282B9DEAF0008B135C /* GraphMetaData.swift */,
				2A5844E32BA0E67F0011BDC6 /* GraphMetaDataType.swift */,
			);
			path = Graph;
			sourceTree = "<group>";
		};
		2AE2D8FF2B9211F80063DBF9 /* Data */ = {
			isa = PBXGroup;
			children = (
				2AB0E2232B9B4B81003FF91E /* DataStore.swift */,
				2AB0E21C2B9B3F5C003FF91E /* GraphJSONLoader.swift */,
			);
			path = Data;
			sourceTree = "<group>";
		};
		2AEE650B2BA1BA75001D39D1 /* Home */ = {
			isa = PBXGroup;
			children = (
				2ADBA98E2B9FA64B005E9A5F /* Logo.swift */,
				2AA9C4662B9BBC2C0095FBF1 /* HomeView.swift */,
			);
			path = Home;
			sourceTree = "<group>";
		};
/* End PBXGroup section */

/* Begin PBXNativeTarget section */
		2A293C3A2B920B85001474AA /* Contig Walker */ = {
			isa = PBXNativeTarget;
			buildConfigurationList = 2A293C622B920B86001474AA /* Build configuration list for PBXNativeTarget "Contig Walker" */;
			buildPhases = (
				2A293C372B920B85001474AA /* Sources */,
				2A293C382B920B85001474AA /* Frameworks */,
				2A293C392B920B85001474AA /* Resources */,
			);
			buildRules = (
			);
			dependencies = (
			);
			name = "Contig Walker";
			packageProductDependencies = (
				2A2DD3302B932AAA00FD6B4C /* PresentationZen */,
				2AA9C4542B9BA5EF0095FBF1 /* ForceSimulation */,
				2AA9C4562B9BA5EF0095FBF1 /* Grape */,
				2AF7AF382B9F89B400E72540 /* DLMatrix */,
			);
			productName = "Contig Walker";
			productReference = 2A293C3B2B920B85001474AA /* Contig Walker.app */;
			productType = "com.apple.product-type.application";
		};
		2A293C4D2B920B86001474AA /* Contig WalkerTests */ = {
			isa = PBXNativeTarget;
			buildConfigurationList = 2A293C652B920B86001474AA /* Build configuration list for PBXNativeTarget "Contig WalkerTests" */;
			buildPhases = (
				2A293C4A2B920B86001474AA /* Sources */,
				2A293C4B2B920B86001474AA /* Frameworks */,
				2A293C4C2B920B86001474AA /* Resources */,
			);
			buildRules = (
			);
			dependencies = (
				2A293C502B920B86001474AA /* PBXTargetDependency */,
			);
			name = "Contig WalkerTests";
			productName = "Contig WalkerTests";
			productReference = 2A293C4E2B920B86001474AA /* Contig WalkerTests.xctest */;
			productType = "com.apple.product-type.bundle.unit-test";
		};
/* End PBXNativeTarget section */

/* Begin PBXProject section */
		2A293C332B920B85001474AA /* Project object */ = {
			isa = PBXProject;
			attributes = {
				BuildIndependentTargetsInParallel = 1;
				LastSwiftUpdateCheck = 1520;
				LastUpgradeCheck = 1530;
				TargetAttributes = {
					2A293C3A2B920B85001474AA = {
						CreatedOnToolsVersion = 15.2;
					};
					2A293C4D2B920B86001474AA = {
						CreatedOnToolsVersion = 15.2;
						TestTargetID = 2A293C3A2B920B85001474AA;
					};
				};
			};
			buildConfigurationList = 2A293C362B920B85001474AA /* Build configuration list for PBXProject "Contig Walker" */;
			compatibilityVersion = "Xcode 14.0";
			developmentRegion = en;
			hasScannedForEncodings = 0;
			knownRegions = (
				en,
				Base,
			);
			mainGroup = 2A293C322B920B85001474AA;
			packageReferences = (
				2A2DD32F2B932AAA00FD6B4C /* XCRemoteSwiftPackageReference "PresentationZen" */,
				2AA9C4532B9BA5EF0095FBF1 /* XCRemoteSwiftPackageReference "Grape" */,
				2AF7AF372B9F89B400E72540 /* XCRemoteSwiftPackageReference "DLMatrix" */,
			);
			productRefGroup = 2A293C3C2B920B85001474AA /* Products */;
			projectDirPath = "";
			projectRoot = "";
			targets = (
				2A293C3A2B920B85001474AA /* Contig Walker */,
				2A293C4D2B920B86001474AA /* Contig WalkerTests */,
			);
		};
/* End PBXProject section */

/* Begin PBXResourcesBuildPhase section */
		2A293C392B920B85001474AA /* Resources */ = {
			isa = PBXResourcesBuildPhase;
			buildActionMask = 2147483647;
			files = (
				2A293C492B920B86001474AA /* Preview Assets.xcassets in Resources */,
				2A293C452B920B86001474AA /* Assets.xcassets in Resources */,
				2AE2D8312B920C190063DBF9 /* README.md in Resources */,
			);
			runOnlyForDeploymentPostprocessing = 0;
		};
		2A293C4C2B920B86001474AA /* Resources */ = {
			isa = PBXResourcesBuildPhase;
			buildActionMask = 2147483647;
			files = (
			);
			runOnlyForDeploymentPostprocessing = 0;
		};
/* End PBXResourcesBuildPhase section */

/* Begin PBXSourcesBuildPhase section */
		2A293C372B920B85001474AA /* Sources */ = {
			isa = PBXSourcesBuildPhase;
			buildActionMask = 2147483647;
			files = (
				2AA9C4672B9BBC2C0095FBF1 /* HomeView.swift in Sources */,
				2AB0E2242B9B4B81003FF91E /* DataStore.swift in Sources */,
				2A2DD3372B932D6F00FD6B4C /* NodesSummaryView.swift in Sources */,
				2AA9C45C2B9BA9730095FBF1 /* Color.swift in Sources */,
				2ADBA98F2B9FA64B005E9A5F /* Logo.swift in Sources */,
				2AC30E2B2B9DEBF5008B135C /* GraphsMetaDataView.swift in Sources */,
				2AA9C4602B9BB3D60095FBF1 /* VolumetricGraphView.swift in Sources */,
				2A293C412B920B85001474AA /* ContentView.swift in Sources */,
				2AA9C45E2B9BB3480095FBF1 /* FlatlandGraphView.swift in Sources */,
				2AC3DA242B9F678500E38088 /* CardBackground.swift in Sources */,
				2A2DD3392B9332EC00FD6B4C /* EdgeSetSummarizer.swift in Sources */,
				2AA9C4522B9BA5470095FBF1 /* GraphDisplayView.swift in Sources */,
				2AB704602BA0747300B19918 /* ContigView.swift in Sources */,
				2AE2D9012B9212040063DBF9 /* Node.swift in Sources */,
				2A2DD33F2B93858700FD6B4C /* GraphSummaryView.swift in Sources */,
				2AA9C4622B9BB4D20095FBF1 /* VolumetricForce.swift in Sources */,
				2AC30E292B9DEAF0008B135C /* GraphMetaData.swift in Sources */,
				2AB0E21D2B9B3F5C003FF91E /* GraphJSONLoader.swift in Sources */,
				2AA9C4592B9BA6CD0095FBF1 /* GroupColors.swift in Sources */,
				2A05D7092B94C2F7002E1DF1 /* GraphLineView.swift in Sources */,
				2AE2D9032B9212A10063DBF9 /* Edge.swift in Sources */,
				2A5844E22BA0DA630011BDC6 /* Array+GraphMetaData.swift in Sources */,
				2A293C432B920B85001474AA /* Graph.swift in Sources */,
				2AF348F82B9F9550001D87D1 /* Notification.swift in Sources */,
				2A5844E02BA0DA150011BDC6 /* GraphMetaDataPlots.swift in Sources */,
				2A293C3F2B920B85001474AA /* Contig_WalkerApp.swift in Sources */,
				2A5844E42BA0E67F0011BDC6 /* GraphMetaDataType.swift in Sources */,
				2A2DD3332B932AD700FD6B4C /* NodeSetSummarizer.swift in Sources */,
				2AB0E21A2B9B3E66003FF91E /* Locus.swift in Sources */,
				2A2DD33D2B9333DC00FD6B4C /* GraphSummarizer.swift in Sources */,
				2A2DD33B2B93335900FD6B4C /* EdgesSummaryView.swift in Sources */,
				2AF348F62B9F8ECD001D87D1 /* Vector.swift in Sources */,
				2AA9C4502B9B5BAF0095FBF1 /* LocusSideView.swift in Sources */,
				2AC3DA262B9F68C600E38088 /* View.swift in Sources */,
				2AB0E2202B9B3FE7003FF91E /* Array+Locus.swift in Sources */,
				2A2DD3272B93280800FD6B4C /* GraphInfoView.swift in Sources */,
				2AA9C44E2B9B583C0095FBF1 /* GraphView.swift in Sources */,
			);
			runOnlyForDeploymentPostprocessing = 0;
		};
		2A293C4A2B920B86001474AA /* Sources */ = {
			isa = PBXSourcesBuildPhase;
			buildActionMask = 2147483647;
			files = (
				2AB0E2222B9B4650003FF91E /* GraphTest.swift in Sources */,
				2A5844E62BA0EB4A0011BDC6 /* DataStoreTests.swift in Sources */,
				2AF5E3902B925DDE004A5769 /* GraphJSONLoaderTests.swift in Sources */,
				2AA75C602B9268EF00F39EB6 /* NodeTests.swift in Sources */,
				2A293C532B920B86001474AA /* Contig_WalkerTests.swift in Sources */,
			);
			runOnlyForDeploymentPostprocessing = 0;
		};
/* End PBXSourcesBuildPhase section */

/* Begin PBXTargetDependency section */
		2A293C502B920B86001474AA /* PBXTargetDependency */ = {
			isa = PBXTargetDependency;
			target = 2A293C3A2B920B85001474AA /* Contig Walker */;
			targetProxy = 2A293C4F2B920B86001474AA /* PBXContainerItemProxy */;
		};
/* End PBXTargetDependency section */

/* Begin XCBuildConfiguration section */
		2A293C602B920B86001474AA /* Debug */ = {
			isa = XCBuildConfiguration;
			buildSettings = {
				ALWAYS_SEARCH_USER_PATHS = NO;
				ASSETCATALOG_COMPILER_GENERATE_SWIFT_ASSET_SYMBOL_EXTENSIONS = YES;
				CLANG_ANALYZER_NONNULL = YES;
				CLANG_ANALYZER_NUMBER_OBJECT_CONVERSION = YES_AGGRESSIVE;
				CLANG_CXX_LANGUAGE_STANDARD = "gnu++20";
				CLANG_ENABLE_MODULES = YES;
				CLANG_ENABLE_OBJC_ARC = YES;
				CLANG_ENABLE_OBJC_WEAK = YES;
				CLANG_WARN_BLOCK_CAPTURE_AUTORELEASING = YES;
				CLANG_WARN_BOOL_CONVERSION = YES;
				CLANG_WARN_COMMA = YES;
				CLANG_WARN_CONSTANT_CONVERSION = YES;
				CLANG_WARN_DEPRECATED_OBJC_IMPLEMENTATIONS = YES;
				CLANG_WARN_DIRECT_OBJC_ISA_USAGE = YES_ERROR;
				CLANG_WARN_DOCUMENTATION_COMMENTS = YES;
				CLANG_WARN_EMPTY_BODY = YES;
				CLANG_WARN_ENUM_CONVERSION = YES;
				CLANG_WARN_INFINITE_RECURSION = YES;
				CLANG_WARN_INT_CONVERSION = YES;
				CLANG_WARN_NON_LITERAL_NULL_CONVERSION = YES;
				CLANG_WARN_OBJC_IMPLICIT_RETAIN_SELF = YES;
				CLANG_WARN_OBJC_LITERAL_CONVERSION = YES;
				CLANG_WARN_OBJC_ROOT_CLASS = YES_ERROR;
				CLANG_WARN_QUOTED_INCLUDE_IN_FRAMEWORK_HEADER = YES;
				CLANG_WARN_RANGE_LOOP_ANALYSIS = YES;
				CLANG_WARN_STRICT_PROTOTYPES = YES;
				CLANG_WARN_SUSPICIOUS_MOVE = YES;
				CLANG_WARN_UNGUARDED_AVAILABILITY = YES_AGGRESSIVE;
				CLANG_WARN_UNREACHABLE_CODE = YES;
				CLANG_WARN__DUPLICATE_METHOD_MATCH = YES;
				COPY_PHASE_STRIP = NO;
				DEAD_CODE_STRIPPING = YES;
				DEBUG_INFORMATION_FORMAT = dwarf;
				ENABLE_STRICT_OBJC_MSGSEND = YES;
				ENABLE_TESTABILITY = YES;
				ENABLE_USER_SCRIPT_SANDBOXING = YES;
				GCC_C_LANGUAGE_STANDARD = gnu17;
				GCC_DYNAMIC_NO_PIC = NO;
				GCC_NO_COMMON_BLOCKS = YES;
				GCC_OPTIMIZATION_LEVEL = 0;
				GCC_PREPROCESSOR_DEFINITIONS = (
					"DEBUG=1",
					"$(inherited)",
				);
				GCC_WARN_64_TO_32_BIT_CONVERSION = YES;
				GCC_WARN_ABOUT_RETURN_TYPE = YES_ERROR;
				GCC_WARN_UNDECLARED_SELECTOR = YES;
				GCC_WARN_UNINITIALIZED_AUTOS = YES_AGGRESSIVE;
				GCC_WARN_UNUSED_FUNCTION = YES;
				GCC_WARN_UNUSED_VARIABLE = YES;
				LOCALIZATION_PREFERS_STRING_CATALOGS = YES;
				MTL_ENABLE_DEBUG_INFO = INCLUDE_SOURCE;
				MTL_FAST_MATH = YES;
				ONLY_ACTIVE_ARCH = YES;
				SWIFT_ACTIVE_COMPILATION_CONDITIONS = "DEBUG $(inherited)";
				SWIFT_OPTIMIZATION_LEVEL = "-Onone";
			};
			name = Debug;
		};
		2A293C612B920B86001474AA /* Release */ = {
			isa = XCBuildConfiguration;
			buildSettings = {
				ALWAYS_SEARCH_USER_PATHS = NO;
				ASSETCATALOG_COMPILER_GENERATE_SWIFT_ASSET_SYMBOL_EXTENSIONS = YES;
				CLANG_ANALYZER_NONNULL = YES;
				CLANG_ANALYZER_NUMBER_OBJECT_CONVERSION = YES_AGGRESSIVE;
				CLANG_CXX_LANGUAGE_STANDARD = "gnu++20";
				CLANG_ENABLE_MODULES = YES;
				CLANG_ENABLE_OBJC_ARC = YES;
				CLANG_ENABLE_OBJC_WEAK = YES;
				CLANG_WARN_BLOCK_CAPTURE_AUTORELEASING = YES;
				CLANG_WARN_BOOL_CONVERSION = YES;
				CLANG_WARN_COMMA = YES;
				CLANG_WARN_CONSTANT_CONVERSION = YES;
				CLANG_WARN_DEPRECATED_OBJC_IMPLEMENTATIONS = YES;
				CLANG_WARN_DIRECT_OBJC_ISA_USAGE = YES_ERROR;
				CLANG_WARN_DOCUMENTATION_COMMENTS = YES;
				CLANG_WARN_EMPTY_BODY = YES;
				CLANG_WARN_ENUM_CONVERSION = YES;
				CLANG_WARN_INFINITE_RECURSION = YES;
				CLANG_WARN_INT_CONVERSION = YES;
				CLANG_WARN_NON_LITERAL_NULL_CONVERSION = YES;
				CLANG_WARN_OBJC_IMPLICIT_RETAIN_SELF = YES;
				CLANG_WARN_OBJC_LITERAL_CONVERSION = YES;
				CLANG_WARN_OBJC_ROOT_CLASS = YES_ERROR;
				CLANG_WARN_QUOTED_INCLUDE_IN_FRAMEWORK_HEADER = YES;
				CLANG_WARN_RANGE_LOOP_ANALYSIS = YES;
				CLANG_WARN_STRICT_PROTOTYPES = YES;
				CLANG_WARN_SUSPICIOUS_MOVE = YES;
				CLANG_WARN_UNGUARDED_AVAILABILITY = YES_AGGRESSIVE;
				CLANG_WARN_UNREACHABLE_CODE = YES;
				CLANG_WARN__DUPLICATE_METHOD_MATCH = YES;
				COPY_PHASE_STRIP = NO;
				DEAD_CODE_STRIPPING = YES;
				DEBUG_INFORMATION_FORMAT = "dwarf-with-dsym";
				ENABLE_NS_ASSERTIONS = NO;
				ENABLE_STRICT_OBJC_MSGSEND = YES;
				ENABLE_USER_SCRIPT_SANDBOXING = YES;
				GCC_C_LANGUAGE_STANDARD = gnu17;
				GCC_NO_COMMON_BLOCKS = YES;
				GCC_WARN_64_TO_32_BIT_CONVERSION = YES;
				GCC_WARN_ABOUT_RETURN_TYPE = YES_ERROR;
				GCC_WARN_UNDECLARED_SELECTOR = YES;
				GCC_WARN_UNINITIALIZED_AUTOS = YES_AGGRESSIVE;
				GCC_WARN_UNUSED_FUNCTION = YES;
				GCC_WARN_UNUSED_VARIABLE = YES;
				LOCALIZATION_PREFERS_STRING_CATALOGS = YES;
				MTL_ENABLE_DEBUG_INFO = NO;
				MTL_FAST_MATH = YES;
				SWIFT_COMPILATION_MODE = wholemodule;
			};
			name = Release;
		};
		2A293C632B920B86001474AA /* Debug */ = {
			isa = XCBuildConfiguration;
			buildSettings = {
				ASSETCATALOG_COMPILER_APPICON_NAME = AppIcon;
				ASSETCATALOG_COMPILER_GLOBAL_ACCENT_COLOR_NAME = AccentColor;
				CODE_SIGN_ENTITLEMENTS = "Contig Walker/Contig_Walker.entitlements";
				CODE_SIGN_STYLE = Automatic;
				CURRENT_PROJECT_VERSION = 1;
				DEAD_CODE_STRIPPING = YES;
				DEVELOPMENT_ASSET_PATHS = "\"Contig Walker/Preview Content\"";
				DEVELOPMENT_TEAM = 3L9D67FVN7;
				ENABLE_HARDENED_RUNTIME = YES;
				ENABLE_PREVIEWS = YES;
				GENERATE_INFOPLIST_FILE = YES;
				"INFOPLIST_KEY_UIApplicationSceneManifest_Generation[sdk=iphoneos*]" = YES;
				"INFOPLIST_KEY_UIApplicationSceneManifest_Generation[sdk=iphonesimulator*]" = YES;
				"INFOPLIST_KEY_UIApplicationSupportsIndirectInputEvents[sdk=iphoneos*]" = YES;
				"INFOPLIST_KEY_UIApplicationSupportsIndirectInputEvents[sdk=iphonesimulator*]" = YES;
				"INFOPLIST_KEY_UILaunchScreen_Generation[sdk=iphoneos*]" = YES;
				"INFOPLIST_KEY_UILaunchScreen_Generation[sdk=iphonesimulator*]" = YES;
				"INFOPLIST_KEY_UIStatusBarStyle[sdk=iphoneos*]" = UIStatusBarStyleDefault;
				"INFOPLIST_KEY_UIStatusBarStyle[sdk=iphonesimulator*]" = UIStatusBarStyleDefault;
				INFOPLIST_KEY_UISupportedInterfaceOrientations_iPad = "UIInterfaceOrientationPortrait UIInterfaceOrientationPortraitUpsideDown UIInterfaceOrientationLandscapeLeft UIInterfaceOrientationLandscapeRight";
				INFOPLIST_KEY_UISupportedInterfaceOrientations_iPhone = "UIInterfaceOrientationPortrait UIInterfaceOrientationLandscapeLeft UIInterfaceOrientationLandscapeRight";
				IPHONEOS_DEPLOYMENT_TARGET = 17.2;
				LD_RUNPATH_SEARCH_PATHS = "@executable_path/Frameworks";
				"LD_RUNPATH_SEARCH_PATHS[sdk=macosx*]" = "@executable_path/../Frameworks";
				MACOSX_DEPLOYMENT_TARGET = 14.2;
				MARKETING_VERSION = 1.0;
				PRODUCT_BUNDLE_IDENTIFIER = "com.dyerlab.popgraphs.Contig-Walker";
				PRODUCT_NAME = "$(TARGET_NAME)";
				SDKROOT = auto;
				SUPPORTED_PLATFORMS = "iphoneos iphonesimulator macosx xros xrsimulator";
				SUPPORTS_MACCATALYST = NO;
				SWIFT_EMIT_LOC_STRINGS = YES;
				SWIFT_VERSION = 5.0;
				TARGETED_DEVICE_FAMILY = "1,2,7";
			};
			name = Debug;
		};
		2A293C642B920B86001474AA /* Release */ = {
			isa = XCBuildConfiguration;
			buildSettings = {
				ASSETCATALOG_COMPILER_APPICON_NAME = AppIcon;
				ASSETCATALOG_COMPILER_GLOBAL_ACCENT_COLOR_NAME = AccentColor;
				CODE_SIGN_ENTITLEMENTS = "Contig Walker/Contig_Walker.entitlements";
				CODE_SIGN_STYLE = Automatic;
				CURRENT_PROJECT_VERSION = 1;
				DEAD_CODE_STRIPPING = YES;
				DEVELOPMENT_ASSET_PATHS = "\"Contig Walker/Preview Content\"";
				DEVELOPMENT_TEAM = 3L9D67FVN7;
				ENABLE_HARDENED_RUNTIME = YES;
				ENABLE_PREVIEWS = YES;
				GENERATE_INFOPLIST_FILE = YES;
				"INFOPLIST_KEY_UIApplicationSceneManifest_Generation[sdk=iphoneos*]" = YES;
				"INFOPLIST_KEY_UIApplicationSceneManifest_Generation[sdk=iphonesimulator*]" = YES;
				"INFOPLIST_KEY_UIApplicationSupportsIndirectInputEvents[sdk=iphoneos*]" = YES;
				"INFOPLIST_KEY_UIApplicationSupportsIndirectInputEvents[sdk=iphonesimulator*]" = YES;
				"INFOPLIST_KEY_UILaunchScreen_Generation[sdk=iphoneos*]" = YES;
				"INFOPLIST_KEY_UILaunchScreen_Generation[sdk=iphonesimulator*]" = YES;
				"INFOPLIST_KEY_UIStatusBarStyle[sdk=iphoneos*]" = UIStatusBarStyleDefault;
				"INFOPLIST_KEY_UIStatusBarStyle[sdk=iphonesimulator*]" = UIStatusBarStyleDefault;
				INFOPLIST_KEY_UISupportedInterfaceOrientations_iPad = "UIInterfaceOrientationPortrait UIInterfaceOrientationPortraitUpsideDown UIInterfaceOrientationLandscapeLeft UIInterfaceOrientationLandscapeRight";
				INFOPLIST_KEY_UISupportedInterfaceOrientations_iPhone = "UIInterfaceOrientationPortrait UIInterfaceOrientationLandscapeLeft UIInterfaceOrientationLandscapeRight";
				IPHONEOS_DEPLOYMENT_TARGET = 17.2;
				LD_RUNPATH_SEARCH_PATHS = "@executable_path/Frameworks";
				"LD_RUNPATH_SEARCH_PATHS[sdk=macosx*]" = "@executable_path/../Frameworks";
				MACOSX_DEPLOYMENT_TARGET = 14.2;
				MARKETING_VERSION = 1.0;
				PRODUCT_BUNDLE_IDENTIFIER = "com.dyerlab.popgraphs.Contig-Walker";
				PRODUCT_NAME = "$(TARGET_NAME)";
				SDKROOT = auto;
				SUPPORTED_PLATFORMS = "iphoneos iphonesimulator macosx xros xrsimulator";
				SUPPORTS_MACCATALYST = NO;
				SWIFT_EMIT_LOC_STRINGS = YES;
				SWIFT_VERSION = 5.0;
				TARGETED_DEVICE_FAMILY = "1,2,7";
			};
			name = Release;
		};
		2A293C662B920B86001474AA /* Debug */ = {
			isa = XCBuildConfiguration;
			buildSettings = {
				ALWAYS_EMBED_SWIFT_STANDARD_LIBRARIES = YES;
				BUNDLE_LOADER = "$(TEST_HOST)";
				CODE_SIGN_STYLE = Automatic;
				CURRENT_PROJECT_VERSION = 1;
				DEAD_CODE_STRIPPING = YES;
				DEVELOPMENT_TEAM = 3L9D67FVN7;
				GENERATE_INFOPLIST_FILE = YES;
				IPHONEOS_DEPLOYMENT_TARGET = 17.2;
				MACOSX_DEPLOYMENT_TARGET = 14.2;
				MARKETING_VERSION = 1.0;
				PRODUCT_BUNDLE_IDENTIFIER = "com.dyerlab.popgraphs.Contig-WalkerTests";
				PRODUCT_NAME = "$(TARGET_NAME)";
				SDKROOT = auto;
				SUPPORTED_PLATFORMS = "iphoneos iphonesimulator macosx";
				SWIFT_EMIT_LOC_STRINGS = NO;
				SWIFT_VERSION = 5.0;
				TARGETED_DEVICE_FAMILY = "1,2";
				TEST_HOST = "$(BUILT_PRODUCTS_DIR)/Contig Walker.app/$(BUNDLE_EXECUTABLE_FOLDER_PATH)/Contig Walker";
			};
			name = Debug;
		};
		2A293C672B920B86001474AA /* Release */ = {
			isa = XCBuildConfiguration;
			buildSettings = {
				ALWAYS_EMBED_SWIFT_STANDARD_LIBRARIES = YES;
				BUNDLE_LOADER = "$(TEST_HOST)";
				CODE_SIGN_STYLE = Automatic;
				CURRENT_PROJECT_VERSION = 1;
				DEAD_CODE_STRIPPING = YES;
				DEVELOPMENT_TEAM = 3L9D67FVN7;
				GENERATE_INFOPLIST_FILE = YES;
				IPHONEOS_DEPLOYMENT_TARGET = 17.2;
				MACOSX_DEPLOYMENT_TARGET = 14.2;
				MARKETING_VERSION = 1.0;
				PRODUCT_BUNDLE_IDENTIFIER = "com.dyerlab.popgraphs.Contig-WalkerTests";
				PRODUCT_NAME = "$(TARGET_NAME)";
				SDKROOT = auto;
				SUPPORTED_PLATFORMS = "iphoneos iphonesimulator macosx";
				SWIFT_EMIT_LOC_STRINGS = NO;
				SWIFT_VERSION = 5.0;
				TARGETED_DEVICE_FAMILY = "1,2";
				TEST_HOST = "$(BUILT_PRODUCTS_DIR)/Contig Walker.app/$(BUNDLE_EXECUTABLE_FOLDER_PATH)/Contig Walker";
			};
			name = Release;
		};
/* End XCBuildConfiguration section */

/* Begin XCConfigurationList section */
		2A293C362B920B85001474AA /* Build configuration list for PBXProject "Contig Walker" */ = {
			isa = XCConfigurationList;
			buildConfigurations = (
				2A293C602B920B86001474AA /* Debug */,
				2A293C612B920B86001474AA /* Release */,
			);
			defaultConfigurationIsVisible = 0;
			defaultConfigurationName = Release;
		};
		2A293C622B920B86001474AA /* Build configuration list for PBXNativeTarget "Contig Walker" */ = {
			isa = XCConfigurationList;
			buildConfigurations = (
				2A293C632B920B86001474AA /* Debug */,
				2A293C642B920B86001474AA /* Release */,
			);
			defaultConfigurationIsVisible = 0;
			defaultConfigurationName = Release;
		};
		2A293C652B920B86001474AA /* Build configuration list for PBXNativeTarget "Contig WalkerTests" */ = {
			isa = XCConfigurationList;
			buildConfigurations = (
				2A293C662B920B86001474AA /* Debug */,
				2A293C672B920B86001474AA /* Release */,
			);
			defaultConfigurationIsVisible = 0;
			defaultConfigurationName = Release;
		};
/* End XCConfigurationList section */

/* Begin XCRemoteSwiftPackageReference section */
		2A2DD32F2B932AAA00FD6B4C /* XCRemoteSwiftPackageReference "PresentationZen" */ = {
			isa = XCRemoteSwiftPackageReference;
			repositoryURL = "https://github.com/dyerlab/PresentationZen";
			requirement = {
				branch = main;
				kind = branch;
			};
		};
		2AA9C4532B9BA5EF0095FBF1 /* XCRemoteSwiftPackageReference "Grape" */ = {
			isa = XCRemoteSwiftPackageReference;
			repositoryURL = "https://github.com/li3zhen1/Grape";
			requirement = {
				kind = upToNextMajorVersion;
				minimumVersion = 0.7.1;
			};
		};
		2AF7AF372B9F89B400E72540 /* XCRemoteSwiftPackageReference "DLMatrix" */ = {
			isa = XCRemoteSwiftPackageReference;
			repositoryURL = "https://github.com/dyerlab/DLMatrix";
			requirement = {
				branch = main;
				kind = branch;
			};
		};
/* End XCRemoteSwiftPackageReference section */

/* Begin XCSwiftPackageProductDependency section */
		2A2DD3302B932AAA00FD6B4C /* PresentationZen */ = {
			isa = XCSwiftPackageProductDependency;
			package = 2A2DD32F2B932AAA00FD6B4C /* XCRemoteSwiftPackageReference "PresentationZen" */;
			productName = PresentationZen;
		};
		2AA9C4542B9BA5EF0095FBF1 /* ForceSimulation */ = {
			isa = XCSwiftPackageProductDependency;
			package = 2AA9C4532B9BA5EF0095FBF1 /* XCRemoteSwiftPackageReference "Grape" */;
			productName = ForceSimulation;
		};
		2AA9C4562B9BA5EF0095FBF1 /* Grape */ = {
			isa = XCSwiftPackageProductDependency;
			package = 2AA9C4532B9BA5EF0095FBF1 /* XCRemoteSwiftPackageReference "Grape" */;
			productName = Grape;
		};
		2AF7AF382B9F89B400E72540 /* DLMatrix */ = {
			isa = XCSwiftPackageProductDependency;
			package = 2AF7AF372B9F89B400E72540 /* XCRemoteSwiftPackageReference "DLMatrix" */;
			productName = DLMatrix;
		};
/* End XCSwiftPackageProductDependency section */
	};
	rootObject = 2A293C332B920B85001474AA /* Project object */;
}
