// !$*UTF8*$!
{
	archiveVersion = 1;
	classes = {
	};
	objectVersion = 56;
	objects = {

/* Begin PBXBuildFile section */
		2A293C3F2B920B85001474AA /* Contig_WalkerApp.swift in Sources */ = {isa = PBXBuildFile; fileRef = 2A293C3E2B920B85001474AA /* Contig_WalkerApp.swift */; };
		2A293C412B920B85001474AA /* ContentView.swift in Sources */ = {isa = PBXBuildFile; fileRef = 2A293C402B920B85001474AA /* ContentView.swift */; };
		2A293C432B920B85001474AA /* Graph.swift in Sources */ = {isa = PBXBuildFile; fileRef = 2A293C422B920B85001474AA /* Graph.swift */; };
		2A293C452B920B86001474AA /* Assets.xcassets in Resources */ = {isa = PBXBuildFile; fileRef = 2A293C442B920B86001474AA /* Assets.xcassets */; };
		2A293C492B920B86001474AA /* Preview Assets.xcassets in Resources */ = {isa = PBXBuildFile; fileRef = 2A293C482B920B86001474AA /* Preview Assets.xcassets */; };
		2A293C532B920B86001474AA /* Contig_WalkerTests.swift in Sources */ = {isa = PBXBuildFile; fileRef = 2A293C522B920B86001474AA /* Contig_WalkerTests.swift */; };
		2AA75C602B9268EF00F39EB6 /* NodeTests.swift in Sources */ = {isa = PBXBuildFile; fileRef = 2AA75C5F2B9268EF00F39EB6 /* NodeTests.swift */; };
		2AE2D8312B920C190063DBF9 /* README.md in Resources */ = {isa = PBXBuildFile; fileRef = 2AE2D82F2B920C190063DBF9 /* README.md */; };
		2AE2D8332B920E3A0063DBF9 /* DataBase.swift in Sources */ = {isa = PBXBuildFile; fileRef = 2AE2D8322B920E3A0063DBF9 /* DataBase.swift */; };
		2AE2D9012B9212040063DBF9 /* Node.swift in Sources */ = {isa = PBXBuildFile; fileRef = 2AE2D9002B9212040063DBF9 /* Node.swift */; };
		2AE2D9032B9212A10063DBF9 /* Edge.swift in Sources */ = {isa = PBXBuildFile; fileRef = 2AE2D9022B9212A10063DBF9 /* Edge.swift */; };
		2AF5E3292B922650004A5769 /* Locus.swift in Sources */ = {isa = PBXBuildFile; fileRef = 2AF5E3282B922650004A5769 /* Locus.swift */; };
		2AF5E35C2B925571004A5769 /* graph_chr2_40bp_14.json in Resources */ = {isa = PBXBuildFile; fileRef = 2AF5E32A2B92556F004A5769 /* graph_chr2_40bp_14.json */; };
		2AF5E35D2B925571004A5769 /* graph_chr2_40bp_19.json in Resources */ = {isa = PBXBuildFile; fileRef = 2AF5E32B2B92556F004A5769 /* graph_chr2_40bp_19.json */; };
		2AF5E35E2B925571004A5769 /* graph_chr2_40bp_24.json in Resources */ = {isa = PBXBuildFile; fileRef = 2AF5E32C2B92556F004A5769 /* graph_chr2_40bp_24.json */; };
		2AF5E35F2B925571004A5769 /* graph_chr2_40bp_11.json in Resources */ = {isa = PBXBuildFile; fileRef = 2AF5E32D2B92556F004A5769 /* graph_chr2_40bp_11.json */; };
		2AF5E3602B925571004A5769 /* graph_chr2_40bp_7.json in Resources */ = {isa = PBXBuildFile; fileRef = 2AF5E32E2B92556F004A5769 /* graph_chr2_40bp_7.json */; };
		2AF5E3612B925571004A5769 /* graph_chr2_40bp_36.json in Resources */ = {isa = PBXBuildFile; fileRef = 2AF5E32F2B92556F004A5769 /* graph_chr2_40bp_36.json */; };
		2AF5E3622B925571004A5769 /* graph_chr2_40bp_21.json in Resources */ = {isa = PBXBuildFile; fileRef = 2AF5E3302B92556F004A5769 /* graph_chr2_40bp_21.json */; };
		2AF5E3632B925571004A5769 /* graph_chr2_40bp_44.json in Resources */ = {isa = PBXBuildFile; fileRef = 2AF5E3312B925570004A5769 /* graph_chr2_40bp_44.json */; };
		2AF5E3642B925571004A5769 /* graph_chr2_40bp_18.json in Resources */ = {isa = PBXBuildFile; fileRef = 2AF5E3322B925570004A5769 /* graph_chr2_40bp_18.json */; };
		2AF5E3652B925571004A5769 /* graph_chr2_40bp_12.json in Resources */ = {isa = PBXBuildFile; fileRef = 2AF5E3332B925570004A5769 /* graph_chr2_40bp_12.json */; };
		2AF5E3662B925571004A5769 /* graph_chr2_40bp_37.json in Resources */ = {isa = PBXBuildFile; fileRef = 2AF5E3342B925570004A5769 /* graph_chr2_40bp_37.json */; };
		2AF5E3672B925571004A5769 /* graph_chr2_40bp_13.json in Resources */ = {isa = PBXBuildFile; fileRef = 2AF5E3352B925570004A5769 /* graph_chr2_40bp_13.json */; };
		2AF5E3682B925571004A5769 /* graph_chr2_40bp_32.json in Resources */ = {isa = PBXBuildFile; fileRef = 2AF5E3362B925570004A5769 /* graph_chr2_40bp_32.json */; };
		2AF5E3692B925571004A5769 /* graph_chr2_40bp_9.json in Resources */ = {isa = PBXBuildFile; fileRef = 2AF5E3372B925570004A5769 /* graph_chr2_40bp_9.json */; };
		2AF5E36A2B925571004A5769 /* graph_chr2_40bp_10.json in Resources */ = {isa = PBXBuildFile; fileRef = 2AF5E3382B925570004A5769 /* graph_chr2_40bp_10.json */; };
		2AF5E36B2B925571004A5769 /* graph_chr2_40bp_41.json in Resources */ = {isa = PBXBuildFile; fileRef = 2AF5E3392B925570004A5769 /* graph_chr2_40bp_41.json */; };
		2AF5E36C2B925571004A5769 /* graph_chr2_40bp_50.json in Resources */ = {isa = PBXBuildFile; fileRef = 2AF5E33A2B925570004A5769 /* graph_chr2_40bp_50.json */; };
		2AF5E36D2B925571004A5769 /* graph_chr2_40bp_47.json in Resources */ = {isa = PBXBuildFile; fileRef = 2AF5E33B2B925570004A5769 /* graph_chr2_40bp_47.json */; };
		2AF5E36E2B925571004A5769 /* graph_chr2_40bp_16.json in Resources */ = {isa = PBXBuildFile; fileRef = 2AF5E33C2B925570004A5769 /* graph_chr2_40bp_16.json */; };
		2AF5E36F2B925571004A5769 /* graph_chr2_40bp_25.json in Resources */ = {isa = PBXBuildFile; fileRef = 2AF5E33D2B925570004A5769 /* graph_chr2_40bp_25.json */; };
		2AF5E3702B925571004A5769 /* graph_chr2_40bp_28.json in Resources */ = {isa = PBXBuildFile; fileRef = 2AF5E33E2B925570004A5769 /* graph_chr2_40bp_28.json */; };
		2AF5E3712B925571004A5769 /* graph_chr2_40bp_20.json in Resources */ = {isa = PBXBuildFile; fileRef = 2AF5E33F2B925570004A5769 /* graph_chr2_40bp_20.json */; };
		2AF5E3722B925571004A5769 /* graph_chr2_40bp_4.json in Resources */ = {isa = PBXBuildFile; fileRef = 2AF5E3402B925570004A5769 /* graph_chr2_40bp_4.json */; };
		2AF5E3732B925571004A5769 /* graph_chr2_40bp_49.json in Resources */ = {isa = PBXBuildFile; fileRef = 2AF5E3412B925570004A5769 /* graph_chr2_40bp_49.json */; };
		2AF5E3742B925571004A5769 /* graph_chr2_40bp_5.json in Resources */ = {isa = PBXBuildFile; fileRef = 2AF5E3422B925570004A5769 /* graph_chr2_40bp_5.json */; };
		2AF5E3752B925571004A5769 /* graph_chr2_40bp_48.json in Resources */ = {isa = PBXBuildFile; fileRef = 2AF5E3432B925570004A5769 /* graph_chr2_40bp_48.json */; };
		2AF5E3762B925571004A5769 /* graph_chr2_40bp_31.json in Resources */ = {isa = PBXBuildFile; fileRef = 2AF5E3442B925570004A5769 /* graph_chr2_40bp_31.json */; };
		2AF5E3772B925571004A5769 /* graph_chr2_40bp_46.json in Resources */ = {isa = PBXBuildFile; fileRef = 2AF5E3452B925570004A5769 /* graph_chr2_40bp_46.json */; };
		2AF5E3782B925571004A5769 /* graph_chr2_40bp_6.json in Resources */ = {isa = PBXBuildFile; fileRef = 2AF5E3462B925570004A5769 /* graph_chr2_40bp_6.json */; };
		2AF5E3792B925571004A5769 /* graph_chr2_40bp_8.json in Resources */ = {isa = PBXBuildFile; fileRef = 2AF5E3472B925570004A5769 /* graph_chr2_40bp_8.json */; };
		2AF5E37A2B925571004A5769 /* graph_chr2_40bp_27.json in Resources */ = {isa = PBXBuildFile; fileRef = 2AF5E3482B925570004A5769 /* graph_chr2_40bp_27.json */; };
		2AF5E37B2B925571004A5769 /* graph_chr2_40bp_33.json in Resources */ = {isa = PBXBuildFile; fileRef = 2AF5E3492B925570004A5769 /* graph_chr2_40bp_33.json */; };
		2AF5E37C2B925571004A5769 /* graph_chr2_40bp_35.json in Resources */ = {isa = PBXBuildFile; fileRef = 2AF5E34A2B925570004A5769 /* graph_chr2_40bp_35.json */; };
		2AF5E37D2B925571004A5769 /* graph_chr2_40bp_15.json in Resources */ = {isa = PBXBuildFile; fileRef = 2AF5E34B2B925570004A5769 /* graph_chr2_40bp_15.json */; };
		2AF5E37E2B925571004A5769 /* graph_chr2_40bp_23.json in Resources */ = {isa = PBXBuildFile; fileRef = 2AF5E34C2B925570004A5769 /* graph_chr2_40bp_23.json */; };
		2AF5E37F2B925571004A5769 /* graph_chr2_40bp_39.json in Resources */ = {isa = PBXBuildFile; fileRef = 2AF5E34D2B925570004A5769 /* graph_chr2_40bp_39.json */; };
		2AF5E3802B925571004A5769 /* graph_chr2_40bp_17.json in Resources */ = {isa = PBXBuildFile; fileRef = 2AF5E34E2B925570004A5769 /* graph_chr2_40bp_17.json */; };
		2AF5E3812B925571004A5769 /* graph_chr2_40bp_30.json in Resources */ = {isa = PBXBuildFile; fileRef = 2AF5E34F2B925570004A5769 /* graph_chr2_40bp_30.json */; };
		2AF5E3822B925571004A5769 /* graph_chr2_40bp_38.json in Resources */ = {isa = PBXBuildFile; fileRef = 2AF5E3502B925570004A5769 /* graph_chr2_40bp_38.json */; };
		2AF5E3832B925571004A5769 /* graph_chr2_40bp_42.json in Resources */ = {isa = PBXBuildFile; fileRef = 2AF5E3512B925570004A5769 /* graph_chr2_40bp_42.json */; };
		2AF5E3842B925571004A5769 /* graph_chr2_40bp_29.json in Resources */ = {isa = PBXBuildFile; fileRef = 2AF5E3522B925570004A5769 /* graph_chr2_40bp_29.json */; };
		2AF5E3852B925571004A5769 /* graph_chr2_40bp_1.json in Resources */ = {isa = PBXBuildFile; fileRef = 2AF5E3532B925570004A5769 /* graph_chr2_40bp_1.json */; };
		2AF5E3862B925571004A5769 /* graph_chr2_40bp_22.json in Resources */ = {isa = PBXBuildFile; fileRef = 2AF5E3542B925570004A5769 /* graph_chr2_40bp_22.json */; };
		2AF5E3872B925571004A5769 /* graph_chr2_40bp_3.json in Resources */ = {isa = PBXBuildFile; fileRef = 2AF5E3552B925570004A5769 /* graph_chr2_40bp_3.json */; };
		2AF5E3882B925571004A5769 /* graph_chr2_40bp_43.json in Resources */ = {isa = PBXBuildFile; fileRef = 2AF5E3562B925570004A5769 /* graph_chr2_40bp_43.json */; };
		2AF5E3892B925571004A5769 /* graph_chr2_40bp_40.json in Resources */ = {isa = PBXBuildFile; fileRef = 2AF5E3572B925570004A5769 /* graph_chr2_40bp_40.json */; };
		2AF5E38A2B925571004A5769 /* graph_chr2_40bp_34.json in Resources */ = {isa = PBXBuildFile; fileRef = 2AF5E3582B925570004A5769 /* graph_chr2_40bp_34.json */; };
		2AF5E38B2B925571004A5769 /* graph_chr2_40bp_45.json in Resources */ = {isa = PBXBuildFile; fileRef = 2AF5E3592B925570004A5769 /* graph_chr2_40bp_45.json */; };
		2AF5E38C2B925571004A5769 /* graph_chr2_40bp_26.json in Resources */ = {isa = PBXBuildFile; fileRef = 2AF5E35A2B925570004A5769 /* graph_chr2_40bp_26.json */; };
		2AF5E38D2B925571004A5769 /* graph_chr2_40bp_2.json in Resources */ = {isa = PBXBuildFile; fileRef = 2AF5E35B2B925571004A5769 /* graph_chr2_40bp_2.json */; };
		2AF5E3902B925DDE004A5769 /* GraphTests.swift in Sources */ = {isa = PBXBuildFile; fileRef = 2AF5E38F2B925DDE004A5769 /* GraphTests.swift */; };
/* End PBXBuildFile section */

/* Begin PBXContainerItemProxy section */
		2A293C4F2B920B86001474AA /* PBXContainerItemProxy */ = {
			isa = PBXContainerItemProxy;
			containerPortal = 2A293C332B920B85001474AA /* Project object */;
			proxyType = 1;
			remoteGlobalIDString = 2A293C3A2B920B85001474AA;
			remoteInfo = "Contig Walker";
		};
/* End PBXContainerItemProxy section */

/* Begin PBXFileReference section */
		2A293C3B2B920B85001474AA /* Contig Walker.app */ = {isa = PBXFileReference; explicitFileType = wrapper.application; includeInIndex = 0; path = "Contig Walker.app"; sourceTree = BUILT_PRODUCTS_DIR; };
		2A293C3E2B920B85001474AA /* Contig_WalkerApp.swift */ = {isa = PBXFileReference; lastKnownFileType = sourcecode.swift; path = Contig_WalkerApp.swift; sourceTree = "<group>"; };
		2A293C402B920B85001474AA /* ContentView.swift */ = {isa = PBXFileReference; lastKnownFileType = sourcecode.swift; path = ContentView.swift; sourceTree = "<group>"; };
		2A293C422B920B85001474AA /* Graph.swift */ = {isa = PBXFileReference; lastKnownFileType = sourcecode.swift; path = Graph.swift; sourceTree = "<group>"; };
		2A293C442B920B86001474AA /* Assets.xcassets */ = {isa = PBXFileReference; lastKnownFileType = folder.assetcatalog; path = Assets.xcassets; sourceTree = "<group>"; };
		2A293C462B920B86001474AA /* Contig_Walker.entitlements */ = {isa = PBXFileReference; lastKnownFileType = text.plist.entitlements; path = Contig_Walker.entitlements; sourceTree = "<group>"; };
		2A293C482B920B86001474AA /* Preview Assets.xcassets */ = {isa = PBXFileReference; lastKnownFileType = folder.assetcatalog; path = "Preview Assets.xcassets"; sourceTree = "<group>"; };
		2A293C4E2B920B86001474AA /* Contig WalkerTests.xctest */ = {isa = PBXFileReference; explicitFileType = wrapper.cfbundle; includeInIndex = 0; path = "Contig WalkerTests.xctest"; sourceTree = BUILT_PRODUCTS_DIR; };
		2A293C522B920B86001474AA /* Contig_WalkerTests.swift */ = {isa = PBXFileReference; lastKnownFileType = sourcecode.swift; path = Contig_WalkerTests.swift; sourceTree = "<group>"; };
		2AA75C5F2B9268EF00F39EB6 /* NodeTests.swift */ = {isa = PBXFileReference; lastKnownFileType = sourcecode.swift; path = NodeTests.swift; sourceTree = "<group>"; };
		2AE2D82F2B920C190063DBF9 /* README.md */ = {isa = PBXFileReference; fileEncoding = 4; lastKnownFileType = net.daringfireball.markdown; path = README.md; sourceTree = "<group>"; };
		2AE2D8322B920E3A0063DBF9 /* DataBase.swift */ = {isa = PBXFileReference; lastKnownFileType = sourcecode.swift; path = DataBase.swift; sourceTree = "<group>"; };
		2AE2D9002B9212040063DBF9 /* Node.swift */ = {isa = PBXFileReference; lastKnownFileType = sourcecode.swift; path = Node.swift; sourceTree = "<group>"; };
		2AE2D9022B9212A10063DBF9 /* Edge.swift */ = {isa = PBXFileReference; lastKnownFileType = sourcecode.swift; path = Edge.swift; sourceTree = "<group>"; };
		2AF5E3282B922650004A5769 /* Locus.swift */ = {isa = PBXFileReference; lastKnownFileType = sourcecode.swift; path = Locus.swift; sourceTree = "<group>"; };
		2AF5E32A2B92556F004A5769 /* graph_chr2_40bp_14.json */ = {isa = PBXFileReference; lastKnownFileType = text.json; path = graph_chr2_40bp_14.json; sourceTree = "<group>"; };
		2AF5E32B2B92556F004A5769 /* graph_chr2_40bp_19.json */ = {isa = PBXFileReference; lastKnownFileType = text.json; path = graph_chr2_40bp_19.json; sourceTree = "<group>"; };
		2AF5E32C2B92556F004A5769 /* graph_chr2_40bp_24.json */ = {isa = PBXFileReference; lastKnownFileType = text.json; path = graph_chr2_40bp_24.json; sourceTree = "<group>"; };
		2AF5E32D2B92556F004A5769 /* graph_chr2_40bp_11.json */ = {isa = PBXFileReference; lastKnownFileType = text.json; path = graph_chr2_40bp_11.json; sourceTree = "<group>"; };
		2AF5E32E2B92556F004A5769 /* graph_chr2_40bp_7.json */ = {isa = PBXFileReference; lastKnownFileType = text.json; path = graph_chr2_40bp_7.json; sourceTree = "<group>"; };
		2AF5E32F2B92556F004A5769 /* graph_chr2_40bp_36.json */ = {isa = PBXFileReference; lastKnownFileType = text.json; path = graph_chr2_40bp_36.json; sourceTree = "<group>"; };
		2AF5E3302B92556F004A5769 /* graph_chr2_40bp_21.json */ = {isa = PBXFileReference; lastKnownFileType = text.json; path = graph_chr2_40bp_21.json; sourceTree = "<group>"; };
		2AF5E3312B925570004A5769 /* graph_chr2_40bp_44.json */ = {isa = PBXFileReference; lastKnownFileType = text.json; path = graph_chr2_40bp_44.json; sourceTree = "<group>"; };
		2AF5E3322B925570004A5769 /* graph_chr2_40bp_18.json */ = {isa = PBXFileReference; lastKnownFileType = text.json; path = graph_chr2_40bp_18.json; sourceTree = "<group>"; };
		2AF5E3332B925570004A5769 /* graph_chr2_40bp_12.json */ = {isa = PBXFileReference; lastKnownFileType = text.json; path = graph_chr2_40bp_12.json; sourceTree = "<group>"; };
		2AF5E3342B925570004A5769 /* graph_chr2_40bp_37.json */ = {isa = PBXFileReference; lastKnownFileType = text.json; path = graph_chr2_40bp_37.json; sourceTree = "<group>"; };
		2AF5E3352B925570004A5769 /* graph_chr2_40bp_13.json */ = {isa = PBXFileReference; lastKnownFileType = text.json; path = graph_chr2_40bp_13.json; sourceTree = "<group>"; };
		2AF5E3362B925570004A5769 /* graph_chr2_40bp_32.json */ = {isa = PBXFileReference; lastKnownFileType = text.json; path = graph_chr2_40bp_32.json; sourceTree = "<group>"; };
		2AF5E3372B925570004A5769 /* graph_chr2_40bp_9.json */ = {isa = PBXFileReference; lastKnownFileType = text.json; path = graph_chr2_40bp_9.json; sourceTree = "<group>"; };
		2AF5E3382B925570004A5769 /* graph_chr2_40bp_10.json */ = {isa = PBXFileReference; lastKnownFileType = text.json; path = graph_chr2_40bp_10.json; sourceTree = "<group>"; };
		2AF5E3392B925570004A5769 /* graph_chr2_40bp_41.json */ = {isa = PBXFileReference; lastKnownFileType = text.json; path = graph_chr2_40bp_41.json; sourceTree = "<group>"; };
		2AF5E33A2B925570004A5769 /* graph_chr2_40bp_50.json */ = {isa = PBXFileReference; lastKnownFileType = text.json; path = graph_chr2_40bp_50.json; sourceTree = "<group>"; };
		2AF5E33B2B925570004A5769 /* graph_chr2_40bp_47.json */ = {isa = PBXFileReference; lastKnownFileType = text.json; path = graph_chr2_40bp_47.json; sourceTree = "<group>"; };
		2AF5E33C2B925570004A5769 /* graph_chr2_40bp_16.json */ = {isa = PBXFileReference; lastKnownFileType = text.json; path = graph_chr2_40bp_16.json; sourceTree = "<group>"; };
		2AF5E33D2B925570004A5769 /* graph_chr2_40bp_25.json */ = {isa = PBXFileReference; lastKnownFileType = text.json; path = graph_chr2_40bp_25.json; sourceTree = "<group>"; };
		2AF5E33E2B925570004A5769 /* graph_chr2_40bp_28.json */ = {isa = PBXFileReference; lastKnownFileType = text.json; path = graph_chr2_40bp_28.json; sourceTree = "<group>"; };
		2AF5E33F2B925570004A5769 /* graph_chr2_40bp_20.json */ = {isa = PBXFileReference; lastKnownFileType = text.json; path = graph_chr2_40bp_20.json; sourceTree = "<group>"; };
		2AF5E3402B925570004A5769 /* graph_chr2_40bp_4.json */ = {isa = PBXFileReference; lastKnownFileType = text.json; path = graph_chr2_40bp_4.json; sourceTree = "<group>"; };
		2AF5E3412B925570004A5769 /* graph_chr2_40bp_49.json */ = {isa = PBXFileReference; lastKnownFileType = text.json; path = graph_chr2_40bp_49.json; sourceTree = "<group>"; };
		2AF5E3422B925570004A5769 /* graph_chr2_40bp_5.json */ = {isa = PBXFileReference; lastKnownFileType = text.json; path = graph_chr2_40bp_5.json; sourceTree = "<group>"; };
		2AF5E3432B925570004A5769 /* graph_chr2_40bp_48.json */ = {isa = PBXFileReference; lastKnownFileType = text.json; path = graph_chr2_40bp_48.json; sourceTree = "<group>"; };
		2AF5E3442B925570004A5769 /* graph_chr2_40bp_31.json */ = {isa = PBXFileReference; lastKnownFileType = text.json; path = graph_chr2_40bp_31.json; sourceTree = "<group>"; };
		2AF5E3452B925570004A5769 /* graph_chr2_40bp_46.json */ = {isa = PBXFileReference; lastKnownFileType = text.json; path = graph_chr2_40bp_46.json; sourceTree = "<group>"; };
		2AF5E3462B925570004A5769 /* graph_chr2_40bp_6.json */ = {isa = PBXFileReference; lastKnownFileType = text.json; path = graph_chr2_40bp_6.json; sourceTree = "<group>"; };
		2AF5E3472B925570004A5769 /* graph_chr2_40bp_8.json */ = {isa = PBXFileReference; lastKnownFileType = text.json; path = graph_chr2_40bp_8.json; sourceTree = "<group>"; };
		2AF5E3482B925570004A5769 /* graph_chr2_40bp_27.json */ = {isa = PBXFileReference; lastKnownFileType = text.json; path = graph_chr2_40bp_27.json; sourceTree = "<group>"; };
		2AF5E3492B925570004A5769 /* graph_chr2_40bp_33.json */ = {isa = PBXFileReference; lastKnownFileType = text.json; path = graph_chr2_40bp_33.json; sourceTree = "<group>"; };
		2AF5E34A2B925570004A5769 /* graph_chr2_40bp_35.json */ = {isa = PBXFileReference; lastKnownFileType = text.json; path = graph_chr2_40bp_35.json; sourceTree = "<group>"; };
		2AF5E34B2B925570004A5769 /* graph_chr2_40bp_15.json */ = {isa = PBXFileReference; lastKnownFileType = text.json; path = graph_chr2_40bp_15.json; sourceTree = "<group>"; };
		2AF5E34C2B925570004A5769 /* graph_chr2_40bp_23.json */ = {isa = PBXFileReference; lastKnownFileType = text.json; path = graph_chr2_40bp_23.json; sourceTree = "<group>"; };
		2AF5E34D2B925570004A5769 /* graph_chr2_40bp_39.json */ = {isa = PBXFileReference; lastKnownFileType = text.json; path = graph_chr2_40bp_39.json; sourceTree = "<group>"; };
		2AF5E34E2B925570004A5769 /* graph_chr2_40bp_17.json */ = {isa = PBXFileReference; lastKnownFileType = text.json; path = graph_chr2_40bp_17.json; sourceTree = "<group>"; };
		2AF5E34F2B925570004A5769 /* graph_chr2_40bp_30.json */ = {isa = PBXFileReference; lastKnownFileType = text.json; path = graph_chr2_40bp_30.json; sourceTree = "<group>"; };
		2AF5E3502B925570004A5769 /* graph_chr2_40bp_38.json */ = {isa = PBXFileReference; lastKnownFileType = text.json; path = graph_chr2_40bp_38.json; sourceTree = "<group>"; };
		2AF5E3512B925570004A5769 /* graph_chr2_40bp_42.json */ = {isa = PBXFileReference; lastKnownFileType = text.json; path = graph_chr2_40bp_42.json; sourceTree = "<group>"; };
		2AF5E3522B925570004A5769 /* graph_chr2_40bp_29.json */ = {isa = PBXFileReference; lastKnownFileType = text.json; path = graph_chr2_40bp_29.json; sourceTree = "<group>"; };
		2AF5E3532B925570004A5769 /* graph_chr2_40bp_1.json */ = {isa = PBXFileReference; lastKnownFileType = text.json; path = graph_chr2_40bp_1.json; sourceTree = "<group>"; };
		2AF5E3542B925570004A5769 /* graph_chr2_40bp_22.json */ = {isa = PBXFileReference; lastKnownFileType = text.json; path = graph_chr2_40bp_22.json; sourceTree = "<group>"; };
		2AF5E3552B925570004A5769 /* graph_chr2_40bp_3.json */ = {isa = PBXFileReference; lastKnownFileType = text.json; path = graph_chr2_40bp_3.json; sourceTree = "<group>"; };
		2AF5E3562B925570004A5769 /* graph_chr2_40bp_43.json */ = {isa = PBXFileReference; lastKnownFileType = text.json; path = graph_chr2_40bp_43.json; sourceTree = "<group>"; };
		2AF5E3572B925570004A5769 /* graph_chr2_40bp_40.json */ = {isa = PBXFileReference; lastKnownFileType = text.json; path = graph_chr2_40bp_40.json; sourceTree = "<group>"; };
		2AF5E3582B925570004A5769 /* graph_chr2_40bp_34.json */ = {isa = PBXFileReference; lastKnownFileType = text.json; path = graph_chr2_40bp_34.json; sourceTree = "<group>"; };
		2AF5E3592B925570004A5769 /* graph_chr2_40bp_45.json */ = {isa = PBXFileReference; lastKnownFileType = text.json; path = graph_chr2_40bp_45.json; sourceTree = "<group>"; };
		2AF5E35A2B925570004A5769 /* graph_chr2_40bp_26.json */ = {isa = PBXFileReference; lastKnownFileType = text.json; path = graph_chr2_40bp_26.json; sourceTree = "<group>"; };
		2AF5E35B2B925571004A5769 /* graph_chr2_40bp_2.json */ = {isa = PBXFileReference; lastKnownFileType = text.json; path = graph_chr2_40bp_2.json; sourceTree = "<group>"; };
		2AF5E38F2B925DDE004A5769 /* GraphTests.swift */ = {isa = PBXFileReference; lastKnownFileType = sourcecode.swift; path = GraphTests.swift; sourceTree = "<group>"; };
/* End PBXFileReference section */

/* Begin PBXFrameworksBuildPhase section */
		2A293C382B920B85001474AA /* Frameworks */ = {
			isa = PBXFrameworksBuildPhase;
			buildActionMask = 2147483647;
			files = (
			);
			runOnlyForDeploymentPostprocessing = 0;
		};
		2A293C4B2B920B86001474AA /* Frameworks */ = {
			isa = PBXFrameworksBuildPhase;
			buildActionMask = 2147483647;
			files = (
			);
			runOnlyForDeploymentPostprocessing = 0;
		};
/* End PBXFrameworksBuildPhase section */

/* Begin PBXGroup section */
		2A293C322B920B85001474AA = {
			isa = PBXGroup;
			children = (
				2AE2D82F2B920C190063DBF9 /* README.md */,
				2AF5E38E2B92557E004A5769 /* data */,
				2A293C3D2B920B85001474AA /* Contig Walker */,
				2A293C512B920B86001474AA /* Contig WalkerTests */,
				2A293C3C2B920B85001474AA /* Products */,
			);
			sourceTree = "<group>";
		};
		2A293C3C2B920B85001474AA /* Products */ = {
			isa = PBXGroup;
			children = (
				2A293C3B2B920B85001474AA /* Contig Walker.app */,
				2A293C4E2B920B86001474AA /* Contig WalkerTests.xctest */,
			);
			name = Products;
			sourceTree = "<group>";
		};
		2A293C3D2B920B85001474AA /* Contig Walker */ = {
			isa = PBXGroup;
			children = (
				2A293C3E2B920B85001474AA /* Contig_WalkerApp.swift */,
				2A293C402B920B85001474AA /* ContentView.swift */,
				2AE2D8FD2B9211E50063DBF9 /* Models */,
				2A293C442B920B86001474AA /* Assets.xcassets */,
				2A293C462B920B86001474AA /* Contig_Walker.entitlements */,
				2A293C472B920B86001474AA /* Preview Content */,
			);
			path = "Contig Walker";
			sourceTree = "<group>";
		};
		2A293C472B920B86001474AA /* Preview Content */ = {
			isa = PBXGroup;
			children = (
				2A293C482B920B86001474AA /* Preview Assets.xcassets */,
			);
			path = "Preview Content";
			sourceTree = "<group>";
		};
		2A293C512B920B86001474AA /* Contig WalkerTests */ = {
			isa = PBXGroup;
			children = (
				2A293C522B920B86001474AA /* Contig_WalkerTests.swift */,
				2AF5E38F2B925DDE004A5769 /* GraphTests.swift */,
				2AA75C5F2B9268EF00F39EB6 /* NodeTests.swift */,
			);
			path = "Contig WalkerTests";
			sourceTree = "<group>";
		};
		2AE2D8FD2B9211E50063DBF9 /* Models */ = {
			isa = PBXGroup;
			children = (
				2AE2D8FF2B9211F80063DBF9 /* Database */,
				2AE2D8FE2B9211EF0063DBF9 /* Graph Objects */,
			);
			path = Models;
			sourceTree = "<group>";
		};
		2AE2D8FE2B9211EF0063DBF9 /* Graph Objects */ = {
			isa = PBXGroup;
			children = (
				2A293C422B920B85001474AA /* Graph.swift */,
				2AE2D9002B9212040063DBF9 /* Node.swift */,
				2AE2D9022B9212A10063DBF9 /* Edge.swift */,
				2AF5E3282B922650004A5769 /* Locus.swift */,
			);
			path = "Graph Objects";
			sourceTree = "<group>";
		};
		2AE2D8FF2B9211F80063DBF9 /* Database */ = {
			isa = PBXGroup;
			children = (
				2AE2D8322B920E3A0063DBF9 /* DataBase.swift */,
			);
			path = Database;
			sourceTree = "<group>";
		};
		2AF5E38E2B92557E004A5769 /* data */ = {
			isa = PBXGroup;
			children = (
				2AF5E3532B925570004A5769 /* graph_chr2_40bp_1.json */,
				2AF5E35B2B925571004A5769 /* graph_chr2_40bp_2.json */,
				2AF5E3552B925570004A5769 /* graph_chr2_40bp_3.json */,
				2AF5E3402B925570004A5769 /* graph_chr2_40bp_4.json */,
				2AF5E3422B925570004A5769 /* graph_chr2_40bp_5.json */,
				2AF5E3462B925570004A5769 /* graph_chr2_40bp_6.json */,
				2AF5E32E2B92556F004A5769 /* graph_chr2_40bp_7.json */,
				2AF5E3472B925570004A5769 /* graph_chr2_40bp_8.json */,
				2AF5E3372B925570004A5769 /* graph_chr2_40bp_9.json */,
				2AF5E3382B925570004A5769 /* graph_chr2_40bp_10.json */,
				2AF5E32D2B92556F004A5769 /* graph_chr2_40bp_11.json */,
				2AF5E3332B925570004A5769 /* graph_chr2_40bp_12.json */,
				2AF5E3352B925570004A5769 /* graph_chr2_40bp_13.json */,
				2AF5E32A2B92556F004A5769 /* graph_chr2_40bp_14.json */,
				2AF5E34B2B925570004A5769 /* graph_chr2_40bp_15.json */,
				2AF5E33C2B925570004A5769 /* graph_chr2_40bp_16.json */,
				2AF5E34E2B925570004A5769 /* graph_chr2_40bp_17.json */,
				2AF5E3322B925570004A5769 /* graph_chr2_40bp_18.json */,
				2AF5E32B2B92556F004A5769 /* graph_chr2_40bp_19.json */,
				2AF5E33F2B925570004A5769 /* graph_chr2_40bp_20.json */,
				2AF5E3302B92556F004A5769 /* graph_chr2_40bp_21.json */,
				2AF5E3542B925570004A5769 /* graph_chr2_40bp_22.json */,
				2AF5E34C2B925570004A5769 /* graph_chr2_40bp_23.json */,
				2AF5E32C2B92556F004A5769 /* graph_chr2_40bp_24.json */,
				2AF5E33D2B925570004A5769 /* graph_chr2_40bp_25.json */,
				2AF5E35A2B925570004A5769 /* graph_chr2_40bp_26.json */,
				2AF5E3482B925570004A5769 /* graph_chr2_40bp_27.json */,
				2AF5E33E2B925570004A5769 /* graph_chr2_40bp_28.json */,
				2AF5E3522B925570004A5769 /* graph_chr2_40bp_29.json */,
				2AF5E34F2B925570004A5769 /* graph_chr2_40bp_30.json */,
				2AF5E3442B925570004A5769 /* graph_chr2_40bp_31.json */,
				2AF5E3362B925570004A5769 /* graph_chr2_40bp_32.json */,
				2AF5E3492B925570004A5769 /* graph_chr2_40bp_33.json */,
				2AF5E3582B925570004A5769 /* graph_chr2_40bp_34.json */,
				2AF5E34A2B925570004A5769 /* graph_chr2_40bp_35.json */,
				2AF5E32F2B92556F004A5769 /* graph_chr2_40bp_36.json */,
				2AF5E3342B925570004A5769 /* graph_chr2_40bp_37.json */,
				2AF5E3502B925570004A5769 /* graph_chr2_40bp_38.json */,
				2AF5E34D2B925570004A5769 /* graph_chr2_40bp_39.json */,
				2AF5E3572B925570004A5769 /* graph_chr2_40bp_40.json */,
				2AF5E3392B925570004A5769 /* graph_chr2_40bp_41.json */,
				2AF5E3512B925570004A5769 /* graph_chr2_40bp_42.json */,
				2AF5E3562B925570004A5769 /* graph_chr2_40bp_43.json */,
				2AF5E3312B925570004A5769 /* graph_chr2_40bp_44.json */,
				2AF5E3592B925570004A5769 /* graph_chr2_40bp_45.json */,
				2AF5E3452B925570004A5769 /* graph_chr2_40bp_46.json */,
				2AF5E33B2B925570004A5769 /* graph_chr2_40bp_47.json */,
				2AF5E3432B925570004A5769 /* graph_chr2_40bp_48.json */,
				2AF5E3412B925570004A5769 /* graph_chr2_40bp_49.json */,
				2AF5E33A2B925570004A5769 /* graph_chr2_40bp_50.json */,
			);
			path = data;
			sourceTree = "<group>";
		};
/* End PBXGroup section */

/* Begin PBXNativeTarget section */
		2A293C3A2B920B85001474AA /* Contig Walker */ = {
			isa = PBXNativeTarget;
			buildConfigurationList = 2A293C622B920B86001474AA /* Build configuration list for PBXNativeTarget "Contig Walker" */;
			buildPhases = (
				2A293C372B920B85001474AA /* Sources */,
				2A293C382B920B85001474AA /* Frameworks */,
				2A293C392B920B85001474AA /* Resources */,
			);
			buildRules = (
			);
			dependencies = (
			);
			name = "Contig Walker";
			productName = "Contig Walker";
			productReference = 2A293C3B2B920B85001474AA /* Contig Walker.app */;
			productType = "com.apple.product-type.application";
		};
		2A293C4D2B920B86001474AA /* Contig WalkerTests */ = {
			isa = PBXNativeTarget;
			buildConfigurationList = 2A293C652B920B86001474AA /* Build configuration list for PBXNativeTarget "Contig WalkerTests" */;
			buildPhases = (
				2A293C4A2B920B86001474AA /* Sources */,
				2A293C4B2B920B86001474AA /* Frameworks */,
				2A293C4C2B920B86001474AA /* Resources */,
			);
			buildRules = (
			);
			dependencies = (
				2A293C502B920B86001474AA /* PBXTargetDependency */,
			);
			name = "Contig WalkerTests";
			productName = "Contig WalkerTests";
			productReference = 2A293C4E2B920B86001474AA /* Contig WalkerTests.xctest */;
			productType = "com.apple.product-type.bundle.unit-test";
		};
/* End PBXNativeTarget section */

/* Begin PBXProject section */
		2A293C332B920B85001474AA /* Project object */ = {
			isa = PBXProject;
			attributes = {
				BuildIndependentTargetsInParallel = 1;
				LastSwiftUpdateCheck = 1520;
				LastUpgradeCheck = 1520;
				TargetAttributes = {
					2A293C3A2B920B85001474AA = {
						CreatedOnToolsVersion = 15.2;
					};
					2A293C4D2B920B86001474AA = {
						CreatedOnToolsVersion = 15.2;
						TestTargetID = 2A293C3A2B920B85001474AA;
					};
				};
			};
			buildConfigurationList = 2A293C362B920B85001474AA /* Build configuration list for PBXProject "Contig Walker" */;
			compatibilityVersion = "Xcode 14.0";
			developmentRegion = en;
			hasScannedForEncodings = 0;
			knownRegions = (
				en,
				Base,
			);
			mainGroup = 2A293C322B920B85001474AA;
			productRefGroup = 2A293C3C2B920B85001474AA /* Products */;
			projectDirPath = "";
			projectRoot = "";
			targets = (
				2A293C3A2B920B85001474AA /* Contig Walker */,
				2A293C4D2B920B86001474AA /* Contig WalkerTests */,
			);
		};
/* End PBXProject section */

/* Begin PBXResourcesBuildPhase section */
		2A293C392B920B85001474AA /* Resources */ = {
			isa = PBXResourcesBuildPhase;
			buildActionMask = 2147483647;
			files = (
				2AF5E35C2B925571004A5769 /* graph_chr2_40bp_14.json in Resources */,
				2AF5E35D2B925571004A5769 /* graph_chr2_40bp_19.json in Resources */,
				2AF5E35E2B925571004A5769 /* graph_chr2_40bp_24.json in Resources */,
				2AF5E35F2B925571004A5769 /* graph_chr2_40bp_11.json in Resources */,
				2AF5E3602B925571004A5769 /* graph_chr2_40bp_7.json in Resources */,
				2AF5E3612B925571004A5769 /* graph_chr2_40bp_36.json in Resources */,
				2AF5E3622B925571004A5769 /* graph_chr2_40bp_21.json in Resources */,
				2AF5E3632B925571004A5769 /* graph_chr2_40bp_44.json in Resources */,
				2AF5E3642B925571004A5769 /* graph_chr2_40bp_18.json in Resources */,
				2AF5E3652B925571004A5769 /* graph_chr2_40bp_12.json in Resources */,
				2AF5E3662B925571004A5769 /* graph_chr2_40bp_37.json in Resources */,
				2AF5E3672B925571004A5769 /* graph_chr2_40bp_13.json in Resources */,
				2AF5E3682B925571004A5769 /* graph_chr2_40bp_32.json in Resources */,
				2AF5E3692B925571004A5769 /* graph_chr2_40bp_9.json in Resources */,
				2AF5E36A2B925571004A5769 /* graph_chr2_40bp_10.json in Resources */,
				2AF5E36B2B925571004A5769 /* graph_chr2_40bp_41.json in Resources */,
				2AF5E36C2B925571004A5769 /* graph_chr2_40bp_50.json in Resources */,
				2AF5E36D2B925571004A5769 /* graph_chr2_40bp_47.json in Resources */,
				2AF5E36E2B925571004A5769 /* graph_chr2_40bp_16.json in Resources */,
				2AF5E36F2B925571004A5769 /* graph_chr2_40bp_25.json in Resources */,
				2AF5E3702B925571004A5769 /* graph_chr2_40bp_28.json in Resources */,
				2AF5E3712B925571004A5769 /* graph_chr2_40bp_20.json in Resources */,
				2AF5E3722B925571004A5769 /* graph_chr2_40bp_4.json in Resources */,
				2AF5E3732B925571004A5769 /* graph_chr2_40bp_49.json in Resources */,
				2AF5E3742B925571004A5769 /* graph_chr2_40bp_5.json in Resources */,
				2AF5E3752B925571004A5769 /* graph_chr2_40bp_48.json in Resources */,
				2AF5E3762B925571004A5769 /* graph_chr2_40bp_31.json in Resources */,
				2AF5E3772B925571004A5769 /* graph_chr2_40bp_46.json in Resources */,
				2AF5E3782B925571004A5769 /* graph_chr2_40bp_6.json in Resources */,
				2AF5E3792B925571004A5769 /* graph_chr2_40bp_8.json in Resources */,
				2AF5E37A2B925571004A5769 /* graph_chr2_40bp_27.json in Resources */,
				2AF5E37B2B925571004A5769 /* graph_chr2_40bp_33.json in Resources */,
				2AF5E37C2B925571004A5769 /* graph_chr2_40bp_35.json in Resources */,
				2AF5E37D2B925571004A5769 /* graph_chr2_40bp_15.json in Resources */,
				2AF5E37E2B925571004A5769 /* graph_chr2_40bp_23.json in Resources */,
				2AF5E37F2B925571004A5769 /* graph_chr2_40bp_39.json in Resources */,
				2AF5E3802B925571004A5769 /* graph_chr2_40bp_17.json in Resources */,
				2AF5E3812B925571004A5769 /* graph_chr2_40bp_30.json in Resources */,
				2AF5E3822B925571004A5769 /* graph_chr2_40bp_38.json in Resources */,
				2AF5E3832B925571004A5769 /* graph_chr2_40bp_42.json in Resources */,
				2AF5E3842B925571004A5769 /* graph_chr2_40bp_29.json in Resources */,
				2AF5E3852B925571004A5769 /* graph_chr2_40bp_1.json in Resources */,
				2AF5E3862B925571004A5769 /* graph_chr2_40bp_22.json in Resources */,
				2AF5E3872B925571004A5769 /* graph_chr2_40bp_3.json in Resources */,
				2AF5E3882B925571004A5769 /* graph_chr2_40bp_43.json in Resources */,
				2AF5E3892B925571004A5769 /* graph_chr2_40bp_40.json in Resources */,
				2AF5E38A2B925571004A5769 /* graph_chr2_40bp_34.json in Resources */,
				2AF5E38B2B925571004A5769 /* graph_chr2_40bp_45.json in Resources */,
				2AF5E38C2B925571004A5769 /* graph_chr2_40bp_26.json in Resources */,
				2AF5E38D2B925571004A5769 /* graph_chr2_40bp_2.json in Resources */,
				2A293C492B920B86001474AA /* Preview Assets.xcassets in Resources */,
				2AE2D8312B920C190063DBF9 /* README.md in Resources */,
				2A293C452B920B86001474AA /* Assets.xcassets in Resources */,
			);
			runOnlyForDeploymentPostprocessing = 0;
		};
		2A293C4C2B920B86001474AA /* Resources */ = {
			isa = PBXResourcesBuildPhase;
			buildActionMask = 2147483647;
			files = (
			);
			runOnlyForDeploymentPostprocessing = 0;
		};
/* End PBXResourcesBuildPhase section */

/* Begin PBXSourcesBuildPhase section */
		2A293C372B920B85001474AA /* Sources */ = {
			isa = PBXSourcesBuildPhase;
			buildActionMask = 2147483647;
			files = (
				2AF5E3292B922650004A5769 /* Locus.swift in Sources */,
				2A293C412B920B85001474AA /* ContentView.swift in Sources */,
				2AE2D9012B9212040063DBF9 /* Node.swift in Sources */,
				2AE2D9032B9212A10063DBF9 /* Edge.swift in Sources */,
				2A293C432B920B85001474AA /* Graph.swift in Sources */,
				2AE2D8332B920E3A0063DBF9 /* DataBase.swift in Sources */,
				2A293C3F2B920B85001474AA /* Contig_WalkerApp.swift in Sources */,
			);
			runOnlyForDeploymentPostprocessing = 0;
		};
		2A293C4A2B920B86001474AA /* Sources */ = {
			isa = PBXSourcesBuildPhase;
			buildActionMask = 2147483647;
			files = (
				2AF5E3902B925DDE004A5769 /* GraphTests.swift in Sources */,
				2AA75C602B9268EF00F39EB6 /* NodeTests.swift in Sources */,
				2A293C532B920B86001474AA /* Contig_WalkerTests.swift in Sources */,
			);
			runOnlyForDeploymentPostprocessing = 0;
		};
/* End PBXSourcesBuildPhase section */

/* Begin PBXTargetDependency section */
		2A293C502B920B86001474AA /* PBXTargetDependency */ = {
			isa = PBXTargetDependency;
			target = 2A293C3A2B920B85001474AA /* Contig Walker */;
			targetProxy = 2A293C4F2B920B86001474AA /* PBXContainerItemProxy */;
		};
/* End PBXTargetDependency section */

/* Begin XCBuildConfiguration section */
		2A293C602B920B86001474AA /* Debug */ = {
			isa = XCBuildConfiguration;
			buildSettings = {
				ALWAYS_SEARCH_USER_PATHS = NO;
				ASSETCATALOG_COMPILER_GENERATE_SWIFT_ASSET_SYMBOL_EXTENSIONS = YES;
				CLANG_ANALYZER_NONNULL = YES;
				CLANG_ANALYZER_NUMBER_OBJECT_CONVERSION = YES_AGGRESSIVE;
				CLANG_CXX_LANGUAGE_STANDARD = "gnu++20";
				CLANG_ENABLE_MODULES = YES;
				CLANG_ENABLE_OBJC_ARC = YES;
				CLANG_ENABLE_OBJC_WEAK = YES;
				CLANG_WARN_BLOCK_CAPTURE_AUTORELEASING = YES;
				CLANG_WARN_BOOL_CONVERSION = YES;
				CLANG_WARN_COMMA = YES;
				CLANG_WARN_CONSTANT_CONVERSION = YES;
				CLANG_WARN_DEPRECATED_OBJC_IMPLEMENTATIONS = YES;
				CLANG_WARN_DIRECT_OBJC_ISA_USAGE = YES_ERROR;
				CLANG_WARN_DOCUMENTATION_COMMENTS = YES;
				CLANG_WARN_EMPTY_BODY = YES;
				CLANG_WARN_ENUM_CONVERSION = YES;
				CLANG_WARN_INFINITE_RECURSION = YES;
				CLANG_WARN_INT_CONVERSION = YES;
				CLANG_WARN_NON_LITERAL_NULL_CONVERSION = YES;
				CLANG_WARN_OBJC_IMPLICIT_RETAIN_SELF = YES;
				CLANG_WARN_OBJC_LITERAL_CONVERSION = YES;
				CLANG_WARN_OBJC_ROOT_CLASS = YES_ERROR;
				CLANG_WARN_QUOTED_INCLUDE_IN_FRAMEWORK_HEADER = YES;
				CLANG_WARN_RANGE_LOOP_ANALYSIS = YES;
				CLANG_WARN_STRICT_PROTOTYPES = YES;
				CLANG_WARN_SUSPICIOUS_MOVE = YES;
				CLANG_WARN_UNGUARDED_AVAILABILITY = YES_AGGRESSIVE;
				CLANG_WARN_UNREACHABLE_CODE = YES;
				CLANG_WARN__DUPLICATE_METHOD_MATCH = YES;
				COPY_PHASE_STRIP = NO;
				DEBUG_INFORMATION_FORMAT = dwarf;
				ENABLE_STRICT_OBJC_MSGSEND = YES;
				ENABLE_TESTABILITY = YES;
				ENABLE_USER_SCRIPT_SANDBOXING = YES;
				GCC_C_LANGUAGE_STANDARD = gnu17;
				GCC_DYNAMIC_NO_PIC = NO;
				GCC_NO_COMMON_BLOCKS = YES;
				GCC_OPTIMIZATION_LEVEL = 0;
				GCC_PREPROCESSOR_DEFINITIONS = (
					"DEBUG=1",
					"$(inherited)",
				);
				GCC_WARN_64_TO_32_BIT_CONVERSION = YES;
				GCC_WARN_ABOUT_RETURN_TYPE = YES_ERROR;
				GCC_WARN_UNDECLARED_SELECTOR = YES;
				GCC_WARN_UNINITIALIZED_AUTOS = YES_AGGRESSIVE;
				GCC_WARN_UNUSED_FUNCTION = YES;
				GCC_WARN_UNUSED_VARIABLE = YES;
				LOCALIZATION_PREFERS_STRING_CATALOGS = YES;
				MTL_ENABLE_DEBUG_INFO = INCLUDE_SOURCE;
				MTL_FAST_MATH = YES;
				ONLY_ACTIVE_ARCH = YES;
				SWIFT_ACTIVE_COMPILATION_CONDITIONS = "DEBUG $(inherited)";
				SWIFT_OPTIMIZATION_LEVEL = "-Onone";
			};
			name = Debug;
		};
		2A293C612B920B86001474AA /* Release */ = {
			isa = XCBuildConfiguration;
			buildSettings = {
				ALWAYS_SEARCH_USER_PATHS = NO;
				ASSETCATALOG_COMPILER_GENERATE_SWIFT_ASSET_SYMBOL_EXTENSIONS = YES;
				CLANG_ANALYZER_NONNULL = YES;
				CLANG_ANALYZER_NUMBER_OBJECT_CONVERSION = YES_AGGRESSIVE;
				CLANG_CXX_LANGUAGE_STANDARD = "gnu++20";
				CLANG_ENABLE_MODULES = YES;
				CLANG_ENABLE_OBJC_ARC = YES;
				CLANG_ENABLE_OBJC_WEAK = YES;
				CLANG_WARN_BLOCK_CAPTURE_AUTORELEASING = YES;
				CLANG_WARN_BOOL_CONVERSION = YES;
				CLANG_WARN_COMMA = YES;
				CLANG_WARN_CONSTANT_CONVERSION = YES;
				CLANG_WARN_DEPRECATED_OBJC_IMPLEMENTATIONS = YES;
				CLANG_WARN_DIRECT_OBJC_ISA_USAGE = YES_ERROR;
				CLANG_WARN_DOCUMENTATION_COMMENTS = YES;
				CLANG_WARN_EMPTY_BODY = YES;
				CLANG_WARN_ENUM_CONVERSION = YES;
				CLANG_WARN_INFINITE_RECURSION = YES;
				CLANG_WARN_INT_CONVERSION = YES;
				CLANG_WARN_NON_LITERAL_NULL_CONVERSION = YES;
				CLANG_WARN_OBJC_IMPLICIT_RETAIN_SELF = YES;
				CLANG_WARN_OBJC_LITERAL_CONVERSION = YES;
				CLANG_WARN_OBJC_ROOT_CLASS = YES_ERROR;
				CLANG_WARN_QUOTED_INCLUDE_IN_FRAMEWORK_HEADER = YES;
				CLANG_WARN_RANGE_LOOP_ANALYSIS = YES;
				CLANG_WARN_STRICT_PROTOTYPES = YES;
				CLANG_WARN_SUSPICIOUS_MOVE = YES;
				CLANG_WARN_UNGUARDED_AVAILABILITY = YES_AGGRESSIVE;
				CLANG_WARN_UNREACHABLE_CODE = YES;
				CLANG_WARN__DUPLICATE_METHOD_MATCH = YES;
				COPY_PHASE_STRIP = NO;
				DEBUG_INFORMATION_FORMAT = "dwarf-with-dsym";
				ENABLE_NS_ASSERTIONS = NO;
				ENABLE_STRICT_OBJC_MSGSEND = YES;
				ENABLE_USER_SCRIPT_SANDBOXING = YES;
				GCC_C_LANGUAGE_STANDARD = gnu17;
				GCC_NO_COMMON_BLOCKS = YES;
				GCC_WARN_64_TO_32_BIT_CONVERSION = YES;
				GCC_WARN_ABOUT_RETURN_TYPE = YES_ERROR;
				GCC_WARN_UNDECLARED_SELECTOR = YES;
				GCC_WARN_UNINITIALIZED_AUTOS = YES_AGGRESSIVE;
				GCC_WARN_UNUSED_FUNCTION = YES;
				GCC_WARN_UNUSED_VARIABLE = YES;
				LOCALIZATION_PREFERS_STRING_CATALOGS = YES;
				MTL_ENABLE_DEBUG_INFO = NO;
				MTL_FAST_MATH = YES;
				SWIFT_COMPILATION_MODE = wholemodule;
			};
			name = Release;
		};
		2A293C632B920B86001474AA /* Debug */ = {
			isa = XCBuildConfiguration;
			buildSettings = {
				ASSETCATALOG_COMPILER_APPICON_NAME = AppIcon;
				ASSETCATALOG_COMPILER_GLOBAL_ACCENT_COLOR_NAME = AccentColor;
				CODE_SIGN_ENTITLEMENTS = "Contig Walker/Contig_Walker.entitlements";
				CODE_SIGN_STYLE = Automatic;
				CURRENT_PROJECT_VERSION = 1;
				DEVELOPMENT_ASSET_PATHS = "\"Contig Walker/Preview Content\"";
				DEVELOPMENT_TEAM = 3L9D67FVN7;
				ENABLE_HARDENED_RUNTIME = YES;
				ENABLE_PREVIEWS = YES;
				GENERATE_INFOPLIST_FILE = YES;
				"INFOPLIST_KEY_UIApplicationSceneManifest_Generation[sdk=iphoneos*]" = YES;
				"INFOPLIST_KEY_UIApplicationSceneManifest_Generation[sdk=iphonesimulator*]" = YES;
				"INFOPLIST_KEY_UIApplicationSupportsIndirectInputEvents[sdk=iphoneos*]" = YES;
				"INFOPLIST_KEY_UIApplicationSupportsIndirectInputEvents[sdk=iphonesimulator*]" = YES;
				"INFOPLIST_KEY_UILaunchScreen_Generation[sdk=iphoneos*]" = YES;
				"INFOPLIST_KEY_UILaunchScreen_Generation[sdk=iphonesimulator*]" = YES;
				"INFOPLIST_KEY_UIStatusBarStyle[sdk=iphoneos*]" = UIStatusBarStyleDefault;
				"INFOPLIST_KEY_UIStatusBarStyle[sdk=iphonesimulator*]" = UIStatusBarStyleDefault;
				INFOPLIST_KEY_UISupportedInterfaceOrientations_iPad = "UIInterfaceOrientationPortrait UIInterfaceOrientationPortraitUpsideDown UIInterfaceOrientationLandscapeLeft UIInterfaceOrientationLandscapeRight";
				INFOPLIST_KEY_UISupportedInterfaceOrientations_iPhone = "UIInterfaceOrientationPortrait UIInterfaceOrientationLandscapeLeft UIInterfaceOrientationLandscapeRight";
				IPHONEOS_DEPLOYMENT_TARGET = 17.2;
				LD_RUNPATH_SEARCH_PATHS = "@executable_path/Frameworks";
				"LD_RUNPATH_SEARCH_PATHS[sdk=macosx*]" = "@executable_path/../Frameworks";
				MACOSX_DEPLOYMENT_TARGET = 14.0;
				MARKETING_VERSION = 1.0;
				PRODUCT_BUNDLE_IDENTIFIER = "com.dyerlab.popgraphs.Contig-Walker";
				PRODUCT_NAME = "$(TARGET_NAME)";
				SDKROOT = auto;
				SUPPORTED_PLATFORMS = "iphoneos iphonesimulator macosx";
				SWIFT_EMIT_LOC_STRINGS = YES;
				SWIFT_VERSION = 5.0;
				TARGETED_DEVICE_FAMILY = "1,2";
			};
			name = Debug;
		};
		2A293C642B920B86001474AA /* Release */ = {
			isa = XCBuildConfiguration;
			buildSettings = {
				ASSETCATALOG_COMPILER_APPICON_NAME = AppIcon;
				ASSETCATALOG_COMPILER_GLOBAL_ACCENT_COLOR_NAME = AccentColor;
				CODE_SIGN_ENTITLEMENTS = "Contig Walker/Contig_Walker.entitlements";
				CODE_SIGN_STYLE = Automatic;
				CURRENT_PROJECT_VERSION = 1;
				DEVELOPMENT_ASSET_PATHS = "\"Contig Walker/Preview Content\"";
				DEVELOPMENT_TEAM = 3L9D67FVN7;
				ENABLE_HARDENED_RUNTIME = YES;
				ENABLE_PREVIEWS = YES;
				GENERATE_INFOPLIST_FILE = YES;
				"INFOPLIST_KEY_UIApplicationSceneManifest_Generation[sdk=iphoneos*]" = YES;
				"INFOPLIST_KEY_UIApplicationSceneManifest_Generation[sdk=iphonesimulator*]" = YES;
				"INFOPLIST_KEY_UIApplicationSupportsIndirectInputEvents[sdk=iphoneos*]" = YES;
				"INFOPLIST_KEY_UIApplicationSupportsIndirectInputEvents[sdk=iphonesimulator*]" = YES;
				"INFOPLIST_KEY_UILaunchScreen_Generation[sdk=iphoneos*]" = YES;
				"INFOPLIST_KEY_UILaunchScreen_Generation[sdk=iphonesimulator*]" = YES;
				"INFOPLIST_KEY_UIStatusBarStyle[sdk=iphoneos*]" = UIStatusBarStyleDefault;
				"INFOPLIST_KEY_UIStatusBarStyle[sdk=iphonesimulator*]" = UIStatusBarStyleDefault;
				INFOPLIST_KEY_UISupportedInterfaceOrientations_iPad = "UIInterfaceOrientationPortrait UIInterfaceOrientationPortraitUpsideDown UIInterfaceOrientationLandscapeLeft UIInterfaceOrientationLandscapeRight";
				INFOPLIST_KEY_UISupportedInterfaceOrientations_iPhone = "UIInterfaceOrientationPortrait UIInterfaceOrientationLandscapeLeft UIInterfaceOrientationLandscapeRight";
				IPHONEOS_DEPLOYMENT_TARGET = 17.2;
				LD_RUNPATH_SEARCH_PATHS = "@executable_path/Frameworks";
				"LD_RUNPATH_SEARCH_PATHS[sdk=macosx*]" = "@executable_path/../Frameworks";
				MACOSX_DEPLOYMENT_TARGET = 14.0;
				MARKETING_VERSION = 1.0;
				PRODUCT_BUNDLE_IDENTIFIER = "com.dyerlab.popgraphs.Contig-Walker";
				PRODUCT_NAME = "$(TARGET_NAME)";
				SDKROOT = auto;
				SUPPORTED_PLATFORMS = "iphoneos iphonesimulator macosx";
				SWIFT_EMIT_LOC_STRINGS = YES;
				SWIFT_VERSION = 5.0;
				TARGETED_DEVICE_FAMILY = "1,2";
			};
			name = Release;
		};
		2A293C662B920B86001474AA /* Debug */ = {
			isa = XCBuildConfiguration;
			buildSettings = {
				ALWAYS_EMBED_SWIFT_STANDARD_LIBRARIES = YES;
				BUNDLE_LOADER = "$(TEST_HOST)";
				CODE_SIGN_STYLE = Automatic;
				CURRENT_PROJECT_VERSION = 1;
				DEVELOPMENT_TEAM = 3L9D67FVN7;
				GENERATE_INFOPLIST_FILE = YES;
				IPHONEOS_DEPLOYMENT_TARGET = 17.2;
				MACOSX_DEPLOYMENT_TARGET = 14.2;
				MARKETING_VERSION = 1.0;
				PRODUCT_BUNDLE_IDENTIFIER = "com.dyerlab.popgraphs.Contig-WalkerTests";
				PRODUCT_NAME = "$(TARGET_NAME)";
				SDKROOT = auto;
				SUPPORTED_PLATFORMS = "iphoneos iphonesimulator macosx";
				SWIFT_EMIT_LOC_STRINGS = NO;
				SWIFT_VERSION = 5.0;
				TARGETED_DEVICE_FAMILY = "1,2";
				TEST_HOST = "$(BUILT_PRODUCTS_DIR)/Contig Walker.app/$(BUNDLE_EXECUTABLE_FOLDER_PATH)/Contig Walker";
			};
			name = Debug;
		};
		2A293C672B920B86001474AA /* Release */ = {
			isa = XCBuildConfiguration;
			buildSettings = {
				ALWAYS_EMBED_SWIFT_STANDARD_LIBRARIES = YES;
				BUNDLE_LOADER = "$(TEST_HOST)";
				CODE_SIGN_STYLE = Automatic;
				CURRENT_PROJECT_VERSION = 1;
				DEVELOPMENT_TEAM = 3L9D67FVN7;
				GENERATE_INFOPLIST_FILE = YES;
				IPHONEOS_DEPLOYMENT_TARGET = 17.2;
				MACOSX_DEPLOYMENT_TARGET = 14.2;
				MARKETING_VERSION = 1.0;
				PRODUCT_BUNDLE_IDENTIFIER = "com.dyerlab.popgraphs.Contig-WalkerTests";
				PRODUCT_NAME = "$(TARGET_NAME)";
				SDKROOT = auto;
				SUPPORTED_PLATFORMS = "iphoneos iphonesimulator macosx";
				SWIFT_EMIT_LOC_STRINGS = NO;
				SWIFT_VERSION = 5.0;
				TARGETED_DEVICE_FAMILY = "1,2";
				TEST_HOST = "$(BUILT_PRODUCTS_DIR)/Contig Walker.app/$(BUNDLE_EXECUTABLE_FOLDER_PATH)/Contig Walker";
			};
			name = Release;
		};
/* End XCBuildConfiguration section */

/* Begin XCConfigurationList section */
		2A293C362B920B85001474AA /* Build configuration list for PBXProject "Contig Walker" */ = {
			isa = XCConfigurationList;
			buildConfigurations = (
				2A293C602B920B86001474AA /* Debug */,
				2A293C612B920B86001474AA /* Release */,
			);
			defaultConfigurationIsVisible = 0;
			defaultConfigurationName = Release;
		};
		2A293C622B920B86001474AA /* Build configuration list for PBXNativeTarget "Contig Walker" */ = {
			isa = XCConfigurationList;
			buildConfigurations = (
				2A293C632B920B86001474AA /* Debug */,
				2A293C642B920B86001474AA /* Release */,
			);
			defaultConfigurationIsVisible = 0;
			defaultConfigurationName = Release;
		};
		2A293C652B920B86001474AA /* Build configuration list for PBXNativeTarget "Contig WalkerTests" */ = {
			isa = XCConfigurationList;
			buildConfigurations = (
				2A293C662B920B86001474AA /* Debug */,
				2A293C672B920B86001474AA /* Release */,
			);
			defaultConfigurationIsVisible = 0;
			defaultConfigurationName = Release;
		};
/* End XCConfigurationList section */
	};
	rootObject = 2A293C332B920B85001474AA /* Project object */;
}
