// !$*UTF8*$!
{
	archiveVersion = 1;
	classes = {
	};
	objectVersion = 56;
	objects = {

/* Begin PBXBuildFile section */
		2A193FD72B8E38D000E10CCE /* Chromosome_WalkingApp.swift in Sources */ = {isa = PBXBuildFile; fileRef = 2A193FD62B8E38D000E10CCE /* Chromosome_WalkingApp.swift */; };
		2A193FD92B8E38D000E10CCE /* ContentView.swift in Sources */ = {isa = PBXBuildFile; fileRef = 2A193FD82B8E38D000E10CCE /* ContentView.swift */; };
		2A193FDB2B8E38D000E10CCE /* Item.swift in Sources */ = {isa = PBXBuildFile; fileRef = 2A193FDA2B8E38D000E10CCE /* Item.swift */; };
		2A193FDD2B8E38D100E10CCE /* Assets.xcassets in Resources */ = {isa = PBXBuildFile; fileRef = 2A193FDC2B8E38D100E10CCE /* Assets.xcassets */; };
		2A193FE22B8E38D100E10CCE /* Preview Assets.xcassets in Resources */ = {isa = PBXBuildFile; fileRef = 2A193FE12B8E38D100E10CCE /* Preview Assets.xcassets */; };
		2A193FEC2B8E38D100E10CCE /* Chromosome_WalkingTests.swift in Sources */ = {isa = PBXBuildFile; fileRef = 2A193FEB2B8E38D100E10CCE /* Chromosome_WalkingTests.swift */; };
		2A193FF62B8E38D100E10CCE /* Chromosome_WalkingUITests.swift in Sources */ = {isa = PBXBuildFile; fileRef = 2A193FF52B8E38D100E10CCE /* Chromosome_WalkingUITests.swift */; };
		2A193FF82B8E38D100E10CCE /* Chromosome_WalkingUITestsLaunchTests.swift in Sources */ = {isa = PBXBuildFile; fileRef = 2A193FF72B8E38D100E10CCE /* Chromosome_WalkingUITestsLaunchTests.swift */; };
/* End PBXBuildFile section */

/* Begin PBXContainerItemProxy section */
		2A193FE82B8E38D100E10CCE /* PBXContainerItemProxy */ = {
			isa = PBXContainerItemProxy;
			containerPortal = 2A193FCB2B8E38D000E10CCE /* Project object */;
			proxyType = 1;
			remoteGlobalIDString = 2A193FD22B8E38D000E10CCE;
			remoteInfo = "Chromosome Walking";
		};
		2A193FF22B8E38D100E10CCE /* PBXContainerItemProxy */ = {
			isa = PBXContainerItemProxy;
			containerPortal = 2A193FCB2B8E38D000E10CCE /* Project object */;
			proxyType = 1;
			remoteGlobalIDString = 2A193FD22B8E38D000E10CCE;
			remoteInfo = "Chromosome Walking";
		};
/* End PBXContainerItemProxy section */

/* Begin PBXFileReference section */
		2A193FD32B8E38D000E10CCE /* Chromosome Walking.app */ = {isa = PBXFileReference; explicitFileType = wrapper.application; includeInIndex = 0; path = "Chromosome Walking.app"; sourceTree = BUILT_PRODUCTS_DIR; };
		2A193FD62B8E38D000E10CCE /* Chromosome_WalkingApp.swift */ = {isa = PBXFileReference; lastKnownFileType = sourcecode.swift; path = Chromosome_WalkingApp.swift; sourceTree = "<group>"; };
		2A193FD82B8E38D000E10CCE /* ContentView.swift */ = {isa = PBXFileReference; lastKnownFileType = sourcecode.swift; path = ContentView.swift; sourceTree = "<group>"; };
		2A193FDA2B8E38D000E10CCE /* Item.swift */ = {isa = PBXFileReference; lastKnownFileType = sourcecode.swift; path = Item.swift; sourceTree = "<group>"; };
		2A193FDC2B8E38D100E10CCE /* Assets.xcassets */ = {isa = PBXFileReference; lastKnownFileType = folder.assetcatalog; path = Assets.xcassets; sourceTree = "<group>"; };
		2A193FDE2B8E38D100E10CCE /* Info.plist */ = {isa = PBXFileReference; lastKnownFileType = text.plist.xml; path = Info.plist; sourceTree = "<group>"; };
		2A193FDF2B8E38D100E10CCE /* Chromosome_Walking.entitlements */ = {isa = PBXFileReference; lastKnownFileType = text.plist.entitlements; path = Chromosome_Walking.entitlements; sourceTree = "<group>"; };
		2A193FE12B8E38D100E10CCE /* Preview Assets.xcassets */ = {isa = PBXFileReference; lastKnownFileType = folder.assetcatalog; path = "Preview Assets.xcassets"; sourceTree = "<group>"; };
		2A193FE72B8E38D100E10CCE /* Chromosome WalkingTests.xctest */ = {isa = PBXFileReference; explicitFileType = wrapper.cfbundle; includeInIndex = 0; path = "Chromosome WalkingTests.xctest"; sourceTree = BUILT_PRODUCTS_DIR; };
		2A193FEB2B8E38D100E10CCE /* Chromosome_WalkingTests.swift */ = {isa = PBXFileReference; lastKnownFileType = sourcecode.swift; path = Chromosome_WalkingTests.swift; sourceTree = "<group>"; };
		2A193FF12B8E38D100E10CCE /* Chromosome WalkingUITests.xctest */ = {isa = PBXFileReference; explicitFileType = wrapper.cfbundle; includeInIndex = 0; path = "Chromosome WalkingUITests.xctest"; sourceTree = BUILT_PRODUCTS_DIR; };
		2A193FF52B8E38D100E10CCE /* Chromosome_WalkingUITests.swift */ = {isa = PBXFileReference; lastKnownFileType = sourcecode.swift; path = Chromosome_WalkingUITests.swift; sourceTree = "<group>"; };
		2A193FF72B8E38D100E10CCE /* Chromosome_WalkingUITestsLaunchTests.swift */ = {isa = PBXFileReference; lastKnownFileType = sourcecode.swift; path = Chromosome_WalkingUITestsLaunchTests.swift; sourceTree = "<group>"; };
/* End PBXFileReference section */

/* Begin PBXFrameworksBuildPhase section */
		2A193FD02B8E38D000E10CCE /* Frameworks */ = {
			isa = PBXFrameworksBuildPhase;
			buildActionMask = 2147483647;
			files = (
			);
			runOnlyForDeploymentPostprocessing = 0;
		};
		2A193FE42B8E38D100E10CCE /* Frameworks */ = {
			isa = PBXFrameworksBuildPhase;
			buildActionMask = 2147483647;
			files = (
			);
			runOnlyForDeploymentPostprocessing = 0;
		};
		2A193FEE2B8E38D100E10CCE /* Frameworks */ = {
			isa = PBXFrameworksBuildPhase;
			buildActionMask = 2147483647;
			files = (
			);
			runOnlyForDeploymentPostprocessing = 0;
		};
/* End PBXFrameworksBuildPhase section */

/* Begin PBXGroup section */
		2A193FCA2B8E38D000E10CCE = {
			isa = PBXGroup;
			children = (
				2A193FD52B8E38D000E10CCE /* Chromosome Walking */,
				2A193FEA2B8E38D100E10CCE /* Chromosome WalkingTests */,
				2A193FF42B8E38D100E10CCE /* Chromosome WalkingUITests */,
				2A193FD42B8E38D000E10CCE /* Products */,
			);
			sourceTree = "<group>";
		};
		2A193FD42B8E38D000E10CCE /* Products */ = {
			isa = PBXGroup;
			children = (
				2A193FD32B8E38D000E10CCE /* Chromosome Walking.app */,
				2A193FE72B8E38D100E10CCE /* Chromosome WalkingTests.xctest */,
				2A193FF12B8E38D100E10CCE /* Chromosome WalkingUITests.xctest */,
			);
			name = Products;
			sourceTree = "<group>";
		};
		2A193FD52B8E38D000E10CCE /* Chromosome Walking */ = {
			isa = PBXGroup;
			children = (
				2A193FD62B8E38D000E10CCE /* Chromosome_WalkingApp.swift */,
				2A193FD82B8E38D000E10CCE /* ContentView.swift */,
				2A193FDA2B8E38D000E10CCE /* Item.swift */,
				2A193FDC2B8E38D100E10CCE /* Assets.xcassets */,
				2A193FDE2B8E38D100E10CCE /* Info.plist */,
				2A193FDF2B8E38D100E10CCE /* Chromosome_Walking.entitlements */,
				2A193FE02B8E38D100E10CCE /* Preview Content */,
			);
			path = "Chromosome Walking";
			sourceTree = "<group>";
		};
		2A193FE02B8E38D100E10CCE /* Preview Content */ = {
			isa = PBXGroup;
			children = (
				2A193FE12B8E38D100E10CCE /* Preview Assets.xcassets */,
			);
			path = "Preview Content";
			sourceTree = "<group>";
		};
		2A193FEA2B8E38D100E10CCE /* Chromosome WalkingTests */ = {
			isa = PBXGroup;
			children = (
				2A193FEB2B8E38D100E10CCE /* Chromosome_WalkingTests.swift */,
			);
			path = "Chromosome WalkingTests";
			sourceTree = "<group>";
		};
		2A193FF42B8E38D100E10CCE /* Chromosome WalkingUITests */ = {
			isa = PBXGroup;
			children = (
				2A193FF52B8E38D100E10CCE /* Chromosome_WalkingUITests.swift */,
				2A193FF72B8E38D100E10CCE /* Chromosome_WalkingUITestsLaunchTests.swift */,
			);
			path = "Chromosome WalkingUITests";
			sourceTree = "<group>";
		};
/* End PBXGroup section */

/* Begin PBXNativeTarget section */
		2A193FD22B8E38D000E10CCE /* Chromosome Walking */ = {
			isa = PBXNativeTarget;
			buildConfigurationList = 2A193FFB2B8E38D100E10CCE /* Build configuration list for PBXNativeTarget "Chromosome Walking" */;
			buildPhases = (
				2A193FCF2B8E38D000E10CCE /* Sources */,
				2A193FD02B8E38D000E10CCE /* Frameworks */,
				2A193FD12B8E38D000E10CCE /* Resources */,
			);
			buildRules = (
			);
			dependencies = (
			);
			name = "Chromosome Walking";
			productName = "Chromosome Walking";
			productReference = 2A193FD32B8E38D000E10CCE /* Chromosome Walking.app */;
			productType = "com.apple.product-type.application";
		};
		2A193FE62B8E38D100E10CCE /* Chromosome WalkingTests */ = {
			isa = PBXNativeTarget;
			buildConfigurationList = 2A193FFE2B8E38D100E10CCE /* Build configuration list for PBXNativeTarget "Chromosome WalkingTests" */;
			buildPhases = (
				2A193FE32B8E38D100E10CCE /* Sources */,
				2A193FE42B8E38D100E10CCE /* Frameworks */,
				2A193FE52B8E38D100E10CCE /* Resources */,
			);
			buildRules = (
			);
			dependencies = (
				2A193FE92B8E38D100E10CCE /* PBXTargetDependency */,
			);
			name = "Chromosome WalkingTests";
			productName = "Chromosome WalkingTests";
			productReference = 2A193FE72B8E38D100E10CCE /* Chromosome WalkingTests.xctest */;
			productType = "com.apple.product-type.bundle.unit-test";
		};
		2A193FF02B8E38D100E10CCE /* Chromosome WalkingUITests */ = {
			isa = PBXNativeTarget;
			buildConfigurationList = 2A1940012B8E38D100E10CCE /* Build configuration list for PBXNativeTarget "Chromosome WalkingUITests" */;
			buildPhases = (
				2A193FED2B8E38D100E10CCE /* Sources */,
				2A193FEE2B8E38D100E10CCE /* Frameworks */,
				2A193FEF2B8E38D100E10CCE /* Resources */,
			);
			buildRules = (
			);
			dependencies = (
				2A193FF32B8E38D100E10CCE /* PBXTargetDependency */,
			);
			name = "Chromosome WalkingUITests";
			productName = "Chromosome WalkingUITests";
			productReference = 2A193FF12B8E38D100E10CCE /* Chromosome WalkingUITests.xctest */;
			productType = "com.apple.product-type.bundle.ui-testing";
		};
/* End PBXNativeTarget section */

/* Begin PBXProject section */
		2A193FCB2B8E38D000E10CCE /* Project object */ = {
			isa = PBXProject;
			attributes = {
				BuildIndependentTargetsInParallel = 1;
				LastSwiftUpdateCheck = 1520;
				LastUpgradeCheck = 1520;
				TargetAttributes = {
					2A193FD22B8E38D000E10CCE = {
						CreatedOnToolsVersion = 15.2;
					};
					2A193FE62B8E38D100E10CCE = {
						CreatedOnToolsVersion = 15.2;
						TestTargetID = 2A193FD22B8E38D000E10CCE;
					};
					2A193FF02B8E38D100E10CCE = {
						CreatedOnToolsVersion = 15.2;
						TestTargetID = 2A193FD22B8E38D000E10CCE;
					};
				};
			};
			buildConfigurationList = 2A193FCE2B8E38D000E10CCE /* Build configuration list for PBXProject "Chromosome Walking" */;
			compatibilityVersion = "Xcode 14.0";
			developmentRegion = en;
			hasScannedForEncodings = 0;
			knownRegions = (
				en,
				Base,
			);
			mainGroup = 2A193FCA2B8E38D000E10CCE;
			productRefGroup = 2A193FD42B8E38D000E10CCE /* Products */;
			projectDirPath = "";
			projectRoot = "";
			targets = (
				2A193FD22B8E38D000E10CCE /* Chromosome Walking */,
				2A193FE62B8E38D100E10CCE /* Chromosome WalkingTests */,
				2A193FF02B8E38D100E10CCE /* Chromosome WalkingUITests */,
			);
		};
/* End PBXProject section */

/* Begin PBXResourcesBuildPhase section */
		2A193FD12B8E38D000E10CCE /* Resources */ = {
			isa = PBXResourcesBuildPhase;
			buildActionMask = 2147483647;
			files = (
				2A193FE22B8E38D100E10CCE /* Preview Assets.xcassets in Resources */,
				2A193FDD2B8E38D100E10CCE /* Assets.xcassets in Resources */,
			);
			runOnlyForDeploymentPostprocessing = 0;
		};
		2A193FE52B8E38D100E10CCE /* Resources */ = {
			isa = PBXResourcesBuildPhase;
			buildActionMask = 2147483647;
			files = (
			);
			runOnlyForDeploymentPostprocessing = 0;
		};
		2A193FEF2B8E38D100E10CCE /* Resources */ = {
			isa = PBXResourcesBuildPhase;
			buildActionMask = 2147483647;
			files = (
			);
			runOnlyForDeploymentPostprocessing = 0;
		};
/* End PBXResourcesBuildPhase section */

/* Begin PBXSourcesBuildPhase section */
		2A193FCF2B8E38D000E10CCE /* Sources */ = {
			isa = PBXSourcesBuildPhase;
			buildActionMask = 2147483647;
			files = (
				2A193FD92B8E38D000E10CCE /* ContentView.swift in Sources */,
				2A193FDB2B8E38D000E10CCE /* Item.swift in Sources */,
				2A193FD72B8E38D000E10CCE /* Chromosome_WalkingApp.swift in Sources */,
			);
			runOnlyForDeploymentPostprocessing = 0;
		};
		2A193FE32B8E38D100E10CCE /* Sources */ = {
			isa = PBXSourcesBuildPhase;
			buildActionMask = 2147483647;
			files = (
				2A193FEC2B8E38D100E10CCE /* Chromosome_WalkingTests.swift in Sources */,
			);
			runOnlyForDeploymentPostprocessing = 0;
		};
		2A193FED2B8E38D100E10CCE /* Sources */ = {
			isa = PBXSourcesBuildPhase;
			buildActionMask = 2147483647;
			files = (
				2A193FF82B8E38D100E10CCE /* Chromosome_WalkingUITestsLaunchTests.swift in Sources */,
				2A193FF62B8E38D100E10CCE /* Chromosome_WalkingUITests.swift in Sources */,
			);
			runOnlyForDeploymentPostprocessing = 0;
		};
/* End PBXSourcesBuildPhase section */

/* Begin PBXTargetDependency section */
		2A193FE92B8E38D100E10CCE /* PBXTargetDependency */ = {
			isa = PBXTargetDependency;
			target = 2A193FD22B8E38D000E10CCE /* Chromosome Walking */;
			targetProxy = 2A193FE82B8E38D100E10CCE /* PBXContainerItemProxy */;
		};
		2A193FF32B8E38D100E10CCE /* PBXTargetDependency */ = {
			isa = PBXTargetDependency;
			target = 2A193FD22B8E38D000E10CCE /* Chromosome Walking */;
			targetProxy = 2A193FF22B8E38D100E10CCE /* PBXContainerItemProxy */;
		};
/* End PBXTargetDependency section */

/* Begin XCBuildConfiguration section */
		2A193FF92B8E38D100E10CCE /* Debug */ = {
			isa = XCBuildConfiguration;
			buildSettings = {
				ALWAYS_SEARCH_USER_PATHS = NO;
				ASSETCATALOG_COMPILER_GENERATE_SWIFT_ASSET_SYMBOL_EXTENSIONS = YES;
				CLANG_ANALYZER_NONNULL = YES;
				CLANG_ANALYZER_NUMBER_OBJECT_CONVERSION = YES_AGGRESSIVE;
				CLANG_CXX_LANGUAGE_STANDARD = "gnu++20";
				CLANG_ENABLE_MODULES = YES;
				CLANG_ENABLE_OBJC_ARC = YES;
				CLANG_ENABLE_OBJC_WEAK = YES;
				CLANG_WARN_BLOCK_CAPTURE_AUTORELEASING = YES;
				CLANG_WARN_BOOL_CONVERSION = YES;
				CLANG_WARN_COMMA = YES;
				CLANG_WARN_CONSTANT_CONVERSION = YES;
				CLANG_WARN_DEPRECATED_OBJC_IMPLEMENTATIONS = YES;
				CLANG_WARN_DIRECT_OBJC_ISA_USAGE = YES_ERROR;
				CLANG_WARN_DOCUMENTATION_COMMENTS = YES;
				CLANG_WARN_EMPTY_BODY = YES;
				CLANG_WARN_ENUM_CONVERSION = YES;
				CLANG_WARN_INFINITE_RECURSION = YES;
				CLANG_WARN_INT_CONVERSION = YES;
				CLANG_WARN_NON_LITERAL_NULL_CONVERSION = YES;
				CLANG_WARN_OBJC_IMPLICIT_RETAIN_SELF = YES;
				CLANG_WARN_OBJC_LITERAL_CONVERSION = YES;
				CLANG_WARN_OBJC_ROOT_CLASS = YES_ERROR;
				CLANG_WARN_QUOTED_INCLUDE_IN_FRAMEWORK_HEADER = YES;
				CLANG_WARN_RANGE_LOOP_ANALYSIS = YES;
				CLANG_WARN_STRICT_PROTOTYPES = YES;
				CLANG_WARN_SUSPICIOUS_MOVE = YES;
				CLANG_WARN_UNGUARDED_AVAILABILITY = YES_AGGRESSIVE;
				CLANG_WARN_UNREACHABLE_CODE = YES;
				CLANG_WARN__DUPLICATE_METHOD_MATCH = YES;
				COPY_PHASE_STRIP = NO;
				DEBUG_INFORMATION_FORMAT = dwarf;
				ENABLE_STRICT_OBJC_MSGSEND = YES;
				ENABLE_TESTABILITY = YES;
				ENABLE_USER_SCRIPT_SANDBOXING = YES;
				GCC_C_LANGUAGE_STANDARD = gnu17;
				GCC_DYNAMIC_NO_PIC = NO;
				GCC_NO_COMMON_BLOCKS = YES;
				GCC_OPTIMIZATION_LEVEL = 0;
				GCC_PREPROCESSOR_DEFINITIONS = (
					"DEBUG=1",
					"$(inherited)",
				);
				GCC_WARN_64_TO_32_BIT_CONVERSION = YES;
				GCC_WARN_ABOUT_RETURN_TYPE = YES_ERROR;
				GCC_WARN_UNDECLARED_SELECTOR = YES;
				GCC_WARN_UNINITIALIZED_AUTOS = YES_AGGRESSIVE;
				GCC_WARN_UNUSED_FUNCTION = YES;
				GCC_WARN_UNUSED_VARIABLE = YES;
				LOCALIZATION_PREFERS_STRING_CATALOGS = YES;
				MTL_ENABLE_DEBUG_INFO = INCLUDE_SOURCE;
				MTL_FAST_MATH = YES;
				ONLY_ACTIVE_ARCH = YES;
				SWIFT_ACTIVE_COMPILATION_CONDITIONS = "DEBUG $(inherited)";
				SWIFT_OPTIMIZATION_LEVEL = "-Onone";
			};
			name = Debug;
		};
		2A193FFA2B8E38D100E10CCE /* Release */ = {
			isa = XCBuildConfiguration;
			buildSettings = {
				ALWAYS_SEARCH_USER_PATHS = NO;
				ASSETCATALOG_COMPILER_GENERATE_SWIFT_ASSET_SYMBOL_EXTENSIONS = YES;
				CLANG_ANALYZER_NONNULL = YES;
				CLANG_ANALYZER_NUMBER_OBJECT_CONVERSION = YES_AGGRESSIVE;
				CLANG_CXX_LANGUAGE_STANDARD = "gnu++20";
				CLANG_ENABLE_MODULES = YES;
				CLANG_ENABLE_OBJC_ARC = YES;
				CLANG_ENABLE_OBJC_WEAK = YES;
				CLANG_WARN_BLOCK_CAPTURE_AUTORELEASING = YES;
				CLANG_WARN_BOOL_CONVERSION = YES;
				CLANG_WARN_COMMA = YES;
				CLANG_WARN_CONSTANT_CONVERSION = YES;
				CLANG_WARN_DEPRECATED_OBJC_IMPLEMENTATIONS = YES;
				CLANG_WARN_DIRECT_OBJC_ISA_USAGE = YES_ERROR;
				CLANG_WARN_DOCUMENTATION_COMMENTS = YES;
				CLANG_WARN_EMPTY_BODY = YES;
				CLANG_WARN_ENUM_CONVERSION = YES;
				CLANG_WARN_INFINITE_RECURSION = YES;
				CLANG_WARN_INT_CONVERSION = YES;
				CLANG_WARN_NON_LITERAL_NULL_CONVERSION = YES;
				CLANG_WARN_OBJC_IMPLICIT_RETAIN_SELF = YES;
				CLANG_WARN_OBJC_LITERAL_CONVERSION = YES;
				CLANG_WARN_OBJC_ROOT_CLASS = YES_ERROR;
				CLANG_WARN_QUOTED_INCLUDE_IN_FRAMEWORK_HEADER = YES;
				CLANG_WARN_RANGE_LOOP_ANALYSIS = YES;
				CLANG_WARN_STRICT_PROTOTYPES = YES;
				CLANG_WARN_SUSPICIOUS_MOVE = YES;
				CLANG_WARN_UNGUARDED_AVAILABILITY = YES_AGGRESSIVE;
				CLANG_WARN_UNREACHABLE_CODE = YES;
				CLANG_WARN__DUPLICATE_METHOD_MATCH = YES;
				COPY_PHASE_STRIP = NO;
				DEBUG_INFORMATION_FORMAT = "dwarf-with-dsym";
				ENABLE_NS_ASSERTIONS = NO;
				ENABLE_STRICT_OBJC_MSGSEND = YES;
				ENABLE_USER_SCRIPT_SANDBOXING = YES;
				GCC_C_LANGUAGE_STANDARD = gnu17;
				GCC_NO_COMMON_BLOCKS = YES;
				GCC_WARN_64_TO_32_BIT_CONVERSION = YES;
				GCC_WARN_ABOUT_RETURN_TYPE = YES_ERROR;
				GCC_WARN_UNDECLARED_SELECTOR = YES;
				GCC_WARN_UNINITIALIZED_AUTOS = YES_AGGRESSIVE;
				GCC_WARN_UNUSED_FUNCTION = YES;
				GCC_WARN_UNUSED_VARIABLE = YES;
				LOCALIZATION_PREFERS_STRING_CATALOGS = YES;
				MTL_ENABLE_DEBUG_INFO = NO;
				MTL_FAST_MATH = YES;
				SWIFT_COMPILATION_MODE = wholemodule;
			};
			name = Release;
		};
		2A193FFC2B8E38D100E10CCE /* Debug */ = {
			isa = XCBuildConfiguration;
			buildSettings = {
				ASSETCATALOG_COMPILER_APPICON_NAME = AppIcon;
				ASSETCATALOG_COMPILER_GLOBAL_ACCENT_COLOR_NAME = AccentColor;
				CODE_SIGN_ENTITLEMENTS = "Chromosome Walking/Chromosome_Walking.entitlements";
				CODE_SIGN_STYLE = Automatic;
				CURRENT_PROJECT_VERSION = 1;
				DEVELOPMENT_ASSET_PATHS = "\"Chromosome Walking/Preview Content\"";
				DEVELOPMENT_TEAM = 3L9D67FVN7;
				ENABLE_HARDENED_RUNTIME = YES;
				ENABLE_PREVIEWS = YES;
				GENERATE_INFOPLIST_FILE = YES;
				INFOPLIST_FILE = "Chromosome Walking/Info.plist";
				"INFOPLIST_KEY_UIApplicationSceneManifest_Generation[sdk=iphoneos*]" = YES;
				"INFOPLIST_KEY_UIApplicationSceneManifest_Generation[sdk=iphonesimulator*]" = YES;
				"INFOPLIST_KEY_UIApplicationSupportsIndirectInputEvents[sdk=iphoneos*]" = YES;
				"INFOPLIST_KEY_UIApplicationSupportsIndirectInputEvents[sdk=iphonesimulator*]" = YES;
				"INFOPLIST_KEY_UILaunchScreen_Generation[sdk=iphoneos*]" = YES;
				"INFOPLIST_KEY_UILaunchScreen_Generation[sdk=iphonesimulator*]" = YES;
				"INFOPLIST_KEY_UIStatusBarStyle[sdk=iphoneos*]" = UIStatusBarStyleDefault;
				"INFOPLIST_KEY_UIStatusBarStyle[sdk=iphonesimulator*]" = UIStatusBarStyleDefault;
				INFOPLIST_KEY_UISupportedInterfaceOrientations_iPad = "UIInterfaceOrientationPortrait UIInterfaceOrientationPortraitUpsideDown UIInterfaceOrientationLandscapeLeft UIInterfaceOrientationLandscapeRight";
				INFOPLIST_KEY_UISupportedInterfaceOrientations_iPhone = "UIInterfaceOrientationPortrait UIInterfaceOrientationLandscapeLeft UIInterfaceOrientationLandscapeRight";
				"INFOPLIST_KEY_UISupportsDocumentBrowser[sdk=iphoneos*]" = YES;
				"INFOPLIST_KEY_UISupportsDocumentBrowser[sdk=iphonesimulator*]" = YES;
				IPHONEOS_DEPLOYMENT_TARGET = 17.2;
				LD_RUNPATH_SEARCH_PATHS = "@executable_path/Frameworks";
				"LD_RUNPATH_SEARCH_PATHS[sdk=macosx*]" = "@executable_path/../Frameworks";
				MACOSX_DEPLOYMENT_TARGET = 14.0;
				MARKETING_VERSION = 1.0;
				PRODUCT_BUNDLE_IDENTIFIER = "com.dyerlab.popgraph.Chromosome-Walking";
				PRODUCT_NAME = "$(TARGET_NAME)";
				SDKROOT = auto;
				SUPPORTED_PLATFORMS = "iphoneos iphonesimulator macosx";
				SWIFT_EMIT_LOC_STRINGS = YES;
				SWIFT_VERSION = 5.0;
				TARGETED_DEVICE_FAMILY = "1,2";
			};
			name = Debug;
		};
		2A193FFD2B8E38D100E10CCE /* Release */ = {
			isa = XCBuildConfiguration;
			buildSettings = {
				ASSETCATALOG_COMPILER_APPICON_NAME = AppIcon;
				ASSETCATALOG_COMPILER_GLOBAL_ACCENT_COLOR_NAME = AccentColor;
				CODE_SIGN_ENTITLEMENTS = "Chromosome Walking/Chromosome_Walking.entitlements";
				CODE_SIGN_STYLE = Automatic;
				CURRENT_PROJECT_VERSION = 1;
				DEVELOPMENT_ASSET_PATHS = "\"Chromosome Walking/Preview Content\"";
				DEVELOPMENT_TEAM = 3L9D67FVN7;
				ENABLE_HARDENED_RUNTIME = YES;
				ENABLE_PREVIEWS = YES;
				GENERATE_INFOPLIST_FILE = YES;
				INFOPLIST_FILE = "Chromosome Walking/Info.plist";
				"INFOPLIST_KEY_UIApplicationSceneManifest_Generation[sdk=iphoneos*]" = YES;
				"INFOPLIST_KEY_UIApplicationSceneManifest_Generation[sdk=iphonesimulator*]" = YES;
				"INFOPLIST_KEY_UIApplicationSupportsIndirectInputEvents[sdk=iphoneos*]" = YES;
				"INFOPLIST_KEY_UIApplicationSupportsIndirectInputEvents[sdk=iphonesimulator*]" = YES;
				"INFOPLIST_KEY_UILaunchScreen_Generation[sdk=iphoneos*]" = YES;
				"INFOPLIST_KEY_UILaunchScreen_Generation[sdk=iphonesimulator*]" = YES;
				"INFOPLIST_KEY_UIStatusBarStyle[sdk=iphoneos*]" = UIStatusBarStyleDefault;
				"INFOPLIST_KEY_UIStatusBarStyle[sdk=iphonesimulator*]" = UIStatusBarStyleDefault;
				INFOPLIST_KEY_UISupportedInterfaceOrientations_iPad = "UIInterfaceOrientationPortrait UIInterfaceOrientationPortraitUpsideDown UIInterfaceOrientationLandscapeLeft UIInterfaceOrientationLandscapeRight";
				INFOPLIST_KEY_UISupportedInterfaceOrientations_iPhone = "UIInterfaceOrientationPortrait UIInterfaceOrientationLandscapeLeft UIInterfaceOrientationLandscapeRight";
				"INFOPLIST_KEY_UISupportsDocumentBrowser[sdk=iphoneos*]" = YES;
				"INFOPLIST_KEY_UISupportsDocumentBrowser[sdk=iphonesimulator*]" = YES;
				IPHONEOS_DEPLOYMENT_TARGET = 17.2;
				LD_RUNPATH_SEARCH_PATHS = "@executable_path/Frameworks";
				"LD_RUNPATH_SEARCH_PATHS[sdk=macosx*]" = "@executable_path/../Frameworks";
				MACOSX_DEPLOYMENT_TARGET = 14.0;
				MARKETING_VERSION = 1.0;
				PRODUCT_BUNDLE_IDENTIFIER = "com.dyerlab.popgraph.Chromosome-Walking";
				PRODUCT_NAME = "$(TARGET_NAME)";
				SDKROOT = auto;
				SUPPORTED_PLATFORMS = "iphoneos iphonesimulator macosx";
				SWIFT_EMIT_LOC_STRINGS = YES;
				SWIFT_VERSION = 5.0;
				TARGETED_DEVICE_FAMILY = "1,2";
			};
			name = Release;
		};
		2A193FFF2B8E38D100E10CCE /* Debug */ = {
			isa = XCBuildConfiguration;
			buildSettings = {
				ALWAYS_EMBED_SWIFT_STANDARD_LIBRARIES = YES;
				BUNDLE_LOADER = "$(TEST_HOST)";
				CODE_SIGN_STYLE = Automatic;
				CURRENT_PROJECT_VERSION = 1;
				DEVELOPMENT_TEAM = 3L9D67FVN7;
				GENERATE_INFOPLIST_FILE = YES;
				IPHONEOS_DEPLOYMENT_TARGET = 17.2;
				MACOSX_DEPLOYMENT_TARGET = 14.2;
				MARKETING_VERSION = 1.0;
				PRODUCT_BUNDLE_IDENTIFIER = "com.dyerlab.popgraph.Chromosome-WalkingTests";
				PRODUCT_NAME = "$(TARGET_NAME)";
				SDKROOT = auto;
				SUPPORTED_PLATFORMS = "iphoneos iphonesimulator macosx";
				SWIFT_EMIT_LOC_STRINGS = NO;
				SWIFT_VERSION = 5.0;
				TARGETED_DEVICE_FAMILY = "1,2";
				TEST_HOST = "$(BUILT_PRODUCTS_DIR)/Chromosome Walking.app/$(BUNDLE_EXECUTABLE_FOLDER_PATH)/Chromosome Walking";
			};
			name = Debug;
		};
		2A1940002B8E38D100E10CCE /* Release */ = {
			isa = XCBuildConfiguration;
			buildSettings = {
				ALWAYS_EMBED_SWIFT_STANDARD_LIBRARIES = YES;
				BUNDLE_LOADER = "$(TEST_HOST)";
				CODE_SIGN_STYLE = Automatic;
				CURRENT_PROJECT_VERSION = 1;
				DEVELOPMENT_TEAM = 3L9D67FVN7;
				GENERATE_INFOPLIST_FILE = YES;
				IPHONEOS_DEPLOYMENT_TARGET = 17.2;
				MACOSX_DEPLOYMENT_TARGET = 14.2;
				MARKETING_VERSION = 1.0;
				PRODUCT_BUNDLE_IDENTIFIER = "com.dyerlab.popgraph.Chromosome-WalkingTests";
				PRODUCT_NAME = "$(TARGET_NAME)";
				SDKROOT = auto;
				SUPPORTED_PLATFORMS = "iphoneos iphonesimulator macosx";
				SWIFT_EMIT_LOC_STRINGS = NO;
				SWIFT_VERSION = 5.0;
				TARGETED_DEVICE_FAMILY = "1,2";
				TEST_HOST = "$(BUILT_PRODUCTS_DIR)/Chromosome Walking.app/$(BUNDLE_EXECUTABLE_FOLDER_PATH)/Chromosome Walking";
			};
			name = Release;
		};
		2A1940022B8E38D100E10CCE /* Debug */ = {
			isa = XCBuildConfiguration;
			buildSettings = {
				ALWAYS_EMBED_SWIFT_STANDARD_LIBRARIES = YES;
				CODE_SIGN_STYLE = Automatic;
				CURRENT_PROJECT_VERSION = 1;
				DEVELOPMENT_TEAM = 3L9D67FVN7;
				GENERATE_INFOPLIST_FILE = YES;
				IPHONEOS_DEPLOYMENT_TARGET = 17.2;
				MACOSX_DEPLOYMENT_TARGET = 14.2;
				MARKETING_VERSION = 1.0;
				PRODUCT_BUNDLE_IDENTIFIER = "com.dyerlab.popgraph.Chromosome-WalkingUITests";
				PRODUCT_NAME = "$(TARGET_NAME)";
				SDKROOT = auto;
				SUPPORTED_PLATFORMS = "iphoneos iphonesimulator macosx";
				SWIFT_EMIT_LOC_STRINGS = NO;
				SWIFT_VERSION = 5.0;
				TARGETED_DEVICE_FAMILY = "1,2";
				TEST_TARGET_NAME = "Chromosome Walking";
			};
			name = Debug;
		};
		2A1940032B8E38D100E10CCE /* Release */ = {
			isa = XCBuildConfiguration;
			buildSettings = {
				ALWAYS_EMBED_SWIFT_STANDARD_LIBRARIES = YES;
				CODE_SIGN_STYLE = Automatic;
				CURRENT_PROJECT_VERSION = 1;
				DEVELOPMENT_TEAM = 3L9D67FVN7;
				GENERATE_INFOPLIST_FILE = YES;
				IPHONEOS_DEPLOYMENT_TARGET = 17.2;
				MACOSX_DEPLOYMENT_TARGET = 14.2;
				MARKETING_VERSION = 1.0;
				PRODUCT_BUNDLE_IDENTIFIER = "com.dyerlab.popgraph.Chromosome-WalkingUITests";
				PRODUCT_NAME = "$(TARGET_NAME)";
				SDKROOT = auto;
				SUPPORTED_PLATFORMS = "iphoneos iphonesimulator macosx";
				SWIFT_EMIT_LOC_STRINGS = NO;
				SWIFT_VERSION = 5.0;
				TARGETED_DEVICE_FAMILY = "1,2";
				TEST_TARGET_NAME = "Chromosome Walking";
			};
			name = Release;
		};
/* End XCBuildConfiguration section */

/* Begin XCConfigurationList section */
		2A193FCE2B8E38D000E10CCE /* Build configuration list for PBXProject "Chromosome Walking" */ = {
			isa = XCConfigurationList;
			buildConfigurations = (
				2A193FF92B8E38D100E10CCE /* Debug */,
				2A193FFA2B8E38D100E10CCE /* Release */,
			);
			defaultConfigurationIsVisible = 0;
			defaultConfigurationName = Release;
		};
		2A193FFB2B8E38D100E10CCE /* Build configuration list for PBXNativeTarget "Chromosome Walking" */ = {
			isa = XCConfigurationList;
			buildConfigurations = (
				2A193FFC2B8E38D100E10CCE /* Debug */,
				2A193FFD2B8E38D100E10CCE /* Release */,
			);
			defaultConfigurationIsVisible = 0;
			defaultConfigurationName = Release;
		};
		2A193FFE2B8E38D100E10CCE /* Build configuration list for PBXNativeTarget "Chromosome WalkingTests" */ = {
			isa = XCConfigurationList;
			buildConfigurations = (
				2A193FFF2B8E38D100E10CCE /* Debug */,
				2A1940002B8E38D100E10CCE /* Release */,
			);
			defaultConfigurationIsVisible = 0;
			defaultConfigurationName = Release;
		};
		2A1940012B8E38D100E10CCE /* Build configuration list for PBXNativeTarget "Chromosome WalkingUITests" */ = {
			isa = XCConfigurationList;
			buildConfigurations = (
				2A1940022B8E38D100E10CCE /* Debug */,
				2A1940032B8E38D100E10CCE /* Release */,
			);
			defaultConfigurationIsVisible = 0;
			defaultConfigurationName = Release;
		};
/* End XCConfigurationList section */
	};
	rootObject = 2A193FCB2B8E38D000E10CCE /* Project object */;
}
