// !$*UTF8*$!
{
	archiveVersion = 1;
	classes = {
	};
	objectVersion = 56;
	objects = {

/* Begin PBXBuildFile section */
		2A1D8A532B8F9F3300B7F062 /* Chromosome_WalkerApp.swift in Sources */ = {isa = PBXBuildFile; fileRef = 2A1D8A522B8F9F3300B7F062 /* Chromosome_WalkerApp.swift */; };
		2A1D8A552B8F9F3300B7F062 /* ContentView.swift in Sources */ = {isa = PBXBuildFile; fileRef = 2A1D8A542B8F9F3300B7F062 /* ContentView.swift */; };
		2A1D8A572B8F9F3300B7F062 /* Item.swift in Sources */ = {isa = PBXBuildFile; fileRef = 2A1D8A562B8F9F3300B7F062 /* Item.swift */; };
		2A1D8A592B8F9F3400B7F062 /* Assets.xcassets in Resources */ = {isa = PBXBuildFile; fileRef = 2A1D8A582B8F9F3400B7F062 /* Assets.xcassets */; };
		2A1D8A5D2B8F9F3400B7F062 /* Preview Assets.xcassets in Resources */ = {isa = PBXBuildFile; fileRef = 2A1D8A5C2B8F9F3400B7F062 /* Preview Assets.xcassets */; };
		2A1D8A672B8F9F3500B7F062 /* Chromosome_WalkerTests.swift in Sources */ = {isa = PBXBuildFile; fileRef = 2A1D8A662B8F9F3500B7F062 /* Chromosome_WalkerTests.swift */; };
		2A1D8A712B8F9F3500B7F062 /* Chromosome_WalkerUITests.swift in Sources */ = {isa = PBXBuildFile; fileRef = 2A1D8A702B8F9F3500B7F062 /* Chromosome_WalkerUITests.swift */; };
		2A1D8A732B8F9F3500B7F062 /* Chromosome_WalkerUITestsLaunchTests.swift in Sources */ = {isa = PBXBuildFile; fileRef = 2A1D8A722B8F9F3500B7F062 /* Chromosome_WalkerUITestsLaunchTests.swift */; };
		2A8CF4952B8F9F7500F5F94A /* data in Resources */ = {isa = PBXBuildFile; fileRef = 2A8CF4942B8F9F7500F5F94A /* data */; };
/* End PBXBuildFile section */

/* Begin PBXContainerItemProxy section */
		2A1D8A632B8F9F3400B7F062 /* PBXContainerItemProxy */ = {
			isa = PBXContainerItemProxy;
			containerPortal = 2A1D8A472B8F9F3300B7F062 /* Project object */;
			proxyType = 1;
			remoteGlobalIDString = 2A1D8A4E2B8F9F3300B7F062;
			remoteInfo = "Chromosome Walker";
		};
		2A1D8A6D2B8F9F3500B7F062 /* PBXContainerItemProxy */ = {
			isa = PBXContainerItemProxy;
			containerPortal = 2A1D8A472B8F9F3300B7F062 /* Project object */;
			proxyType = 1;
			remoteGlobalIDString = 2A1D8A4E2B8F9F3300B7F062;
			remoteInfo = "Chromosome Walker";
		};
/* End PBXContainerItemProxy section */

/* Begin PBXFileReference section */
		2A1D8A4F2B8F9F3300B7F062 /* Chromosome Walker.app */ = {isa = PBXFileReference; explicitFileType = wrapper.application; includeInIndex = 0; path = "Chromosome Walker.app"; sourceTree = BUILT_PRODUCTS_DIR; };
		2A1D8A522B8F9F3300B7F062 /* Chromosome_WalkerApp.swift */ = {isa = PBXFileReference; lastKnownFileType = sourcecode.swift; path = Chromosome_WalkerApp.swift; sourceTree = "<group>"; };
		2A1D8A542B8F9F3300B7F062 /* ContentView.swift */ = {isa = PBXFileReference; lastKnownFileType = sourcecode.swift; path = ContentView.swift; sourceTree = "<group>"; };
		2A1D8A562B8F9F3300B7F062 /* Item.swift */ = {isa = PBXFileReference; lastKnownFileType = sourcecode.swift; path = Item.swift; sourceTree = "<group>"; };
		2A1D8A582B8F9F3400B7F062 /* Assets.xcassets */ = {isa = PBXFileReference; lastKnownFileType = folder.assetcatalog; path = Assets.xcassets; sourceTree = "<group>"; };
		2A1D8A5A2B8F9F3400B7F062 /* Chromosome_Walker.entitlements */ = {isa = PBXFileReference; lastKnownFileType = text.plist.entitlements; path = Chromosome_Walker.entitlements; sourceTree = "<group>"; };
		2A1D8A5C2B8F9F3400B7F062 /* Preview Assets.xcassets */ = {isa = PBXFileReference; lastKnownFileType = folder.assetcatalog; path = "Preview Assets.xcassets"; sourceTree = "<group>"; };
		2A1D8A622B8F9F3400B7F062 /* Chromosome WalkerTests.xctest */ = {isa = PBXFileReference; explicitFileType = wrapper.cfbundle; includeInIndex = 0; path = "Chromosome WalkerTests.xctest"; sourceTree = BUILT_PRODUCTS_DIR; };
		2A1D8A662B8F9F3500B7F062 /* Chromosome_WalkerTests.swift */ = {isa = PBXFileReference; lastKnownFileType = sourcecode.swift; path = Chromosome_WalkerTests.swift; sourceTree = "<group>"; };
		2A1D8A6C2B8F9F3500B7F062 /* Chromosome WalkerUITests.xctest */ = {isa = PBXFileReference; explicitFileType = wrapper.cfbundle; includeInIndex = 0; path = "Chromosome WalkerUITests.xctest"; sourceTree = BUILT_PRODUCTS_DIR; };
		2A1D8A702B8F9F3500B7F062 /* Chromosome_WalkerUITests.swift */ = {isa = PBXFileReference; lastKnownFileType = sourcecode.swift; path = Chromosome_WalkerUITests.swift; sourceTree = "<group>"; };
		2A1D8A722B8F9F3500B7F062 /* Chromosome_WalkerUITestsLaunchTests.swift */ = {isa = PBXFileReference; lastKnownFileType = sourcecode.swift; path = Chromosome_WalkerUITestsLaunchTests.swift; sourceTree = "<group>"; };
		2A8CF4942B8F9F7500F5F94A /* data */ = {isa = PBXFileReference; lastKnownFileType = folder; path = data; sourceTree = "<group>"; };
/* End PBXFileReference section */

/* Begin PBXFrameworksBuildPhase section */
		2A1D8A4C2B8F9F3300B7F062 /* Frameworks */ = {
			isa = PBXFrameworksBuildPhase;
			buildActionMask = 2147483647;
			files = (
			);
			runOnlyForDeploymentPostprocessing = 0;
		};
		2A1D8A5F2B8F9F3400B7F062 /* Frameworks */ = {
			isa = PBXFrameworksBuildPhase;
			buildActionMask = 2147483647;
			files = (
			);
			runOnlyForDeploymentPostprocessing = 0;
		};
		2A1D8A692B8F9F3500B7F062 /* Frameworks */ = {
			isa = PBXFrameworksBuildPhase;
			buildActionMask = 2147483647;
			files = (
			);
			runOnlyForDeploymentPostprocessing = 0;
		};
/* End PBXFrameworksBuildPhase section */

/* Begin PBXGroup section */
		2A1D8A462B8F9F3300B7F062 = {
			isa = PBXGroup;
			children = (
				2A8CF4942B8F9F7500F5F94A /* data */,
				2A1D8A512B8F9F3300B7F062 /* Chromosome Walker */,
				2A1D8A652B8F9F3500B7F062 /* Chromosome WalkerTests */,
				2A1D8A6F2B8F9F3500B7F062 /* Chromosome WalkerUITests */,
				2A1D8A502B8F9F3300B7F062 /* Products */,
			);
			sourceTree = "<group>";
		};
		2A1D8A502B8F9F3300B7F062 /* Products */ = {
			isa = PBXGroup;
			children = (
				2A1D8A4F2B8F9F3300B7F062 /* Chromosome Walker.app */,
				2A1D8A622B8F9F3400B7F062 /* Chromosome WalkerTests.xctest */,
				2A1D8A6C2B8F9F3500B7F062 /* Chromosome WalkerUITests.xctest */,
			);
			name = Products;
			sourceTree = "<group>";
		};
		2A1D8A512B8F9F3300B7F062 /* Chromosome Walker */ = {
			isa = PBXGroup;
			children = (
				2A1D8A522B8F9F3300B7F062 /* Chromosome_WalkerApp.swift */,
				2A1D8A542B8F9F3300B7F062 /* ContentView.swift */,
				2A1D8A562B8F9F3300B7F062 /* Item.swift */,
				2A1D8A582B8F9F3400B7F062 /* Assets.xcassets */,
				2A1D8A5A2B8F9F3400B7F062 /* Chromosome_Walker.entitlements */,
				2A1D8A5B2B8F9F3400B7F062 /* Preview Content */,
			);
			path = "Chromosome Walker";
			sourceTree = "<group>";
		};
		2A1D8A5B2B8F9F3400B7F062 /* Preview Content */ = {
			isa = PBXGroup;
			children = (
				2A1D8A5C2B8F9F3400B7F062 /* Preview Assets.xcassets */,
			);
			path = "Preview Content";
			sourceTree = "<group>";
		};
		2A1D8A652B8F9F3500B7F062 /* Chromosome WalkerTests */ = {
			isa = PBXGroup;
			children = (
				2A1D8A662B8F9F3500B7F062 /* Chromosome_WalkerTests.swift */,
			);
			path = "Chromosome WalkerTests";
			sourceTree = "<group>";
		};
		2A1D8A6F2B8F9F3500B7F062 /* Chromosome WalkerUITests */ = {
			isa = PBXGroup;
			children = (
				2A1D8A702B8F9F3500B7F062 /* Chromosome_WalkerUITests.swift */,
				2A1D8A722B8F9F3500B7F062 /* Chromosome_WalkerUITestsLaunchTests.swift */,
			);
			path = "Chromosome WalkerUITests";
			sourceTree = "<group>";
		};
/* End PBXGroup section */

/* Begin PBXNativeTarget section */
		2A1D8A4E2B8F9F3300B7F062 /* Chromosome Walker */ = {
			isa = PBXNativeTarget;
			buildConfigurationList = 2A1D8A762B8F9F3500B7F062 /* Build configuration list for PBXNativeTarget "Chromosome Walker" */;
			buildPhases = (
				2A1D8A4B2B8F9F3300B7F062 /* Sources */,
				2A1D8A4C2B8F9F3300B7F062 /* Frameworks */,
				2A1D8A4D2B8F9F3300B7F062 /* Resources */,
			);
			buildRules = (
			);
			dependencies = (
			);
			name = "Chromosome Walker";
			productName = "Chromosome Walker";
			productReference = 2A1D8A4F2B8F9F3300B7F062 /* Chromosome Walker.app */;
			productType = "com.apple.product-type.application";
		};
		2A1D8A612B8F9F3400B7F062 /* Chromosome WalkerTests */ = {
			isa = PBXNativeTarget;
			buildConfigurationList = 2A1D8A792B8F9F3500B7F062 /* Build configuration list for PBXNativeTarget "Chromosome WalkerTests" */;
			buildPhases = (
				2A1D8A5E2B8F9F3400B7F062 /* Sources */,
				2A1D8A5F2B8F9F3400B7F062 /* Frameworks */,
				2A1D8A602B8F9F3400B7F062 /* Resources */,
			);
			buildRules = (
			);
			dependencies = (
				2A1D8A642B8F9F3400B7F062 /* PBXTargetDependency */,
			);
			name = "Chromosome WalkerTests";
			productName = "Chromosome WalkerTests";
			productReference = 2A1D8A622B8F9F3400B7F062 /* Chromosome WalkerTests.xctest */;
			productType = "com.apple.product-type.bundle.unit-test";
		};
		2A1D8A6B2B8F9F3500B7F062 /* Chromosome WalkerUITests */ = {
			isa = PBXNativeTarget;
			buildConfigurationList = 2A1D8A7C2B8F9F3500B7F062 /* Build configuration list for PBXNativeTarget "Chromosome WalkerUITests" */;
			buildPhases = (
				2A1D8A682B8F9F3500B7F062 /* Sources */,
				2A1D8A692B8F9F3500B7F062 /* Frameworks */,
				2A1D8A6A2B8F9F3500B7F062 /* Resources */,
			);
			buildRules = (
			);
			dependencies = (
				2A1D8A6E2B8F9F3500B7F062 /* PBXTargetDependency */,
			);
			name = "Chromosome WalkerUITests";
			productName = "Chromosome WalkerUITests";
			productReference = 2A1D8A6C2B8F9F3500B7F062 /* Chromosome WalkerUITests.xctest */;
			productType = "com.apple.product-type.bundle.ui-testing";
		};
/* End PBXNativeTarget section */

/* Begin PBXProject section */
		2A1D8A472B8F9F3300B7F062 /* Project object */ = {
			isa = PBXProject;
			attributes = {
				BuildIndependentTargetsInParallel = 1;
				LastSwiftUpdateCheck = 1520;
				LastUpgradeCheck = 1520;
				TargetAttributes = {
					2A1D8A4E2B8F9F3300B7F062 = {
						CreatedOnToolsVersion = 15.2;
					};
					2A1D8A612B8F9F3400B7F062 = {
						CreatedOnToolsVersion = 15.2;
						TestTargetID = 2A1D8A4E2B8F9F3300B7F062;
					};
					2A1D8A6B2B8F9F3500B7F062 = {
						CreatedOnToolsVersion = 15.2;
						TestTargetID = 2A1D8A4E2B8F9F3300B7F062;
					};
				};
			};
			buildConfigurationList = 2A1D8A4A2B8F9F3300B7F062 /* Build configuration list for PBXProject "Chromosome Walker" */;
			compatibilityVersion = "Xcode 14.0";
			developmentRegion = en;
			hasScannedForEncodings = 0;
			knownRegions = (
				en,
				Base,
			);
			mainGroup = 2A1D8A462B8F9F3300B7F062;
			productRefGroup = 2A1D8A502B8F9F3300B7F062 /* Products */;
			projectDirPath = "";
			projectRoot = "";
			targets = (
				2A1D8A4E2B8F9F3300B7F062 /* Chromosome Walker */,
				2A1D8A612B8F9F3400B7F062 /* Chromosome WalkerTests */,
				2A1D8A6B2B8F9F3500B7F062 /* Chromosome WalkerUITests */,
			);
		};
/* End PBXProject section */

/* Begin PBXResourcesBuildPhase section */
		2A1D8A4D2B8F9F3300B7F062 /* Resources */ = {
			isa = PBXResourcesBuildPhase;
			buildActionMask = 2147483647;
			files = (
				2A1D8A5D2B8F9F3400B7F062 /* Preview Assets.xcassets in Resources */,
				2A8CF4952B8F9F7500F5F94A /* data in Resources */,
				2A1D8A592B8F9F3400B7F062 /* Assets.xcassets in Resources */,
			);
			runOnlyForDeploymentPostprocessing = 0;
		};
		2A1D8A602B8F9F3400B7F062 /* Resources */ = {
			isa = PBXResourcesBuildPhase;
			buildActionMask = 2147483647;
			files = (
			);
			runOnlyForDeploymentPostprocessing = 0;
		};
		2A1D8A6A2B8F9F3500B7F062 /* Resources */ = {
			isa = PBXResourcesBuildPhase;
			buildActionMask = 2147483647;
			files = (
			);
			runOnlyForDeploymentPostprocessing = 0;
		};
/* End PBXResourcesBuildPhase section */

/* Begin PBXSourcesBuildPhase section */
		2A1D8A4B2B8F9F3300B7F062 /* Sources */ = {
			isa = PBXSourcesBuildPhase;
			buildActionMask = 2147483647;
			files = (
				2A1D8A552B8F9F3300B7F062 /* ContentView.swift in Sources */,
				2A1D8A572B8F9F3300B7F062 /* Item.swift in Sources */,
				2A1D8A532B8F9F3300B7F062 /* Chromosome_WalkerApp.swift in Sources */,
			);
			runOnlyForDeploymentPostprocessing = 0;
		};
		2A1D8A5E2B8F9F3400B7F062 /* Sources */ = {
			isa = PBXSourcesBuildPhase;
			buildActionMask = 2147483647;
			files = (
				2A1D8A672B8F9F3500B7F062 /* Chromosome_WalkerTests.swift in Sources */,
			);
			runOnlyForDeploymentPostprocessing = 0;
		};
		2A1D8A682B8F9F3500B7F062 /* Sources */ = {
			isa = PBXSourcesBuildPhase;
			buildActionMask = 2147483647;
			files = (
				2A1D8A732B8F9F3500B7F062 /* Chromosome_WalkerUITestsLaunchTests.swift in Sources */,
				2A1D8A712B8F9F3500B7F062 /* Chromosome_WalkerUITests.swift in Sources */,
			);
			runOnlyForDeploymentPostprocessing = 0;
		};
/* End PBXSourcesBuildPhase section */

/* Begin PBXTargetDependency section */
		2A1D8A642B8F9F3400B7F062 /* PBXTargetDependency */ = {
			isa = PBXTargetDependency;
			target = 2A1D8A4E2B8F9F3300B7F062 /* Chromosome Walker */;
			targetProxy = 2A1D8A632B8F9F3400B7F062 /* PBXContainerItemProxy */;
		};
		2A1D8A6E2B8F9F3500B7F062 /* PBXTargetDependency */ = {
			isa = PBXTargetDependency;
			target = 2A1D8A4E2B8F9F3300B7F062 /* Chromosome Walker */;
			targetProxy = 2A1D8A6D2B8F9F3500B7F062 /* PBXContainerItemProxy */;
		};
/* End PBXTargetDependency section */

/* Begin XCBuildConfiguration section */
		2A1D8A742B8F9F3500B7F062 /* Debug */ = {
			isa = XCBuildConfiguration;
			buildSettings = {
				ALWAYS_SEARCH_USER_PATHS = NO;
				ASSETCATALOG_COMPILER_GENERATE_SWIFT_ASSET_SYMBOL_EXTENSIONS = YES;
				CLANG_ANALYZER_NONNULL = YES;
				CLANG_ANALYZER_NUMBER_OBJECT_CONVERSION = YES_AGGRESSIVE;
				CLANG_CXX_LANGUAGE_STANDARD = "gnu++20";
				CLANG_ENABLE_MODULES = YES;
				CLANG_ENABLE_OBJC_ARC = YES;
				CLANG_ENABLE_OBJC_WEAK = YES;
				CLANG_WARN_BLOCK_CAPTURE_AUTORELEASING = YES;
				CLANG_WARN_BOOL_CONVERSION = YES;
				CLANG_WARN_COMMA = YES;
				CLANG_WARN_CONSTANT_CONVERSION = YES;
				CLANG_WARN_DEPRECATED_OBJC_IMPLEMENTATIONS = YES;
				CLANG_WARN_DIRECT_OBJC_ISA_USAGE = YES_ERROR;
				CLANG_WARN_DOCUMENTATION_COMMENTS = YES;
				CLANG_WARN_EMPTY_BODY = YES;
				CLANG_WARN_ENUM_CONVERSION = YES;
				CLANG_WARN_INFINITE_RECURSION = YES;
				CLANG_WARN_INT_CONVERSION = YES;
				CLANG_WARN_NON_LITERAL_NULL_CONVERSION = YES;
				CLANG_WARN_OBJC_IMPLICIT_RETAIN_SELF = YES;
				CLANG_WARN_OBJC_LITERAL_CONVERSION = YES;
				CLANG_WARN_OBJC_ROOT_CLASS = YES_ERROR;
				CLANG_WARN_QUOTED_INCLUDE_IN_FRAMEWORK_HEADER = YES;
				CLANG_WARN_RANGE_LOOP_ANALYSIS = YES;
				CLANG_WARN_STRICT_PROTOTYPES = YES;
				CLANG_WARN_SUSPICIOUS_MOVE = YES;
				CLANG_WARN_UNGUARDED_AVAILABILITY = YES_AGGRESSIVE;
				CLANG_WARN_UNREACHABLE_CODE = YES;
				CLANG_WARN__DUPLICATE_METHOD_MATCH = YES;
				COPY_PHASE_STRIP = NO;
				DEBUG_INFORMATION_FORMAT = dwarf;
				ENABLE_STRICT_OBJC_MSGSEND = YES;
				ENABLE_TESTABILITY = YES;
				ENABLE_USER_SCRIPT_SANDBOXING = YES;
				GCC_C_LANGUAGE_STANDARD = gnu17;
				GCC_DYNAMIC_NO_PIC = NO;
				GCC_NO_COMMON_BLOCKS = YES;
				GCC_OPTIMIZATION_LEVEL = 0;
				GCC_PREPROCESSOR_DEFINITIONS = (
					"DEBUG=1",
					"$(inherited)",
				);
				GCC_WARN_64_TO_32_BIT_CONVERSION = YES;
				GCC_WARN_ABOUT_RETURN_TYPE = YES_ERROR;
				GCC_WARN_UNDECLARED_SELECTOR = YES;
				GCC_WARN_UNINITIALIZED_AUTOS = YES_AGGRESSIVE;
				GCC_WARN_UNUSED_FUNCTION = YES;
				GCC_WARN_UNUSED_VARIABLE = YES;
				LOCALIZATION_PREFERS_STRING_CATALOGS = YES;
				MTL_ENABLE_DEBUG_INFO = INCLUDE_SOURCE;
				MTL_FAST_MATH = YES;
				ONLY_ACTIVE_ARCH = YES;
				SWIFT_ACTIVE_COMPILATION_CONDITIONS = "DEBUG $(inherited)";
				SWIFT_OPTIMIZATION_LEVEL = "-Onone";
			};
			name = Debug;
		};
		2A1D8A752B8F9F3500B7F062 /* Release */ = {
			isa = XCBuildConfiguration;
			buildSettings = {
				ALWAYS_SEARCH_USER_PATHS = NO;
				ASSETCATALOG_COMPILER_GENERATE_SWIFT_ASSET_SYMBOL_EXTENSIONS = YES;
				CLANG_ANALYZER_NONNULL = YES;
				CLANG_ANALYZER_NUMBER_OBJECT_CONVERSION = YES_AGGRESSIVE;
				CLANG_CXX_LANGUAGE_STANDARD = "gnu++20";
				CLANG_ENABLE_MODULES = YES;
				CLANG_ENABLE_OBJC_ARC = YES;
				CLANG_ENABLE_OBJC_WEAK = YES;
				CLANG_WARN_BLOCK_CAPTURE_AUTORELEASING = YES;
				CLANG_WARN_BOOL_CONVERSION = YES;
				CLANG_WARN_COMMA = YES;
				CLANG_WARN_CONSTANT_CONVERSION = YES;
				CLANG_WARN_DEPRECATED_OBJC_IMPLEMENTATIONS = YES;
				CLANG_WARN_DIRECT_OBJC_ISA_USAGE = YES_ERROR;
				CLANG_WARN_DOCUMENTATION_COMMENTS = YES;
				CLANG_WARN_EMPTY_BODY = YES;
				CLANG_WARN_ENUM_CONVERSION = YES;
				CLANG_WARN_INFINITE_RECURSION = YES;
				CLANG_WARN_INT_CONVERSION = YES;
				CLANG_WARN_NON_LITERAL_NULL_CONVERSION = YES;
				CLANG_WARN_OBJC_IMPLICIT_RETAIN_SELF = YES;
				CLANG_WARN_OBJC_LITERAL_CONVERSION = YES;
				CLANG_WARN_OBJC_ROOT_CLASS = YES_ERROR;
				CLANG_WARN_QUOTED_INCLUDE_IN_FRAMEWORK_HEADER = YES;
				CLANG_WARN_RANGE_LOOP_ANALYSIS = YES;
				CLANG_WARN_STRICT_PROTOTYPES = YES;
				CLANG_WARN_SUSPICIOUS_MOVE = YES;
				CLANG_WARN_UNGUARDED_AVAILABILITY = YES_AGGRESSIVE;
				CLANG_WARN_UNREACHABLE_CODE = YES;
				CLANG_WARN__DUPLICATE_METHOD_MATCH = YES;
				COPY_PHASE_STRIP = NO;
				DEBUG_INFORMATION_FORMAT = "dwarf-with-dsym";
				ENABLE_NS_ASSERTIONS = NO;
				ENABLE_STRICT_OBJC_MSGSEND = YES;
				ENABLE_USER_SCRIPT_SANDBOXING = YES;
				GCC_C_LANGUAGE_STANDARD = gnu17;
				GCC_NO_COMMON_BLOCKS = YES;
				GCC_WARN_64_TO_32_BIT_CONVERSION = YES;
				GCC_WARN_ABOUT_RETURN_TYPE = YES_ERROR;
				GCC_WARN_UNDECLARED_SELECTOR = YES;
				GCC_WARN_UNINITIALIZED_AUTOS = YES_AGGRESSIVE;
				GCC_WARN_UNUSED_FUNCTION = YES;
				GCC_WARN_UNUSED_VARIABLE = YES;
				LOCALIZATION_PREFERS_STRING_CATALOGS = YES;
				MTL_ENABLE_DEBUG_INFO = NO;
				MTL_FAST_MATH = YES;
				SWIFT_COMPILATION_MODE = wholemodule;
			};
			name = Release;
		};
		2A1D8A772B8F9F3500B7F062 /* Debug */ = {
			isa = XCBuildConfiguration;
			buildSettings = {
				ASSETCATALOG_COMPILER_APPICON_NAME = AppIcon;
				ASSETCATALOG_COMPILER_GLOBAL_ACCENT_COLOR_NAME = AccentColor;
				CODE_SIGN_ENTITLEMENTS = "Chromosome Walker/Chromosome_Walker.entitlements";
				CODE_SIGN_STYLE = Automatic;
				CURRENT_PROJECT_VERSION = 1;
				DEVELOPMENT_ASSET_PATHS = "\"Chromosome Walker/Preview Content\"";
				DEVELOPMENT_TEAM = 3L9D67FVN7;
				ENABLE_HARDENED_RUNTIME = YES;
				ENABLE_PREVIEWS = YES;
				GENERATE_INFOPLIST_FILE = YES;
				"INFOPLIST_KEY_UIApplicationSceneManifest_Generation[sdk=iphoneos*]" = YES;
				"INFOPLIST_KEY_UIApplicationSceneManifest_Generation[sdk=iphonesimulator*]" = YES;
				"INFOPLIST_KEY_UIApplicationSupportsIndirectInputEvents[sdk=iphoneos*]" = YES;
				"INFOPLIST_KEY_UIApplicationSupportsIndirectInputEvents[sdk=iphonesimulator*]" = YES;
				"INFOPLIST_KEY_UILaunchScreen_Generation[sdk=iphoneos*]" = YES;
				"INFOPLIST_KEY_UILaunchScreen_Generation[sdk=iphonesimulator*]" = YES;
				"INFOPLIST_KEY_UIStatusBarStyle[sdk=iphoneos*]" = UIStatusBarStyleDefault;
				"INFOPLIST_KEY_UIStatusBarStyle[sdk=iphonesimulator*]" = UIStatusBarStyleDefault;
				INFOPLIST_KEY_UISupportedInterfaceOrientations_iPad = "UIInterfaceOrientationPortrait UIInterfaceOrientationPortraitUpsideDown UIInterfaceOrientationLandscapeLeft UIInterfaceOrientationLandscapeRight";
				INFOPLIST_KEY_UISupportedInterfaceOrientations_iPhone = "UIInterfaceOrientationPortrait UIInterfaceOrientationLandscapeLeft UIInterfaceOrientationLandscapeRight";
				IPHONEOS_DEPLOYMENT_TARGET = 17.2;
				LD_RUNPATH_SEARCH_PATHS = "@executable_path/Frameworks";
				"LD_RUNPATH_SEARCH_PATHS[sdk=macosx*]" = "@executable_path/../Frameworks";
				MACOSX_DEPLOYMENT_TARGET = 14.0;
				MARKETING_VERSION = 1.0;
				PRODUCT_BUNDLE_IDENTIFIER = "com.dyerlab.popgraph.Chromosome-Walker";
				PRODUCT_NAME = "$(TARGET_NAME)";
				SDKROOT = auto;
				SUPPORTED_PLATFORMS = "iphoneos iphonesimulator macosx";
				SWIFT_EMIT_LOC_STRINGS = YES;
				SWIFT_VERSION = 5.0;
				TARGETED_DEVICE_FAMILY = "1,2";
			};
			name = Debug;
		};
		2A1D8A782B8F9F3500B7F062 /* Release */ = {
			isa = XCBuildConfiguration;
			buildSettings = {
				ASSETCATALOG_COMPILER_APPICON_NAME = AppIcon;
				ASSETCATALOG_COMPILER_GLOBAL_ACCENT_COLOR_NAME = AccentColor;
				CODE_SIGN_ENTITLEMENTS = "Chromosome Walker/Chromosome_Walker.entitlements";
				CODE_SIGN_STYLE = Automatic;
				CURRENT_PROJECT_VERSION = 1;
				DEVELOPMENT_ASSET_PATHS = "\"Chromosome Walker/Preview Content\"";
				DEVELOPMENT_TEAM = 3L9D67FVN7;
				ENABLE_HARDENED_RUNTIME = YES;
				ENABLE_PREVIEWS = YES;
				GENERATE_INFOPLIST_FILE = YES;
				"INFOPLIST_KEY_UIApplicationSceneManifest_Generation[sdk=iphoneos*]" = YES;
				"INFOPLIST_KEY_UIApplicationSceneManifest_Generation[sdk=iphonesimulator*]" = YES;
				"INFOPLIST_KEY_UIApplicationSupportsIndirectInputEvents[sdk=iphoneos*]" = YES;
				"INFOPLIST_KEY_UIApplicationSupportsIndirectInputEvents[sdk=iphonesimulator*]" = YES;
				"INFOPLIST_KEY_UILaunchScreen_Generation[sdk=iphoneos*]" = YES;
				"INFOPLIST_KEY_UILaunchScreen_Generation[sdk=iphonesimulator*]" = YES;
				"INFOPLIST_KEY_UIStatusBarStyle[sdk=iphoneos*]" = UIStatusBarStyleDefault;
				"INFOPLIST_KEY_UIStatusBarStyle[sdk=iphonesimulator*]" = UIStatusBarStyleDefault;
				INFOPLIST_KEY_UISupportedInterfaceOrientations_iPad = "UIInterfaceOrientationPortrait UIInterfaceOrientationPortraitUpsideDown UIInterfaceOrientationLandscapeLeft UIInterfaceOrientationLandscapeRight";
				INFOPLIST_KEY_UISupportedInterfaceOrientations_iPhone = "UIInterfaceOrientationPortrait UIInterfaceOrientationLandscapeLeft UIInterfaceOrientationLandscapeRight";
				IPHONEOS_DEPLOYMENT_TARGET = 17.2;
				LD_RUNPATH_SEARCH_PATHS = "@executable_path/Frameworks";
				"LD_RUNPATH_SEARCH_PATHS[sdk=macosx*]" = "@executable_path/../Frameworks";
				MACOSX_DEPLOYMENT_TARGET = 14.0;
				MARKETING_VERSION = 1.0;
				PRODUCT_BUNDLE_IDENTIFIER = "com.dyerlab.popgraph.Chromosome-Walker";
				PRODUCT_NAME = "$(TARGET_NAME)";
				SDKROOT = auto;
				SUPPORTED_PLATFORMS = "iphoneos iphonesimulator macosx";
				SWIFT_EMIT_LOC_STRINGS = YES;
				SWIFT_VERSION = 5.0;
				TARGETED_DEVICE_FAMILY = "1,2";
			};
			name = Release;
		};
		2A1D8A7A2B8F9F3500B7F062 /* Debug */ = {
			isa = XCBuildConfiguration;
			buildSettings = {
				ALWAYS_EMBED_SWIFT_STANDARD_LIBRARIES = YES;
				BUNDLE_LOADER = "$(TEST_HOST)";
				CODE_SIGN_STYLE = Automatic;
				CURRENT_PROJECT_VERSION = 1;
				DEVELOPMENT_TEAM = 3L9D67FVN7;
				GENERATE_INFOPLIST_FILE = YES;
				IPHONEOS_DEPLOYMENT_TARGET = 17.2;
				MACOSX_DEPLOYMENT_TARGET = 14.2;
				MARKETING_VERSION = 1.0;
				PRODUCT_BUNDLE_IDENTIFIER = "com.dyerlab.popgraph.Chromosome-WalkerTests";
				PRODUCT_NAME = "$(TARGET_NAME)";
				SDKROOT = auto;
				SUPPORTED_PLATFORMS = "iphoneos iphonesimulator macosx";
				SWIFT_EMIT_LOC_STRINGS = NO;
				SWIFT_VERSION = 5.0;
				TARGETED_DEVICE_FAMILY = "1,2";
				TEST_HOST = "$(BUILT_PRODUCTS_DIR)/Chromosome Walker.app/$(BUNDLE_EXECUTABLE_FOLDER_PATH)/Chromosome Walker";
			};
			name = Debug;
		};
		2A1D8A7B2B8F9F3500B7F062 /* Release */ = {
			isa = XCBuildConfiguration;
			buildSettings = {
				ALWAYS_EMBED_SWIFT_STANDARD_LIBRARIES = YES;
				BUNDLE_LOADER = "$(TEST_HOST)";
				CODE_SIGN_STYLE = Automatic;
				CURRENT_PROJECT_VERSION = 1;
				DEVELOPMENT_TEAM = 3L9D67FVN7;
				GENERATE_INFOPLIST_FILE = YES;
				IPHONEOS_DEPLOYMENT_TARGET = 17.2;
				MACOSX_DEPLOYMENT_TARGET = 14.2;
				MARKETING_VERSION = 1.0;
				PRODUCT_BUNDLE_IDENTIFIER = "com.dyerlab.popgraph.Chromosome-WalkerTests";
				PRODUCT_NAME = "$(TARGET_NAME)";
				SDKROOT = auto;
				SUPPORTED_PLATFORMS = "iphoneos iphonesimulator macosx";
				SWIFT_EMIT_LOC_STRINGS = NO;
				SWIFT_VERSION = 5.0;
				TARGETED_DEVICE_FAMILY = "1,2";
				TEST_HOST = "$(BUILT_PRODUCTS_DIR)/Chromosome Walker.app/$(BUNDLE_EXECUTABLE_FOLDER_PATH)/Chromosome Walker";
			};
			name = Release;
		};
		2A1D8A7D2B8F9F3500B7F062 /* Debug */ = {
			isa = XCBuildConfiguration;
			buildSettings = {
				ALWAYS_EMBED_SWIFT_STANDARD_LIBRARIES = YES;
				CODE_SIGN_STYLE = Automatic;
				CURRENT_PROJECT_VERSION = 1;
				DEVELOPMENT_TEAM = 3L9D67FVN7;
				GENERATE_INFOPLIST_FILE = YES;
				IPHONEOS_DEPLOYMENT_TARGET = 17.2;
				MACOSX_DEPLOYMENT_TARGET = 14.2;
				MARKETING_VERSION = 1.0;
				PRODUCT_BUNDLE_IDENTIFIER = "com.dyerlab.popgraph.Chromosome-WalkerUITests";
				PRODUCT_NAME = "$(TARGET_NAME)";
				SDKROOT = auto;
				SUPPORTED_PLATFORMS = "iphoneos iphonesimulator macosx";
				SWIFT_EMIT_LOC_STRINGS = NO;
				SWIFT_VERSION = 5.0;
				TARGETED_DEVICE_FAMILY = "1,2";
				TEST_TARGET_NAME = "Chromosome Walker";
			};
			name = Debug;
		};
		2A1D8A7E2B8F9F3500B7F062 /* Release */ = {
			isa = XCBuildConfiguration;
			buildSettings = {
				ALWAYS_EMBED_SWIFT_STANDARD_LIBRARIES = YES;
				CODE_SIGN_STYLE = Automatic;
				CURRENT_PROJECT_VERSION = 1;
				DEVELOPMENT_TEAM = 3L9D67FVN7;
				GENERATE_INFOPLIST_FILE = YES;
				IPHONEOS_DEPLOYMENT_TARGET = 17.2;
				MACOSX_DEPLOYMENT_TARGET = 14.2;
				MARKETING_VERSION = 1.0;
				PRODUCT_BUNDLE_IDENTIFIER = "com.dyerlab.popgraph.Chromosome-WalkerUITests";
				PRODUCT_NAME = "$(TARGET_NAME)";
				SDKROOT = auto;
				SUPPORTED_PLATFORMS = "iphoneos iphonesimulator macosx";
				SWIFT_EMIT_LOC_STRINGS = NO;
				SWIFT_VERSION = 5.0;
				TARGETED_DEVICE_FAMILY = "1,2";
				TEST_TARGET_NAME = "Chromosome Walker";
			};
			name = Release;
		};
/* End XCBuildConfiguration section */

/* Begin XCConfigurationList section */
		2A1D8A4A2B8F9F3300B7F062 /* Build configuration list for PBXProject "Chromosome Walker" */ = {
			isa = XCConfigurationList;
			buildConfigurations = (
				2A1D8A742B8F9F3500B7F062 /* Debug */,
				2A1D8A752B8F9F3500B7F062 /* Release */,
			);
			defaultConfigurationIsVisible = 0;
			defaultConfigurationName = Release;
		};
		2A1D8A762B8F9F3500B7F062 /* Build configuration list for PBXNativeTarget "Chromosome Walker" */ = {
			isa = XCConfigurationList;
			buildConfigurations = (
				2A1D8A772B8F9F3500B7F062 /* Debug */,
				2A1D8A782B8F9F3500B7F062 /* Release */,
			);
			defaultConfigurationIsVisible = 0;
			defaultConfigurationName = Release;
		};
		2A1D8A792B8F9F3500B7F062 /* Build configuration list for PBXNativeTarget "Chromosome WalkerTests" */ = {
			isa = XCConfigurationList;
			buildConfigurations = (
				2A1D8A7A2B8F9F3500B7F062 /* Debug */,
				2A1D8A7B2B8F9F3500B7F062 /* Release */,
			);
			defaultConfigurationIsVisible = 0;
			defaultConfigurationName = Release;
		};
		2A1D8A7C2B8F9F3500B7F062 /* Build configuration list for PBXNativeTarget "Chromosome WalkerUITests" */ = {
			isa = XCConfigurationList;
			buildConfigurations = (
				2A1D8A7D2B8F9F3500B7F062 /* Debug */,
				2A1D8A7E2B8F9F3500B7F062 /* Release */,
			);
			defaultConfigurationIsVisible = 0;
			defaultConfigurationName = Release;
		};
/* End XCConfigurationList section */
	};
	rootObject = 2A1D8A472B8F9F3300B7F062 /* Project object */;
}
