{
  "originHash" : "04ff457460c49cf3e47ebc434d0be8ef402ac26e06dde2dbb9e030e7d430c39f",
  "pins" : [
    {
      "identity" : "dlmatrix",
      "kind" : "remoteSourceControl",
      "location" : "https://github.com/dyerlab/DLMatrix",
      "state" : {
        "revision" : "a8c4107e19596374f03fa894bef717c3dcc54aca",
        "version" : "1.0.6"
      }
    },
    {
      "identity" : "grape",
      "kind" : "remoteSourceControl",
      "location" : "https://github.com/li3zhen1/Grape",
      "state" : {
        "revision" : "3a64efeed27b266f93390008389372ccd7516232",
        "version" : "0.7.1"
      }
    },
    {
      "identity" : "presentationzen",
      "kind" : "remoteSourceControl",
      "location" : "https://github.com/dyerlab/PresentationZen",
      "state" : {
        "branch" : "main",
        "revision" : "fb7ca6c822d7ef6838328950c62f8ba0990732ee"
      }
    }
  ],
  "version" : 3
}
